{
  "version": 4,
  "terraform_version": "1.15.8",
  "serial": 109,
  "lineage": "fda22fe7-393f-f8c3-1f00-41a2f979c4db",
  "outputs": {
    "available_azs": {
      "value": [
        "us-east-1a",
        "us-east-1b",
        "us-east-1c"
      ],
      "type": [
        "list",
        "string"
      ]
    },
    "ec2_instance_ids": {
      "value": [
        "i-09226cc596f324831",
        "i-0dd52175c21dd9a22"
      ],
      "type": [
        "tuple",
        [
          "string",
          "string"
        ]
      ]
    },
    "ec2_private_ips": {
      "value": [
        "10.10.20.128",
        "10.10.30.216"
      ],
      "type": [
        "tuple",
        [
          "string",
          "string"
        ]
      ]
    },
    "load_balancer_dns": {
      "value": "acme-commerce-nlb-29af961e1b04b608.elb.us-east-1.amazonaws.com",
      "type": "string"
    },
    "private_key": {
      "value": "-----BEGIN OPENSSH PRIVATE KEY-----\nb3BlbnNzaC1rZXktdjEAAAAABG5vbmUAAAAEbm9uZQAAAAAAAAABAAACFwAAAAdz\nc2gtcnNhAAAAAwEAAQAAAgEA6+URSr4Xt7vuGNaTdpe8yxmJ+a7GvRjgqDnEKvUW\ngIetFoZObMEpElTb1lKP+wUtTd1mjWCEzoTqoE+Wxnc7bfyTu0l6WVRxwJEgPPLz\nQ8eqBC9FteB18j2Mb1sUmc4Y/LlDEuLSTd+VKcMqJcinKwtukcPGzTNAY3Ce5q9y\nnJGf/Wwhze4yzihSwULvCnPbXY456uPhCgz75I6Pwg4XvyxtTIedlT51zLh4DZ2f\nW8+sK9Fs29b9QaSzNFxwRWpqCu6bvl8tzwxtYfwA2YS7UWneRCs6BHN2dBypmG4Q\nkdDKnjHY/h7uwKa213QYoc7qM1KgEfuakL+CterrwQ5H28JSnlb/25+vDzlSaWmc\nwOv00sR9prZSQjsKk+WzMjykZkPlA2BdZtR0YVtT8BtWwsWvC1hUdgPEOA3f8N3i\n/OTcAX2IQ8KFzlF1STKJYJQt/IyV+ARgzAQNIgxV7Tgqf0ZSvyjACVdaTcTlr5cj\n1lfTRX+biKCGx08TyVQFbqptDaAZxWk8lc7Qa9Iugz438j44pgSQMJ3KFqtkdQjS\n18r7TXH9uMvGshwFSMCY4ln7uEy4k1UnMeOb/C4quWS7Whqhe/iDs8gB2pKRKGpq\ntoOkLfBILz1f+ORFnYjVnooaE6qtA9suMZKgMBxeomsbDRT10pgmksl98V/JTtpT\ndV8AAAc4pStVQqUrVUIAAAAHc3NoLXJzYQAAAgEA6+URSr4Xt7vuGNaTdpe8yxmJ\n+a7GvRjgqDnEKvUWgIetFoZObMEpElTb1lKP+wUtTd1mjWCEzoTqoE+Wxnc7bfyT\nu0l6WVRxwJEgPPLzQ8eqBC9FteB18j2Mb1sUmc4Y/LlDEuLSTd+VKcMqJcinKwtu\nkcPGzTNAY3Ce5q9ynJGf/Wwhze4yzihSwULvCnPbXY456uPhCgz75I6Pwg4Xvyxt\nTIedlT51zLh4DZ2fW8+sK9Fs29b9QaSzNFxwRWpqCu6bvl8tzwxtYfwA2YS7UWne\nRCs6BHN2dBypmG4QkdDKnjHY/h7uwKa213QYoc7qM1KgEfuakL+CterrwQ5H28JS\nnlb/25+vDzlSaWmcwOv00sR9prZSQjsKk+WzMjykZkPlA2BdZtR0YVtT8BtWwsWv\nC1hUdgPEOA3f8N3i/OTcAX2IQ8KFzlF1STKJYJQt/IyV+ARgzAQNIgxV7Tgqf0ZS\nvyjACVdaTcTlr5cj1lfTRX+biKCGx08TyVQFbqptDaAZxWk8lc7Qa9Iugz438j44\npgSQMJ3KFqtkdQjS18r7TXH9uMvGshwFSMCY4ln7uEy4k1UnMeOb/C4quWS7Whqh\ne/iDs8gB2pKRKGpqtoOkLfBILz1f+ORFnYjVnooaE6qtA9suMZKgMBxeomsbDRT1\n0pgmksl98V/JTtpTdV8AAAADAQABAAACABjQeecw4/HR9RPrzotVHukGgLshJYrS\nyR8pJHeYXIucuhp6ell6YEWrY4zCFp9DRibAuX75vj6zQLMobCXoePny7d9vtU0c\nUvL80TVYITrqD/pstpqRSBb5XoKARESBp6M+Ic4kyhajBF/mRdK/rsYaZ8ExpQIE\n+Cr9t9lwb1AFCZ1w+IVfHz0MhNgLoHWrBlJrGbCZ1BxojT7XuEuji9/yXnUEdxEy\nBtZIOWjFQfQ4flYFq7vce7uiBa/mYXEL5qfLvdpizMDQ/9ik17oJ+mJwDo+BNJMv\nSjCgqz57pYaRPh8yAy+INXlSkD1N2yF6UKyhbnE11GaRnsBgO/iM9gX2S1Six4/H\nYmpCmp52V9WYyIcX87cVcGRJDfHRR9MLH6UJr5tWAc0esYy8s/EZ3gbdk+C0Z3h9\nFg3Iopnfn8PDfRxtzsrBZOpQgk8W87yoIcB7l4CPpDUsa5EQavHarHtTHbwTHsQ/\n1jBBzbFS8IfupOG5od3foCcq5mbbIDzEMcTunvp+QOpJ6c+ELgAFBYPmMoIp/69j\netFF7d88pBr5dCH+fIhymreDNF5rLH5WsJM9fQ3I7Dxa93dBMbOrSss/8k8nuW1E\n/ba8RICysp4PSB3BPTWZcSPVxzkCsNX3R+vUArYRuA0m+cMBHsP1uQP9Y/epharG\nZLCaC/nl/UChAAABAQDVc9cLoF50f57byYrv4R0TPWV+tnsOSRdtAXyQ78lM5xnK\nuZ/u8Prj7FZT3N5OFBEjhOKKCYP/DN5IX6wblIBSOuC3tWOjZ2wEu78vuIVDnlyM\n8osobKelM03SwcCASjOcUNi3jN5X9rD+wPqvyEL2KQfE+CkWmjZrxR8vNQkjHqzJ\na2WHQjb8F6wk1eRJ6r6U7yNr6XZD97AH9mpowJneGO+66MhjPYOdzUZYswAgSAnL\njI9fHe2MjoSh0oBx9AVz9dNg7GRwQ8TMtwdca+nf+Zwiw7RyQsyevSS6xP+EqvpH\n8KohYv4L63CZx3UIpzribNZwI1wJ9ZVcdCUhWP1+AAABAQD9adF1RQcOnCXDzaXW\nsJApz47flUJ/QeTLloZvZkocb166HEk5uJgGeGJNqFuCW87bPe1td5epVxlWbDrh\nhIEpNSPxJVktQglOvVszXfBb0X34FTAhr3DAAul4wH5UYqg0NXmL7XMOq+c+S0R+\nAdN3LZ0E9tL0Sm/90hhNtvJMUrxBTefrnEdTqPXKqkiW0ynPSKKpBrt2iT9p8RQ7\n3CAB9AP8W6KFus8T6oJ3i+UL3zLap4yoJzo6pK3g1RtfmRniQ4HHnRimSN8uapJX\nRh42/uSWdrEGVxCKg4goaiSpEgctObJr+C8VDsW23iDBNfoU3BHEZxOYk4+x7D8D\noWWnAAABAQDuTXj0lh8YmtWqg1AzZ1QDMwJfWEYrDVSLOIguRjXsRMSl6FPAHMhA\nLtD/iMGcWs4N1wBZN70ijpUSyWWLt/+V5Dainw1VVSiy7pr+P25LSMpueoliVH3s\n5Y1Q9yi4nmYf9ojK/FlJtGmlNAkwrlgqz2H66yIySZsCn5McxN9GnUiqoHOdIzhR\nj4ftnXkAKRyp0Qe4c39I44huHgBh5Pt1lcCixKk06/KOdXgZQ0wPGUGQD0VIvO5B\n9rQZKcR0JX+d+zwjqNpRXaSlwdf6zwK6exBpYPJYWnrrp4ps5whk3EOZWuGSVcOM\nPTJwuZP9VdKrb/BNklTIN+E+StTMG1mJAAAAAAEC\n-----END OPENSSH PRIVATE KEY-----\n",
      "type": "string",
      "sensitive": true
    },
    "public_key": {
      "value": "ssh-rsa AAAAB3NzaC1yc2EAAAADAQABAAACAQDr5RFKvhe3u+4Y1pN2l7zLGYn5rsa9GOCoOcQq9RaAh60Whk5swSkSVNvWUo/7BS1N3WaNYITOhOqgT5bGdztt/JO7SXpZVHHAkSA88vNDx6oEL0W14HXyPYxvWxSZzhj8uUMS4tJN35UpwyolyKcrC26Rw8bNM0BjcJ7mr3KckZ/9bCHN7jLOKFLBQu8Kc9tdjjnq4+EKDPvkjo/CDhe/LG1Mh52VPnXMuHgNnZ9bz6wr0Wzb1v1BpLM0XHBFamoK7pu+Xy3PDG1h/ADZhLtRad5EKzoEc3Z0HKmYbhCR0MqeMdj+Hu7AprbXdBihzuozUqAR+5qQv4K16uvBDkfbwlKeVv/bn68POVJpaZzA6/TSxH2mtlJCOwqT5bMyPKRmQ+UDYF1m1HRhW1PwG1bCxa8LWFR2A8Q4Dd/w3eL85NwBfYhDwoXOUXVJMolglC38jJX4BGDMBA0iDFXtOCp/RlK/KMAJV1pNxOWvlyPWV9NFf5uIoIbHTxPJVAVuqm0NoBnFaTyVztBr0i6DPjfyPjimBJAwncoWq2R1CNLXyvtNcf24y8ayHAVIwJjiWfu4TLiTVScx45v8Liq5ZLtaGqF7+IOzyAHakpEoamq2g6Qt8EgvPV/45EWdiNWeihoTqq0D2y4xkqAwHF6iaxsNFPXSmCaSyX3xX8lO2lN1Xw==\n",
      "type": "string",
      "sensitive": true
    }
  },
  "resources": [
    {
      "mode": "data",
      "type": "aws_ami",
      "name": "ubuntu",
      "provider": "provider[\"registry.terraform.io/hashicorp/aws\"]",
      "instances": [
        {
          "schema_version": 0,
          "attributes": {
            "allow_unsafe_filter": null,
            "architecture": "x86_64",
            "arn": "arn:aws:ec2:us-east-1::image/ami-025d99823a4caad37",
            "block_device_mappings": [
              {
                "device_name": "/dev/sda1",
                "ebs": {
                  "delete_on_termination": "true",
                  "encrypted": "false",
                  "iops": "0",
                  "snapshot_id": "snap-061b4b6a8efb44d83",
                  "throughput": "0",
                  "volume_initialization_rate": "0",
                  "volume_size": "8",
                  "volume_type": "gp3"
                },
                "no_device": "",
                "virtual_name": ""
              },
              {
                "device_name": "/dev/sdb",
                "ebs": {},
                "no_device": "",
                "virtual_name": "ephemeral0"
              },
              {
                "device_name": "/dev/sdc",
                "ebs": {},
                "no_device": "",
                "virtual_name": "ephemeral1"
              }
            ],
            "boot_mode": "uefi-preferred",
            "creation_date": "2026-09-04T11:46:14.000Z",
            "deprecation_time": "2028-09-04T11:46:14.000Z",
            "description": "Canonical, Ubuntu, 24.04, amd64 noble image",
            "ena_support": true,
            "executable_users": null,
            "filter": [
              {
                "name": "name",
                "values": [
                  "ubuntu/images/hvm-ssd-gp3/ubuntu-noble-24.04-amd64-server-*"
                ]
              },
              {
                "name": "root-device-type",
                "values": [
                  "ebs"
                ]
              },
              {
                "name": "virtualization-type",
                "values": [
                  "hvm"
                ]
              }
            ],
            "hypervisor": "xen",
            "id": "ami-025d99823a4caad37",
            "image_id": "ami-025d99823a4caad37",
            "image_location": "amazon/ubuntu/images/hvm-ssd-gp3/ubuntu-noble-24.04-amd64-server-20260904",
            "image_owner_alias": "amazon",
            "image_type": "machine",
            "imds_support": "v2.0",
            "include_deprecated": false,
            "kernel_id": "",
            "last_launched_time": "",
            "most_recent": true,
            "name": "ubuntu/images/hvm-ssd-gp3/ubuntu-noble-24.04-amd64-server-20260904",
            "name_regex": null,
            "owner_id": "099720109477",
            "owners": [
              "099720109477"
            ],
            "platform": "",
            "platform_details": "Linux/UNIX",
            "product_codes": [],
            "public": true,
            "ramdisk_id": "",
            "region": "us-east-1",
            "root_device_name": "/dev/sda1",
            "root_device_type": "ebs",
            "root_snapshot_id": "snap-061b4b6a8efb44d83",
            "sriov_net_support": "simple",
            "state": "available",
            "state_reason": {
              "code": "UNSET",
              "message": "UNSET"
            },
            "tags": {},
            "timeouts": null,
            "tpm_support": "",
            "uefi_data": null,
            "usage_operation": "RunInstances",
            "virtualization_type": "hvm"
          },
          "sensitive_attributes": [],
          "identity_schema_version": 0
        }
      ]
    },
    {
      "mode": "data",
      "type": "aws_availability_zones",
      "name": "available",
      "provider": "provider[\"registry.terraform.io/hashicorp/aws\"]",
      "instances": [
        {
          "schema_version": 0,
          "attributes": {
            "all_availability_zones": null,
            "exclude_names": null,
            "exclude_zone_ids": null,
            "filter": null,
            "group_names": [
              "us-east-1-zg-1"
            ],
            "id": "us-east-1",
            "names": [
              "us-east-1a",
              "us-east-1b",
              "us-east-1c",
              "us-east-1d",
              "us-east-1e",
              "us-east-1f"
            ],
            "region": "us-east-1",
            "state": "available",
            "timeouts": null,
            "zone_ids": [
              "use1-az1",
              "use1-az2",
              "use1-az4",
              "use1-az6",
              "use1-az3",
              "use1-az5"
            ]
          },
          "sensitive_attributes": [],
          "identity_schema_version": 0
        }
      ]
    },
    {
      "mode": "managed",
      "type": "aws_eip",
      "name": "nat_gw_eip",
      "provider": "provider[\"registry.terraform.io/hashicorp/aws\"]",
      "instances": [
        {
          "schema_version": 0,
          "attributes": {
            "address": null,
            "allocation_id": "eipalloc-01ea95a0823907afe",
            "arn": "arn:aws:ec2:us-east-1:686255979099:elastic-ip/eipalloc-01ea95a0823907afe",
            "associate_with_private_ip": null,
            "association_id": "eipassoc-070cbea9333fad1a0",
            "carrier_ip": "",
            "customer_owned_ip": "",
            "customer_owned_ipv4_pool": "",
            "domain": "vpc",
            "id": "eipalloc-01ea95a0823907afe",
            "instance": "",
            "ipam_pool_id": "",
            "network_border_group": "us-east-1",
            "network_interface": "eni-073a88f5ba270e211",
            "private_dns": "ip-10-10-1-21.ec2.internal",
            "private_ip": "10.10.1.21",
            "ptr_record": "",
            "public_dns": "ec2-3-220-180-119.compute-1.amazonaws.com",
            "public_ip": "3.220.180.119",
            "public_ipv4_pool": "amazon",
            "region": "us-east-1",
            "tags": {
              "Application": "acme-commerce-web",
              "Company": "Acme Commerce Pvt. Ltd.",
              "Environment": "prod",
              "Name": "aws_nat_gateway_eip"
            },
            "tags_all": {
              "Application": "acme-commerce-web",
              "Company": "Acme Commerce Pvt. Ltd.",
              "Environment": "prod",
              "Name": "aws_nat_gateway_eip"
            },
            "timeouts": null
          },
          "sensitive_attributes": [],
          "identity_schema_version": 0,
          "identity": {
            "account_id": "686255979099",
            "id": "eipalloc-01ea95a0823907afe",
            "region": "us-east-1"
          },
          "private": "eyJlMmJmYjczMC1lY2FhLTExZTYtOGY4OC0zNDM2M2JjN2M0YzAiOnsiZGVsZXRlIjoxODAwMDAwMDAwMDAsInJlYWQiOjkwMDAwMDAwMDAwMCwidXBkYXRlIjozMDAwMDAwMDAwMDB9fQ=="
        }
      ]
    },
    {
      "mode": "managed",
      "type": "aws_instance",
      "name": "web-1-ec2",
      "provider": "provider[\"registry.terraform.io/hashicorp/aws\"]",
      "instances": [
        {
          "index_key": 0,
          "schema_version": 2,
          "attributes": {
            "ami": "ami-025d99823a4caad37",
            "arn": "arn:aws:ec2:us-east-1:686255979099:instance/i-09226cc596f324831",
            "associate_public_ip_address": false,
            "availability_zone": "us-east-1a",
            "capacity_reservation_specification": [
              {
                "capacity_reservation_preference": "open",
                "capacity_reservation_target": []
              }
            ],
            "cpu_options": [
              {
                "amd_sev_snp": "",
                "core_count": 1,
                "nested_virtualization": "",
                "threads_per_core": 1
              }
            ],
            "credit_specification": [
              {
                "cpu_credits": "standard"
              }
            ],
            "disable_api_stop": false,
            "disable_api_termination": false,
            "ebs_block_device": [],
            "ebs_optimized": false,
            "enable_primary_ipv6": null,
            "enclave_options": [
              {
                "enabled": false
              }
            ],
            "ephemeral_block_device": [],
            "force_destroy": false,
            "get_password_data": false,
            "hibernation": false,
            "host_id": "",
            "host_resource_group_arn": null,
            "iam_instance_profile": "",
            "id": "i-09226cc596f324831",
            "instance_initiated_shutdown_behavior": "stop",
            "instance_lifecycle": "",
            "instance_market_options": [],
            "instance_state": "running",
            "instance_type": "t2.micro",
            "ipv6_address_count": 0,
            "ipv6_addresses": [],
            "key_name": "acme-commerce-key",
            "launch_template": [],
            "maintenance_options": [
              {
                "auto_recovery": "default"
              }
            ],
            "metadata_options": [
              {
                "http_endpoint": "enabled",
                "http_protocol_ipv6": "disabled",
                "http_put_response_hop_limit": 2,
                "http_tokens": "required",
                "instance_metadata_tags": "disabled"
              }
            ],
            "monitoring": false,
            "network_interface": [],
            "outpost_arn": "",
            "password_data": "",
            "placement_group": "",
            "placement_group_id": "",
            "placement_partition_number": 0,
            "primary_network_interface": [
              {
                "delete_on_termination": true,
                "network_interface_id": "eni-04894e9ef41838273"
              }
            ],
            "primary_network_interface_id": "eni-04894e9ef41838273",
            "private_dns": "ip-10-10-20-128.ec2.internal",
            "private_dns_name_options": [
              {
                "enable_resource_name_dns_a_record": false,
                "enable_resource_name_dns_aaaa_record": false,
                "hostname_type": "ip-name"
              }
            ],
            "private_ip": "10.10.20.128",
            "public_dns": "",
            "public_ip": "",
            "region": "us-east-1",
            "root_block_device": [
              {
                "delete_on_termination": true,
                "device_name": "/dev/sda1",
                "encrypted": false,
                "iops": 100,
                "kms_key_id": "",
                "tags": {},
                "tags_all": {},
                "throughput": 0,
                "volume_id": "vol-0cb9b5ebf6a1e5725",
                "volume_size": 8,
                "volume_type": "gp2"
              }
            ],
            "secondary_network_interface": [],
            "secondary_private_ips": [],
            "security_groups": [],
            "source_dest_check": true,
            "spot_instance_request_id": "",
            "subnet_id": "subnet-06623d9870f726b69",
            "tags": {
              "Application": "acme-commerce-web",
              "Company": "Acme Commerce Pvt. Ltd.",
              "Environment": "prod",
              "Name": "web-ec2-1"
            },
            "tags_all": {
              "Application": "acme-commerce-web",
              "Company": "Acme Commerce Pvt. Ltd.",
              "Environment": "prod",
              "Name": "web-ec2-1"
            },
            "tenancy": "default",
            "timeouts": null,
            "user_data": "#!/bin/bash\n\n# Update packages\napt-get update -y\n# Install Nginx\napt-get install -y nginx\n\n# Create website\ncat \u003e /var/www/html/index.html \u003c\u003c'HTML'\n\u003c!DOCTYPE html\u003e\n\u003chtml lang=\"en\"\u003e\n\n\u003chead\u003e\n  \u003cmeta charset=\"UTF-8\"\u003e\n  \u003cmeta name=\"viewport\" content=\"width=device-width, initial-scale=1.0\"\u003e\n\n  \u003ctitle\u003ePriyanshu | Cloud \u0026 DevOps\u003c/title\u003e\n\n  \u003cstyle\u003e\n    * {\n      margin: 0;\n      padding: 0;\n      box-sizing: border-box;\n    }\n\n    body {\n      min-height: 100vh;\n      display: flex;\n      align-items: center;\n      justify-content: center;\n      padding: 30px;\n\n      font-family: Arial, Helvetica, sans-serif;\n      color: white;\n\n      background:\n        radial-gradient(\n          circle at 15% 20%,\n          #4f46e5,\n          transparent 35%\n        ),\n        radial-gradient(\n          circle at 85% 80%,\n          #06b6d4,\n          transparent 35%\n        ),\n        #020617;\n    }\n\n    .card {\n      width: 100%;\n      max-width: 850px;\n\n      padding: 55px;\n\n      text-align: center;\n\n      background: rgba(255, 255, 255, 0.08);\n\n      border: 1px solid rgba(255, 255, 255, 0.15);\n\n      border-radius: 28px;\n\n      backdrop-filter: blur(18px);\n\n      box-shadow:\n        0 25px 70px rgba(0, 0, 0, 0.45);\n    }\n\n    .profile {\n      width: 120px;\n      height: 120px;\n\n      margin: 0 auto 25px;\n\n      display: flex;\n      align-items: center;\n      justify-content: center;\n\n      border-radius: 50%;\n\n      font-size: 48px;\n      font-weight: bold;\n\n      background:\n        linear-gradient(\n          135deg,\n          #6366f1,\n          #06b6d4\n        );\n\n      box-shadow:\n        0 10px 35px rgba(6, 182, 212, 0.35);\n    }\n\n    .status {\n      display: inline-flex;\n      align-items: center;\n      gap: 8px;\n\n      padding: 8px 16px;\n      margin-bottom: 22px;\n\n      border-radius: 50px;\n\n      color: #86efac;\n\n      background: rgba(34, 197, 94, 0.12);\n    }\n\n    .dot {\n      width: 9px;\n      height: 9px;\n\n      border-radius: 50%;\n\n      background: #22c55e;\n\n      box-shadow:\n        0 0 12px #22c55e;\n    }\n\n    h1 {\n      font-size: 48px;\n      margin-bottom: 12px;\n    }\n\n    .subtitle {\n      font-size: 21px;\n      color: #cbd5e1;\n      margin-bottom: 30px;\n    }\n\n    .intro {\n      max-width: 700px;\n\n      margin: auto;\n\n      line-height: 1.8;\n\n      font-size: 17px;\n\n      color: #e2e8f0;\n    }\n\n    .aws {\n      color: #fbbf24;\n      font-weight: bold;\n    }\n\n    .skills {\n      display: flex;\n      flex-wrap: wrap;\n\n      justify-content: center;\n\n      gap: 12px;\n\n      margin-top: 35px;\n    }\n\n    .skill {\n      padding: 10px 18px;\n\n      border-radius: 50px;\n\n      color: #e0f2fe;\n\n      background: rgba(255,255,255,0.08);\n\n      border: 1px solid rgba(255,255,255,0.15);\n    }\n\n    .footer {\n      margin-top: 35px;\n\n      color: #94a3b8;\n\n      font-size: 14px;\n    }\n\n    @media (max-width: 600px) {\n      .card {\n        padding: 35px 22px;\n      }\n\n      h1 {\n        font-size: 36px;\n      }\n    }\n  \u003c/style\u003e\n\u003c/head\u003e\n\n\u003cbody\u003e\n\n  \u003cdiv class=\"card\"\u003e\n\n    \u003cdiv class=\"profile\"\u003e\n      P\n    \u003c/div\u003e\n\n    \u003cdiv class=\"status\"\u003e\n      \u003cspan class=\"dot\"\u003e\u003c/span\u003e\n      Nginx Server Online\n    \u003c/div\u003e\n\n    \u003ch1\u003e\n      Hello, I'm Priyanshu 👋\n    \u003c/h1\u003e\n\n    \u003cdiv class=\"subtitle\"\u003e\n      Cloud \u0026 DevOps Enthusiast\n    \u003c/div\u003e\n\n    \u003cp class=\"intro\"\u003e\n      Welcome to my personal website!\n\n      I am passionate about Cloud Computing,\n      Infrastructure, Automation and DevOps.\n\n      I am currently working with\n      \u003cspan class=\"aws\"\u003eAWS\u003c/span\u003e,\n      Terraform, Linux, Docker and\n      modern cloud technologies.\n    \u003c/p\u003e\n\n    \u003cdiv class=\"skills\"\u003e\n\n      \u003cdiv class=\"skill\"\u003e\n        ☁️ AWS\n      \u003c/div\u003e\n\n      \u003cdiv class=\"skill\"\u003e\n        ⚙️ Terraform\n      \u003c/div\u003e\n\n      \u003cdiv class=\"skill\"\u003e\n        🐧 Linux\n      \u003c/div\u003e\n\n      \u003cdiv class=\"skill\"\u003e\n        🐳 Docker\n      \u003c/div\u003e\n\n      \u003cdiv class=\"skill\"\u003e\n        🚀 DevOps\n      \u003c/div\u003e\n\n      \u003cdiv class=\"skill\"\u003e\n        🌐 Nginx\n      \u003c/div\u003e\n\n    \u003c/div\u003e\n\n    \u003cdiv class=\"footer\"\u003e\n      Deployed automatically using Terraform 🚀\n    \u003c/div\u003e\n\n  \u003c/div\u003e\n\n\u003c/body\u003e\n\u003c/html\u003e\nHTML\n\n# Make sure Nginx is enabled and running\nsystemctl enable nginx\nsystemctl restart nginx\n\n",
            "user_data_base64": null,
            "user_data_replace_on_change": false,
            "volume_tags": null,
            "vpc_security_group_ids": [
              "sg-024ed3ecbbf87ae6b"
            ]
          },
          "sensitive_attributes": [],
          "identity_schema_version": 0,
          "identity": {
            "account_id": "686255979099",
            "id": "i-09226cc596f324831",
            "region": "us-east-1"
          },
          "private": "eyJlMmJmYjczMC1lY2FhLTExZTYtOGY4OC0zNDM2M2JjN2M0YzAiOnsiY3JlYXRlIjo2MDAwMDAwMDAwMDAsImRlbGV0ZSI6MTIwMDAwMDAwMDAwMCwicmVhZCI6OTAwMDAwMDAwMDAwLCJ1cGRhdGUiOjYwMDAwMDAwMDAwMH0sInNjaGVtYV92ZXJzaW9uIjoiMiJ9",
          "dependencies": [
            "aws_security_group.lb_sg",
            "aws_security_group.web_sg",
            "aws_subnet.private_subnets",
            "aws_vpc.main",
            "data.aws_ami.ubuntu",
            "data.aws_availability_zones.available"
          ]
        },
        {
          "index_key": 1,
          "schema_version": 2,
          "attributes": {
            "ami": "ami-025d99823a4caad37",
            "arn": "arn:aws:ec2:us-east-1:686255979099:instance/i-0dd52175c21dd9a22",
            "associate_public_ip_address": false,
            "availability_zone": "us-east-1b",
            "capacity_reservation_specification": [
              {
                "capacity_reservation_preference": "open",
                "capacity_reservation_target": []
              }
            ],
            "cpu_options": [
              {
                "amd_sev_snp": "",
                "core_count": 1,
                "nested_virtualization": "",
                "threads_per_core": 1
              }
            ],
            "credit_specification": [
              {
                "cpu_credits": "standard"
              }
            ],
            "disable_api_stop": false,
            "disable_api_termination": false,
            "ebs_block_device": [],
            "ebs_optimized": false,
            "enable_primary_ipv6": null,
            "enclave_options": [
              {
                "enabled": false
              }
            ],
            "ephemeral_block_device": [],
            "force_destroy": false,
            "get_password_data": false,
            "hibernation": false,
            "host_id": "",
            "host_resource_group_arn": null,
            "iam_instance_profile": "",
            "id": "i-0dd52175c21dd9a22",
            "instance_initiated_shutdown_behavior": "stop",
            "instance_lifecycle": "",
            "instance_market_options": [],
            "instance_state": "running",
            "instance_type": "t2.micro",
            "ipv6_address_count": 0,
            "ipv6_addresses": [],
            "key_name": "acme-commerce-key",
            "launch_template": [],
            "maintenance_options": [
              {
                "auto_recovery": "default"
              }
            ],
            "metadata_options": [
              {
                "http_endpoint": "enabled",
                "http_protocol_ipv6": "disabled",
                "http_put_response_hop_limit": 2,
                "http_tokens": "required",
                "instance_metadata_tags": "disabled"
              }
            ],
            "monitoring": false,
            "network_interface": [],
            "outpost_arn": "",
            "password_data": "",
            "placement_group": "",
            "placement_group_id": "",
            "placement_partition_number": 0,
            "primary_network_interface": [
              {
                "delete_on_termination": true,
                "network_interface_id": "eni-05c8f9aa09c8ec1a8"
              }
            ],
            "primary_network_interface_id": "eni-05c8f9aa09c8ec1a8",
            "private_dns": "ip-10-10-30-216.ec2.internal",
            "private_dns_name_options": [
              {
                "enable_resource_name_dns_a_record": false,
                "enable_resource_name_dns_aaaa_record": false,
                "hostname_type": "ip-name"
              }
            ],
            "private_ip": "10.10.30.216",
            "public_dns": "",
            "public_ip": "",
            "region": "us-east-1",
            "root_block_device": [
              {
                "delete_on_termination": true,
                "device_name": "/dev/sda1",
                "encrypted": false,
                "iops": 100,
                "kms_key_id": "",
                "tags": {},
                "tags_all": {},
                "throughput": 0,
                "volume_id": "vol-01ed6b5b8233e9261",
                "volume_size": 8,
                "volume_type": "gp2"
              }
            ],
            "secondary_network_interface": [],
            "secondary_private_ips": [],
            "security_groups": [],
            "source_dest_check": true,
            "spot_instance_request_id": "",
            "subnet_id": "subnet-010b9682565cc34a9",
            "tags": {
              "Application": "acme-commerce-web",
              "Company": "Acme Commerce Pvt. Ltd.",
              "Environment": "prod",
              "Name": "web-ec2-2"
            },
            "tags_all": {
              "Application": "acme-commerce-web",
              "Company": "Acme Commerce Pvt. Ltd.",
              "Environment": "prod",
              "Name": "web-ec2-2"
            },
            "tenancy": "default",
            "timeouts": null,
            "user_data": "#!/bin/bash\n\n# Update packages\napt-get update -y\n# Install Nginx\napt-get install -y nginx\n\n# Create website\ncat \u003e /var/www/html/index.html \u003c\u003c'HTML'\n\u003c!DOCTYPE html\u003e\n\u003chtml lang=\"en\"\u003e\n\n\u003chead\u003e\n  \u003cmeta charset=\"UTF-8\"\u003e\n  \u003cmeta name=\"viewport\" content=\"width=device-width, initial-scale=1.0\"\u003e\n\n  \u003ctitle\u003ePriyanshu | Cloud \u0026 DevOps\u003c/title\u003e\n\n  \u003cstyle\u003e\n    * {\n      margin: 0;\n      padding: 0;\n      box-sizing: border-box;\n    }\n\n    body {\n      min-height: 100vh;\n      display: flex;\n      align-items: center;\n      justify-content: center;\n      padding: 30px;\n\n      font-family: Arial, Helvetica, sans-serif;\n      color: white;\n\n      background:\n        radial-gradient(\n          circle at 15% 20%,\n          #4f46e5,\n          transparent 35%\n        ),\n        radial-gradient(\n          circle at 85% 80%,\n          #06b6d4,\n          transparent 35%\n        ),\n        #020617;\n    }\n\n    .card {\n      width: 100%;\n      max-width: 850px;\n\n      padding: 55px;\n\n      text-align: center;\n\n      background: rgba(255, 255, 255, 0.08);\n\n      border: 1px solid rgba(255, 255, 255, 0.15);\n\n      border-radius: 28px;\n\n      backdrop-filter: blur(18px);\n\n      box-shadow:\n        0 25px 70px rgba(0, 0, 0, 0.45);\n    }\n\n    .profile {\n      width: 120px;\n      height: 120px;\n\n      margin: 0 auto 25px;\n\n      display: flex;\n      align-items: center;\n      justify-content: center;\n\n      border-radius: 50%;\n\n      font-size: 48px;\n      font-weight: bold;\n\n      background:\n        linear-gradient(\n          135deg,\n          #6366f1,\n          #06b6d4\n        );\n\n      box-shadow:\n        0 10px 35px rgba(6, 182, 212, 0.35);\n    }\n\n    .status {\n      display: inline-flex;\n      align-items: center;\n      gap: 8px;\n\n      padding: 8px 16px;\n      margin-bottom: 22px;\n\n      border-radius: 50px;\n\n      color: #86efac;\n\n      background: rgba(34, 197, 94, 0.12);\n    }\n\n    .dot {\n      width: 9px;\n      height: 9px;\n\n      border-radius: 50%;\n\n      background: #22c55e;\n\n      box-shadow:\n        0 0 12px #22c55e;\n    }\n\n    h1 {\n      font-size: 48px;\n      margin-bottom: 12px;\n    }\n\n    .subtitle {\n      font-size: 21px;\n      color: #cbd5e1;\n      margin-bottom: 30px;\n    }\n\n    .intro {\n      max-width: 700px;\n\n      margin: auto;\n\n      line-height: 1.8;\n\n      font-size: 17px;\n\n      color: #e2e8f0;\n    }\n\n    .aws {\n      color: #fbbf24;\n      font-weight: bold;\n    }\n\n    .skills {\n      display: flex;\n      flex-wrap: wrap;\n\n      justify-content: center;\n\n      gap: 12px;\n\n      margin-top: 35px;\n    }\n\n    .skill {\n      padding: 10px 18px;\n\n      border-radius: 50px;\n\n      color: #e0f2fe;\n\n      background: rgba(255,255,255,0.08);\n\n      border: 1px solid rgba(255,255,255,0.15);\n    }\n\n    .footer {\n      margin-top: 35px;\n\n      color: #94a3b8;\n\n      font-size: 14px;\n    }\n\n    @media (max-width: 600px) {\n      .card {\n        padding: 35px 22px;\n      }\n\n      h1 {\n        font-size: 36px;\n      }\n    }\n  \u003c/style\u003e\n\u003c/head\u003e\n\n\u003cbody\u003e\n\n  \u003cdiv class=\"card\"\u003e\n\n    \u003cdiv class=\"profile\"\u003e\n      P\n    \u003c/div\u003e\n\n    \u003cdiv class=\"status\"\u003e\n      \u003cspan class=\"dot\"\u003e\u003c/span\u003e\n      Nginx Server Online\n    \u003c/div\u003e\n\n    \u003ch1\u003e\n      Hello, I'm Priyanshu 👋\n    \u003c/h1\u003e\n\n    \u003cdiv class=\"subtitle\"\u003e\n      Cloud \u0026 DevOps Enthusiast\n    \u003c/div\u003e\n\n    \u003cp class=\"intro\"\u003e\n      Welcome to my personal website!\n\n      I am passionate about Cloud Computing,\n      Infrastructure, Automation and DevOps.\n\n      I am currently working with\n      \u003cspan class=\"aws\"\u003eAWS\u003c/span\u003e,\n      Terraform, Linux, Docker and\n      modern cloud technologies.\n    \u003c/p\u003e\n\n    \u003cdiv class=\"skills\"\u003e\n\n      \u003cdiv class=\"skill\"\u003e\n        ☁️ AWS\n      \u003c/div\u003e\n\n      \u003cdiv class=\"skill\"\u003e\n        ⚙️ Terraform\n      \u003c/div\u003e\n\n      \u003cdiv class=\"skill\"\u003e\n        🐧 Linux\n      \u003c/div\u003e\n\n      \u003cdiv class=\"skill\"\u003e\n        🐳 Docker\n      \u003c/div\u003e\n\n      \u003cdiv class=\"skill\"\u003e\n        🚀 DevOps\n      \u003c/div\u003e\n\n      \u003cdiv class=\"skill\"\u003e\n        🌐 Nginx\n      \u003c/div\u003e\n\n    \u003c/div\u003e\n\n    \u003cdiv class=\"footer\"\u003e\n      Deployed automatically using Terraform 🚀\n    \u003c/div\u003e\n\n  \u003c/div\u003e\n\n\u003c/body\u003e\n\u003c/html\u003e\nHTML\n\n# Make sure Nginx is enabled and running\nsystemctl enable nginx\nsystemctl restart nginx\n\n",
            "user_data_base64": null,
            "user_data_replace_on_change": false,
            "volume_tags": null,
            "vpc_security_group_ids": [
              "sg-024ed3ecbbf87ae6b"
            ]
          },
          "sensitive_attributes": [],
          "identity_schema_version": 0,
          "identity": {
            "account_id": "686255979099",
            "id": "i-0dd52175c21dd9a22",
            "region": "us-east-1"
          },
          "private": "eyJlMmJmYjczMC1lY2FhLTExZTYtOGY4OC0zNDM2M2JjN2M0YzAiOnsiY3JlYXRlIjo2MDAwMDAwMDAwMDAsImRlbGV0ZSI6MTIwMDAwMDAwMDAwMCwicmVhZCI6OTAwMDAwMDAwMDAwLCJ1cGRhdGUiOjYwMDAwMDAwMDAwMH0sInNjaGVtYV92ZXJzaW9uIjoiMiJ9",
          "dependencies": [
            "aws_security_group.lb_sg",
            "aws_security_group.web_sg",
            "aws_subnet.private_subnets",
            "aws_vpc.main",
            "data.aws_ami.ubuntu",
            "data.aws_availability_zones.available"
          ]
        }
      ]
    },
    {
      "mode": "managed",
      "type": "aws_internet_gateway",
      "name": "igw",
      "provider": "provider[\"registry.terraform.io/hashicorp/aws\"]",
      "instances": [
        {
          "schema_version": 0,
          "attributes": {
            "arn": "arn:aws:ec2:us-east-1:686255979099:internet-gateway/igw-0640c984b1d93fc70",
            "id": "igw-0640c984b1d93fc70",
            "owner_id": "686255979099",
            "region": "us-east-1",
            "tags": {
              "Application": "acme-commerce-web",
              "Company": "Acme Commerce Pvt. Ltd.",
              "Environment": "prod",
              "Name": "Acme Commerce Pvt. Ltd.-igw"
            },
            "tags_all": {
              "Application": "acme-commerce-web",
              "Company": "Acme Commerce Pvt. Ltd.",
              "Environment": "prod",
              "Name": "Acme Commerce Pvt. Ltd.-igw"
            },
            "timeouts": null,
            "vpc_id": "vpc-09c6bbd1f1d49fe74"
          },
          "sensitive_attributes": [],
          "identity_schema_version": 0,
          "identity": {
            "account_id": "686255979099",
            "id": "igw-0640c984b1d93fc70",
            "region": "us-east-1"
          },
          "private": "eyJlMmJmYjczMC1lY2FhLTExZTYtOGY4OC0zNDM2M2JjN2M0YzAiOnsiY3JlYXRlIjoxMjAwMDAwMDAwMDAwLCJkZWxldGUiOjEyMDAwMDAwMDAwMDAsInVwZGF0ZSI6MTIwMDAwMDAwMDAwMH19",
          "dependencies": [
            "aws_vpc.main"
          ]
        }
      ]
    },
    {
      "mode": "managed",
      "type": "aws_key_pair",
      "name": "ec2_key_pair",
      "provider": "provider[\"registry.terraform.io/hashicorp/aws\"]",
      "instances": [
        {
          "schema_version": 1,
          "attributes": {
            "arn": "arn:aws:ec2:us-east-1:686255979099:key-pair/acme-commerce-key",
            "fingerprint": "46:45:88:22:ff:79:27:d3:9e:de:25:89:7f:4e:68:5b",
            "id": "acme-commerce-key",
            "key_name": "acme-commerce-key",
            "key_name_prefix": "",
            "key_pair_id": "key-0e9ac34acf13426e7",
            "key_type": "rsa",
            "public_key": "ssh-rsa AAAAB3NzaC1yc2EAAAADAQABAAACAQDr5RFKvhe3u+4Y1pN2l7zLGYn5rsa9GOCoOcQq9RaAh60Whk5swSkSVNvWUo/7BS1N3WaNYITOhOqgT5bGdztt/JO7SXpZVHHAkSA88vNDx6oEL0W14HXyPYxvWxSZzhj8uUMS4tJN35UpwyolyKcrC26Rw8bNM0BjcJ7mr3KckZ/9bCHN7jLOKFLBQu8Kc9tdjjnq4+EKDPvkjo/CDhe/LG1Mh52VPnXMuHgNnZ9bz6wr0Wzb1v1BpLM0XHBFamoK7pu+Xy3PDG1h/ADZhLtRad5EKzoEc3Z0HKmYbhCR0MqeMdj+Hu7AprbXdBihzuozUqAR+5qQv4K16uvBDkfbwlKeVv/bn68POVJpaZzA6/TSxH2mtlJCOwqT5bMyPKRmQ+UDYF1m1HRhW1PwG1bCxa8LWFR2A8Q4Dd/w3eL85NwBfYhDwoXOUXVJMolglC38jJX4BGDMBA0iDFXtOCp/RlK/KMAJV1pNxOWvlyPWV9NFf5uIoIbHTxPJVAVuqm0NoBnFaTyVztBr0i6DPjfyPjimBJAwncoWq2R1CNLXyvtNcf24y8ayHAVIwJjiWfu4TLiTVScx45v8Liq5ZLtaGqF7+IOzyAHakpEoamq2g6Qt8EgvPV/45EWdiNWeihoTqq0D2y4xkqAwHF6iaxsNFPXSmCaSyX3xX8lO2lN1Xw==",
            "region": "us-east-1",
            "tags": {},
            "tags_all": {}
          },
          "sensitive_attributes": [],
          "identity_schema_version": 0,
          "private": "eyJzY2hlbWFfdmVyc2lvbiI6IjEifQ==",
          "dependencies": [
            "tls_private_key.ec2_key"
          ]
        }
      ]
    },
    {
      "mode": "managed",
      "type": "aws_lb",
      "name": "nlb",
      "provider": "provider[\"registry.terraform.io/hashicorp/aws\"]",
      "instances": [
        {
          "schema_version": 0,
          "attributes": {
            "access_logs": [
              {
                "bucket": "",
                "enabled": false,
                "prefix": ""
              }
            ],
            "arn": "arn:aws:elasticloadbalancing:us-east-1:686255979099:loadbalancer/net/acme-commerce-nlb/29af961e1b04b608",
            "arn_suffix": "net/acme-commerce-nlb/29af961e1b04b608",
            "client_keep_alive": null,
            "connection_logs": [],
            "customer_owned_ipv4_pool": "",
            "desync_mitigation_mode": null,
            "dns_name": "acme-commerce-nlb-29af961e1b04b608.elb.us-east-1.amazonaws.com",
            "dns_record_client_routing_policy": "any_availability_zone",
            "drop_invalid_header_fields": null,
            "enable_cross_zone_load_balancing": true,
            "enable_deletion_protection": false,
            "enable_http2": null,
            "enable_prefix_for_ipv6_source_nat": "off",
            "enable_tls_version_and_cipher_suite_headers": null,
            "enable_waf_fail_open": null,
            "enable_xff_client_port": null,
            "enable_zonal_shift": false,
            "enforce_security_group_inbound_rules_on_private_link_traffic": "",
            "health_check_logs": [],
            "id": "arn:aws:elasticloadbalancing:us-east-1:686255979099:loadbalancer/net/acme-commerce-nlb/29af961e1b04b608",
            "idle_timeout": null,
            "internal": false,
            "ip_address_type": "ipv4",
            "ipam_pools": [],
            "load_balancer_type": "network",
            "minimum_load_balancer_capacity": [],
            "name": "acme-commerce-nlb",
            "name_prefix": "",
            "preserve_host_header": null,
            "region": "us-east-1",
            "secondary_ips_auto_assigned_per_subnet": 0,
            "security_groups": [
              "sg-0c40823c4121db655"
            ],
            "subnet_mapping": [
              {
                "allocation_id": "",
                "ipv6_address": "",
                "outpost_id": "",
                "private_ipv4_address": "",
                "subnet_id": "subnet-00448f15bdfcc75cc"
              },
              {
                "allocation_id": "",
                "ipv6_address": "",
                "outpost_id": "",
                "private_ipv4_address": "",
                "subnet_id": "subnet-022eaacfd42ccb987"
              }
            ],
            "subnets": [
              "subnet-00448f15bdfcc75cc",
              "subnet-022eaacfd42ccb987"
            ],
            "tags": {
              "Application": "acme-commerce-web",
              "Company": "Acme Commerce Pvt. Ltd.",
              "Environment": "prod",
              "Name": "acme-commerce-lb"
            },
            "tags_all": {
              "Application": "acme-commerce-web",
              "Company": "Acme Commerce Pvt. Ltd.",
              "Environment": "prod",
              "Name": "acme-commerce-lb"
            },
            "timeouts": null,
            "vpc_id": "vpc-09c6bbd1f1d49fe74",
            "xff_header_processing_mode": null,
            "zone_id": "Z26RNL4JYFTOTI"
          },
          "sensitive_attributes": [],
          "identity_schema_version": 0,
          "identity": {
            "arn": "arn:aws:elasticloadbalancing:us-east-1:686255979099:loadbalancer/net/acme-commerce-nlb/29af961e1b04b608"
          },
          "private": "eyJlMmJmYjczMC1lY2FhLTExZTYtOGY4OC0zNDM2M2JjN2M0YzAiOnsiY3JlYXRlIjo2MDAwMDAwMDAwMDAsImRlbGV0ZSI6NjAwMDAwMDAwMDAwLCJ1cGRhdGUiOjYwMDAwMDAwMDAwMH19",
          "dependencies": [
            "aws_security_group.lb_sg",
            "aws_subnet.public_subnet",
            "aws_vpc.main",
            "data.aws_availability_zones.available"
          ]
        }
      ]
    },
    {
      "mode": "managed",
      "type": "aws_lb_listener",
      "name": "nlb_listener",
      "provider": "provider[\"registry.terraform.io/hashicorp/aws\"]",
      "instances": [
        {
          "schema_version": 0,
          "attributes": {
            "alpn_policy": null,
            "arn": "arn:aws:elasticloadbalancing:us-east-1:686255979099:listener/net/acme-commerce-nlb/29af961e1b04b608/716a16e2e0750273",
            "certificate_arn": null,
            "default_action": [
              {
                "authenticate_cognito": [],
                "authenticate_oidc": [],
                "fixed_response": [],
                "forward": [],
                "jwt_validation": [],
                "order": 1,
                "redirect": [],
                "target_group_arn": "arn:aws:elasticloadbalancing:us-east-1:686255979099:targetgroup/acme-commerce-tg/a17a314799853503",
                "type": "forward"
              }
            ],
            "id": "arn:aws:elasticloadbalancing:us-east-1:686255979099:listener/net/acme-commerce-nlb/29af961e1b04b608/716a16e2e0750273",
            "load_balancer_arn": "arn:aws:elasticloadbalancing:us-east-1:686255979099:loadbalancer/net/acme-commerce-nlb/29af961e1b04b608",
            "mutual_authentication": [],
            "port": 80,
            "protocol": "TCP",
            "region": "us-east-1",
            "routing_http_request_x_amzn_mtls_clientcert_header_name": null,
            "routing_http_request_x_amzn_mtls_clientcert_issuer_header_name": null,
            "routing_http_request_x_amzn_mtls_clientcert_leaf_header_name": null,
            "routing_http_request_x_amzn_mtls_clientcert_serial_number_header_name": null,
            "routing_http_request_x_amzn_mtls_clientcert_subject_header_name": null,
            "routing_http_request_x_amzn_mtls_clientcert_validity_header_name": null,
            "routing_http_request_x_amzn_tls_cipher_suite_header_name": null,
            "routing_http_request_x_amzn_tls_version_header_name": null,
            "routing_http_response_access_control_allow_credentials_header_value": null,
            "routing_http_response_access_control_allow_headers_header_value": null,
            "routing_http_response_access_control_allow_methods_header_value": null,
            "routing_http_response_access_control_allow_origin_header_value": null,
            "routing_http_response_access_control_expose_headers_header_value": null,
            "routing_http_response_access_control_max_age_header_value": null,
            "routing_http_response_content_security_policy_header_value": null,
            "routing_http_response_server_enabled": null,
            "routing_http_response_strict_transport_security_header_value": null,
            "routing_http_response_x_content_type_options_header_value": null,
            "routing_http_response_x_frame_options_header_value": null,
            "ssl_policy": "",
            "tags": {},
            "tags_all": {},
            "tcp_idle_timeout_seconds": 350,
            "timeouts": null
          },
          "sensitive_attributes": [],
          "identity_schema_version": 0,
          "identity": {
            "arn": "arn:aws:elasticloadbalancing:us-east-1:686255979099:listener/net/acme-commerce-nlb/29af961e1b04b608/716a16e2e0750273"
          },
          "private": "eyJlMmJmYjczMC1lY2FhLTExZTYtOGY4OC0zNDM2M2JjN2M0YzAiOnsiY3JlYXRlIjozMDAwMDAwMDAwMDAsInVwZGF0ZSI6MzAwMDAwMDAwMDAwfX0=",
          "dependencies": [
            "aws_lb.nlb",
            "aws_lb_target_group.aws_lb",
            "aws_security_group.lb_sg",
            "aws_subnet.public_subnet",
            "aws_vpc.main",
            "data.aws_availability_zones.available"
          ]
        }
      ]
    },
    {
      "mode": "managed",
      "type": "aws_lb_target_group",
      "name": "aws_lb",
      "provider": "provider[\"registry.terraform.io/hashicorp/aws\"]",
      "instances": [
        {
          "schema_version": 0,
          "attributes": {
            "arn": "arn:aws:elasticloadbalancing:us-east-1:686255979099:targetgroup/acme-commerce-tg/a17a314799853503",
            "arn_suffix": "targetgroup/acme-commerce-tg/a17a314799853503",
            "connection_termination": false,
            "deregistration_delay": "300",
            "health_check": [
              {
                "enabled": true,
                "healthy_threshold": 2,
                "interval": 5,
                "matcher": "",
                "path": "",
                "port": "traffic-port",
                "protocol": "TCP",
                "timeout": 3,
                "unhealthy_threshold": 2
              }
            ],
            "id": "arn:aws:elasticloadbalancing:us-east-1:686255979099:targetgroup/acme-commerce-tg/a17a314799853503",
            "ip_address_type": "ipv4",
            "lambda_multi_value_headers_enabled": false,
            "load_balancer_arns": [
              "arn:aws:elasticloadbalancing:us-east-1:686255979099:loadbalancer/net/acme-commerce-nlb/29af961e1b04b608"
            ],
            "load_balancing_algorithm_type": null,
            "load_balancing_anomaly_mitigation": null,
            "load_balancing_cross_zone_enabled": "use_load_balancer_configuration",
            "name": "acme-commerce-tg",
            "name_prefix": "",
            "port": 80,
            "preserve_client_ip": "true",
            "protocol": "TCP",
            "protocol_version": null,
            "proxy_protocol_v2": false,
            "region": "us-east-1",
            "slow_start": 0,
            "stickiness": [
              {
                "cookie_duration": 0,
                "cookie_name": "",
                "enabled": false,
                "type": "source_ip"
              }
            ],
            "tags": {},
            "tags_all": {},
            "target_control_port": 0,
            "target_failover": [
              {
                "on_deregistration": null,
                "on_unhealthy": null
              }
            ],
            "target_group_health": [
              {
                "dns_failover": [
                  {
                    "minimum_healthy_targets_count": "1",
                    "minimum_healthy_targets_percentage": "off"
                  }
                ],
                "unhealthy_state_routing": [
                  {
                    "minimum_healthy_targets_count": 1,
                    "minimum_healthy_targets_percentage": "off"
                  }
                ]
              }
            ],
            "target_health_state": [
              {
                "enable_unhealthy_connection_termination": true,
                "unhealthy_draining_interval": 0
              }
            ],
            "target_type": "instance",
            "vpc_id": "vpc-09c6bbd1f1d49fe74"
          },
          "sensitive_attributes": [],
          "identity_schema_version": 0,
          "identity": {
            "arn": "arn:aws:elasticloadbalancing:us-east-1:686255979099:targetgroup/acme-commerce-tg/a17a314799853503"
          },
          "private": "bnVsbA==",
          "dependencies": [
            "aws_vpc.main"
          ]
        }
      ]
    },
    {
      "mode": "managed",
      "type": "aws_lb_target_group_attachment",
      "name": "web-ec2-attachment",
      "provider": "provider[\"registry.terraform.io/hashicorp/aws\"]",
      "instances": [
        {
          "index_key": 0,
          "schema_version": 0,
          "attributes": {
            "availability_zone": null,
            "id": "arn:aws:elasticloadbalancing:us-east-1:686255979099:targetgroup/acme-commerce-tg/a17a314799853503,i-09226cc596f324831,80",
            "port": 80,
            "quic_server_id": null,
            "region": "us-east-1",
            "target_group_arn": "arn:aws:elasticloadbalancing:us-east-1:686255979099:targetgroup/acme-commerce-tg/a17a314799853503",
            "target_id": "i-09226cc596f324831"
          },
          "sensitive_attributes": [],
          "identity_schema_version": 0,
          "identity": {
            "account_id": "686255979099",
            "availability_zone": null,
            "port": 80,
            "quic_server_id": null,
            "region": "us-east-1",
            "target_group_arn": "arn:aws:elasticloadbalancing:us-east-1:686255979099:targetgroup/acme-commerce-tg/a17a314799853503",
            "target_id": "i-09226cc596f324831"
          },
          "private": "bnVsbA==",
          "dependencies": [
            "aws_instance.web-1-ec2",
            "aws_lb_target_group.aws_lb",
            "aws_security_group.lb_sg",
            "aws_security_group.web_sg",
            "aws_subnet.private_subnets",
            "aws_vpc.main",
            "data.aws_ami.ubuntu",
            "data.aws_availability_zones.available"
          ]
        },
        {
          "index_key": 1,
          "schema_version": 0,
          "attributes": {
            "availability_zone": null,
            "id": "arn:aws:elasticloadbalancing:us-east-1:686255979099:targetgroup/acme-commerce-tg/a17a314799853503,i-0dd52175c21dd9a22,80",
            "port": 80,
            "quic_server_id": null,
            "region": "us-east-1",
            "target_group_arn": "arn:aws:elasticloadbalancing:us-east-1:686255979099:targetgroup/acme-commerce-tg/a17a314799853503",
            "target_id": "i-0dd52175c21dd9a22"
          },
          "sensitive_attributes": [],
          "identity_schema_version": 0,
          "identity": {
            "account_id": "686255979099",
            "availability_zone": null,
            "port": 80,
            "quic_server_id": null,
            "region": "us-east-1",
            "target_group_arn": "arn:aws:elasticloadbalancing:us-east-1:686255979099:targetgroup/acme-commerce-tg/a17a314799853503",
            "target_id": "i-0dd52175c21dd9a22"
          },
          "private": "bnVsbA==",
          "dependencies": [
            "aws_instance.web-1-ec2",
            "aws_lb_target_group.aws_lb",
            "aws_security_group.lb_sg",
            "aws_security_group.web_sg",
            "aws_subnet.private_subnets",
            "aws_vpc.main",
            "data.aws_ami.ubuntu",
            "data.aws_availability_zones.available"
          ]
        }
      ]
    },
    {
      "mode": "managed",
      "type": "aws_nat_gateway",
      "name": "nat_gw",
      "provider": "provider[\"registry.terraform.io/hashicorp/aws\"]",
      "instances": [
        {
          "schema_version": 0,
          "attributes": {
            "allocation_id": "eipalloc-01ea95a0823907afe",
            "association_id": "eipassoc-070cbea9333fad1a0",
            "auto_provision_zones": null,
            "auto_scaling_ips": null,
            "availability_mode": "zonal",
            "availability_zone_address": [],
            "connectivity_type": "public",
            "id": "nat-045ff6e1859a3be0e",
            "network_interface_id": "eni-073a88f5ba270e211",
            "private_ip": "10.10.1.21",
            "public_ip": "3.220.180.119",
            "region": "us-east-1",
            "regional_nat_gateway_address": [],
            "regional_nat_gateway_auto_mode": null,
            "route_table_id": null,
            "secondary_allocation_ids": [],
            "secondary_private_ip_address_count": 0,
            "secondary_private_ip_addresses": [],
            "subnet_id": "subnet-00448f15bdfcc75cc",
            "tags": {
              "Application": "acme-commerce-web",
              "Company": "Acme Commerce Pvt. Ltd.",
              "Environment": "prod",
              "Name": "aws_nat_gw"
            },
            "tags_all": {
              "Application": "acme-commerce-web",
              "Company": "Acme Commerce Pvt. Ltd.",
              "Environment": "prod",
              "Name": "aws_nat_gw"
            },
            "timeouts": null,
            "vpc_id": "vpc-09c6bbd1f1d49fe74"
          },
          "sensitive_attributes": [],
          "identity_schema_version": 0,
          "identity": {
            "account_id": "686255979099",
            "id": "nat-045ff6e1859a3be0e",
            "region": "us-east-1"
          },
          "private": "eyJlMmJmYjczMC1lY2FhLTExZTYtOGY4OC0zNDM2M2JjN2M0YzAiOnsiY3JlYXRlIjo2MDAwMDAwMDAwMDAsImRlbGV0ZSI6MTgwMDAwMDAwMDAwMCwidXBkYXRlIjo2MDAwMDAwMDAwMDB9fQ==",
          "dependencies": [
            "aws_eip.nat_gw_eip",
            "aws_subnet.public_subnet",
            "aws_vpc.main",
            "data.aws_availability_zones.available"
          ]
        }
      ]
    },
    {
      "mode": "managed",
      "type": "aws_route_table",
      "name": "private_rt",
      "provider": "provider[\"registry.terraform.io/hashicorp/aws\"]",
      "instances": [
        {
          "schema_version": 0,
          "attributes": {
            "arn": "arn:aws:ec2:us-east-1:686255979099:route-table/rtb-0c76154360548b609",
            "id": "rtb-0c76154360548b609",
            "owner_id": "686255979099",
            "propagating_vgws": [],
            "region": "us-east-1",
            "route": [
              {
                "carrier_gateway_id": "",
                "cidr_block": "0.0.0.0/0",
                "core_network_arn": "",
                "destination_prefix_list_id": "",
                "egress_only_gateway_id": "",
                "gateway_id": "",
                "ipv6_cidr_block": "",
                "local_gateway_id": "",
                "nat_gateway_id": "nat-045ff6e1859a3be0e",
                "network_interface_id": "",
                "odb_network_arn": "",
                "transit_gateway_id": "",
                "vpc_endpoint_id": "",
                "vpc_peering_connection_id": ""
              }
            ],
            "tags": {
              "Application": "acme-commerce-web",
              "Company": "Acme Commerce Pvt. Ltd.",
              "Environment": "prod",
              "Name": "private_route_table"
            },
            "tags_all": {
              "Application": "acme-commerce-web",
              "Company": "Acme Commerce Pvt. Ltd.",
              "Environment": "prod",
              "Name": "private_route_table"
            },
            "timeouts": null,
            "vpc_id": "vpc-09c6bbd1f1d49fe74"
          },
          "sensitive_attributes": [],
          "identity_schema_version": 0,
          "identity": {
            "account_id": "686255979099",
            "id": "rtb-0c76154360548b609",
            "region": "us-east-1"
          },
          "private": "eyJlMmJmYjczMC1lY2FhLTExZTYtOGY4OC0zNDM2M2JjN2M0YzAiOnsiY3JlYXRlIjozMDAwMDAwMDAwMDAsImRlbGV0ZSI6MzAwMDAwMDAwMDAwLCJ1cGRhdGUiOjEyMDAwMDAwMDAwMH19",
          "dependencies": [
            "aws_eip.nat_gw_eip",
            "aws_nat_gateway.nat_gw",
            "aws_subnet.public_subnet",
            "aws_vpc.main",
            "data.aws_availability_zones.available"
          ]
        }
      ]
    },
    {
      "mode": "managed",
      "type": "aws_route_table",
      "name": "public_rt",
      "provider": "provider[\"registry.terraform.io/hashicorp/aws\"]",
      "instances": [
        {
          "schema_version": 0,
          "attributes": {
            "arn": "arn:aws:ec2:us-east-1:686255979099:route-table/rtb-0a1c88f13043c0995",
            "id": "rtb-0a1c88f13043c0995",
            "owner_id": "686255979099",
            "propagating_vgws": [],
            "region": "us-east-1",
            "route": [
              {
                "carrier_gateway_id": "",
                "cidr_block": "0.0.0.0/0",
                "core_network_arn": "",
                "destination_prefix_list_id": "",
                "egress_only_gateway_id": "",
                "gateway_id": "igw-0640c984b1d93fc70",
                "ipv6_cidr_block": "",
                "local_gateway_id": "",
                "nat_gateway_id": "",
                "network_interface_id": "",
                "odb_network_arn": "",
                "transit_gateway_id": "",
                "vpc_endpoint_id": "",
                "vpc_peering_connection_id": ""
              }
            ],
            "tags": {
              "Application": "acme-commerce-web",
              "Company": "Acme Commerce Pvt. Ltd.",
              "Environment": "prod",
              "Name": "public_route_table"
            },
            "tags_all": {
              "Application": "acme-commerce-web",
              "Company": "Acme Commerce Pvt. Ltd.",
              "Environment": "prod",
              "Name": "public_route_table"
            },
            "timeouts": null,
            "vpc_id": "vpc-09c6bbd1f1d49fe74"
          },
          "sensitive_attributes": [],
          "identity_schema_version": 0,
          "identity": {
            "account_id": "686255979099",
            "id": "rtb-0a1c88f13043c0995",
            "region": "us-east-1"
          },
          "private": "eyJlMmJmYjczMC1lY2FhLTExZTYtOGY4OC0zNDM2M2JjN2M0YzAiOnsiY3JlYXRlIjozMDAwMDAwMDAwMDAsImRlbGV0ZSI6MzAwMDAwMDAwMDAwLCJ1cGRhdGUiOjEyMDAwMDAwMDAwMH19",
          "dependencies": [
            "aws_internet_gateway.igw",
            "aws_vpc.main"
          ]
        }
      ]
    },
    {
      "mode": "managed",
      "type": "aws_route_table_association",
      "name": "private_rt_assoc",
      "provider": "provider[\"registry.terraform.io/hashicorp/aws\"]",
      "instances": [
        {
          "index_key": 0,
          "schema_version": 0,
          "attributes": {
            "gateway_id": "",
            "id": "rtbassoc-034ae49a71c1540b7",
            "region": "us-east-1",
            "route_table_id": "rtb-0c76154360548b609",
            "subnet_id": "subnet-06623d9870f726b69",
            "timeouts": null
          },
          "sensitive_attributes": [],
          "identity_schema_version": 0,
          "identity": {
            "account_id": "686255979099",
            "id": "rtbassoc-034ae49a71c1540b7",
            "region": "us-east-1"
          },
          "private": "eyJlMmJmYjczMC1lY2FhLTExZTYtOGY4OC0zNDM2M2JjN2M0YzAiOnsiY3JlYXRlIjozMDAwMDAwMDAwMDAsImRlbGV0ZSI6MzAwMDAwMDAwMDAwLCJ1cGRhdGUiOjEyMDAwMDAwMDAwMH19",
          "dependencies": [
            "aws_eip.nat_gw_eip",
            "aws_nat_gateway.nat_gw",
            "aws_route_table.private_rt",
            "aws_subnet.private_subnets",
            "aws_subnet.public_subnet",
            "aws_vpc.main",
            "data.aws_availability_zones.available"
          ]
        },
        {
          "index_key": 1,
          "schema_version": 0,
          "attributes": {
            "gateway_id": "",
            "id": "rtbassoc-0f58234b7e8bdfe74",
            "region": "us-east-1",
            "route_table_id": "rtb-0c76154360548b609",
            "subnet_id": "subnet-010b9682565cc34a9",
            "timeouts": null
          },
          "sensitive_attributes": [],
          "identity_schema_version": 0,
          "identity": {
            "account_id": "686255979099",
            "id": "rtbassoc-0f58234b7e8bdfe74",
            "region": "us-east-1"
          },
          "private": "eyJlMmJmYjczMC1lY2FhLTExZTYtOGY4OC0zNDM2M2JjN2M0YzAiOnsiY3JlYXRlIjozMDAwMDAwMDAwMDAsImRlbGV0ZSI6MzAwMDAwMDAwMDAwLCJ1cGRhdGUiOjEyMDAwMDAwMDAwMH19",
          "dependencies": [
            "aws_eip.nat_gw_eip",
            "aws_nat_gateway.nat_gw",
            "aws_route_table.private_rt",
            "aws_subnet.private_subnets",
            "aws_subnet.public_subnet",
            "aws_vpc.main",
            "data.aws_availability_zones.available"
          ]
        }
      ]
    },
    {
      "mode": "managed",
      "type": "aws_route_table_association",
      "name": "public_rt_assoc",
      "provider": "provider[\"registry.terraform.io/hashicorp/aws\"]",
      "instances": [
        {
          "index_key": 0,
          "schema_version": 0,
          "attributes": {
            "gateway_id": "",
            "id": "rtbassoc-0a5067108456753e3",
            "region": "us-east-1",
            "route_table_id": "rtb-0a1c88f13043c0995",
            "subnet_id": "subnet-00448f15bdfcc75cc",
            "timeouts": null
          },
          "sensitive_attributes": [],
          "identity_schema_version": 0,
          "identity": {
            "account_id": "686255979099",
            "id": "rtbassoc-0a5067108456753e3",
            "region": "us-east-1"
          },
          "private": "eyJlMmJmYjczMC1lY2FhLTExZTYtOGY4OC0zNDM2M2JjN2M0YzAiOnsiY3JlYXRlIjozMDAwMDAwMDAwMDAsImRlbGV0ZSI6MzAwMDAwMDAwMDAwLCJ1cGRhdGUiOjEyMDAwMDAwMDAwMH19",
          "dependencies": [
            "aws_internet_gateway.igw",
            "aws_route_table.public_rt",
            "aws_subnet.public_subnet",
            "aws_vpc.main",
            "data.aws_availability_zones.available"
          ]
        },
        {
          "index_key": 1,
          "schema_version": 0,
          "attributes": {
            "gateway_id": "",
            "id": "rtbassoc-04744ed9e803d8239",
            "region": "us-east-1",
            "route_table_id": "rtb-0a1c88f13043c0995",
            "subnet_id": "subnet-022eaacfd42ccb987",
            "timeouts": null
          },
          "sensitive_attributes": [],
          "identity_schema_version": 0,
          "identity": {
            "account_id": "686255979099",
            "id": "rtbassoc-04744ed9e803d8239",
            "region": "us-east-1"
          },
          "private": "eyJlMmJmYjczMC1lY2FhLTExZTYtOGY4OC0zNDM2M2JjN2M0YzAiOnsiY3JlYXRlIjozMDAwMDAwMDAwMDAsImRlbGV0ZSI6MzAwMDAwMDAwMDAwLCJ1cGRhdGUiOjEyMDAwMDAwMDAwMH19",
          "dependencies": [
            "aws_internet_gateway.igw",
            "aws_route_table.public_rt",
            "aws_subnet.public_subnet",
            "aws_vpc.main",
            "data.aws_availability_zones.available"
          ]
        }
      ]
    },
    {
      "mode": "managed",
      "type": "aws_security_group",
      "name": "lb_sg",
      "provider": "provider[\"registry.terraform.io/hashicorp/aws\"]",
      "instances": [
        {
          "schema_version": 1,
          "attributes": {
            "arn": "arn:aws:ec2:us-east-1:686255979099:security-group/sg-0c40823c4121db655",
            "description": "Security group for load balancer",
            "egress": [
              {
                "cidr_blocks": [
                  "0.0.0.0/0"
                ],
                "description": "",
                "from_port": 0,
                "ipv6_cidr_blocks": [],
                "prefix_list_ids": [],
                "protocol": "-1",
                "security_groups": [],
                "self": false,
                "to_port": 0
              }
            ],
            "id": "sg-0c40823c4121db655",
            "ingress": [
              {
                "cidr_blocks": [
                  "0.0.0.0/0"
                ],
                "description": "",
                "from_port": 80,
                "ipv6_cidr_blocks": [],
                "prefix_list_ids": [],
                "protocol": "tcp",
                "security_groups": [],
                "self": false,
                "to_port": 80
              }
            ],
            "name": "acme-commerce-lb-sg",
            "name_prefix": "",
            "owner_id": "686255979099",
            "region": "us-east-1",
            "revoke_rules_on_delete": false,
            "tags": {},
            "tags_all": {},
            "timeouts": null,
            "vpc_id": "vpc-09c6bbd1f1d49fe74"
          },
          "sensitive_attributes": [],
          "identity_schema_version": 0,
          "identity": {
            "account_id": "686255979099",
            "id": "sg-0c40823c4121db655",
            "region": "us-east-1"
          },
          "private": "eyJlMmJmYjczMC1lY2FhLTExZTYtOGY4OC0zNDM2M2JjN2M0YzAiOnsiY3JlYXRlIjo2MDAwMDAwMDAwMDAsImRlbGV0ZSI6OTAwMDAwMDAwMDAwfSwic2NoZW1hX3ZlcnNpb24iOiIxIn0=",
          "dependencies": [
            "aws_vpc.main"
          ]
        }
      ]
    },
    {
      "mode": "managed",
      "type": "aws_security_group",
      "name": "web_sg",
      "provider": "provider[\"registry.terraform.io/hashicorp/aws\"]",
      "instances": [
        {
          "schema_version": 1,
          "attributes": {
            "arn": "arn:aws:ec2:us-east-1:686255979099:security-group/sg-024ed3ecbbf87ae6b",
            "description": "Security group for web servers",
            "egress": [
              {
                "cidr_blocks": [
                  "0.0.0.0/0"
                ],
                "description": "",
                "from_port": 0,
                "ipv6_cidr_blocks": [],
                "prefix_list_ids": [],
                "protocol": "-1",
                "security_groups": [],
                "self": false,
                "to_port": 0
              }
            ],
            "id": "sg-024ed3ecbbf87ae6b",
            "ingress": [
              {
                "cidr_blocks": [],
                "description": "",
                "from_port": 80,
                "ipv6_cidr_blocks": [],
                "prefix_list_ids": [],
                "protocol": "tcp",
                "security_groups": [
                  "sg-0c40823c4121db655"
                ],
                "self": false,
                "to_port": 80
              }
            ],
            "name": "acme-commerce-web-sg",
            "name_prefix": "",
            "owner_id": "686255979099",
            "region": "us-east-1",
            "revoke_rules_on_delete": false,
            "tags": {},
            "tags_all": {},
            "timeouts": null,
            "vpc_id": "vpc-09c6bbd1f1d49fe74"
          },
          "sensitive_attributes": [],
          "identity_schema_version": 0,
          "identity": {
            "account_id": "686255979099",
            "id": "sg-024ed3ecbbf87ae6b",
            "region": "us-east-1"
          },
          "private": "eyJlMmJmYjczMC1lY2FhLTExZTYtOGY4OC0zNDM2M2JjN2M0YzAiOnsiY3JlYXRlIjo2MDAwMDAwMDAwMDAsImRlbGV0ZSI6OTAwMDAwMDAwMDAwfSwic2NoZW1hX3ZlcnNpb24iOiIxIn0=",
          "dependencies": [
            "aws_security_group.lb_sg",
            "aws_vpc.main"
          ]
        }
      ]
    },
    {
      "mode": "managed",
      "type": "aws_subnet",
      "name": "private_subnets",
      "provider": "provider[\"registry.terraform.io/hashicorp/aws\"]",
      "instances": [
        {
          "index_key": 0,
          "schema_version": 1,
          "attributes": {
            "arn": "arn:aws:ec2:us-east-1:686255979099:subnet/subnet-06623d9870f726b69",
            "assign_ipv6_address_on_creation": false,
            "availability_zone": "us-east-1a",
            "availability_zone_id": "use1-az1",
            "cidr_block": "10.10.20.0/24",
            "customer_owned_ipv4_pool": "",
            "enable_dns64": false,
            "enable_lni_at_device_index": 0,
            "enable_resource_name_dns_a_record_on_launch": false,
            "enable_resource_name_dns_aaaa_record_on_launch": false,
            "id": "subnet-06623d9870f726b69",
            "ipv4_ipam_pool_id": null,
            "ipv4_netmask_length": null,
            "ipv6_cidr_block": "",
            "ipv6_cidr_block_association_id": "",
            "ipv6_ipam_pool_id": null,
            "ipv6_native": false,
            "ipv6_netmask_length": null,
            "map_customer_owned_ip_on_launch": false,
            "map_public_ip_on_launch": false,
            "outpost_arn": "",
            "owner_id": "686255979099",
            "private_dns_hostname_type_on_launch": "ip-name",
            "region": "us-east-1",
            "tags": {
              "Application": "acme-commerce-web",
              "Company": "Acme Commerce Pvt. Ltd.",
              "Environment": "prod",
              "Name": "Private_subnet-1"
            },
            "tags_all": {
              "Application": "acme-commerce-web",
              "Company": "Acme Commerce Pvt. Ltd.",
              "Environment": "prod",
              "Name": "Private_subnet-1"
            },
            "timeouts": null,
            "vpc_id": "vpc-09c6bbd1f1d49fe74"
          },
          "sensitive_attributes": [],
          "identity_schema_version": 0,
          "identity": {
            "account_id": "686255979099",
            "id": "subnet-06623d9870f726b69",
            "region": "us-east-1"
          },
          "private": "eyJlMmJmYjczMC1lY2FhLTExZTYtOGY4OC0zNDM2M2JjN2M0YzAiOnsiY3JlYXRlIjo2MDAwMDAwMDAwMDAsImRlbGV0ZSI6MTIwMDAwMDAwMDAwMH0sInNjaGVtYV92ZXJzaW9uIjoiMSJ9",
          "dependencies": [
            "aws_vpc.main",
            "data.aws_availability_zones.available"
          ]
        },
        {
          "index_key": 1,
          "schema_version": 1,
          "attributes": {
            "arn": "arn:aws:ec2:us-east-1:686255979099:subnet/subnet-010b9682565cc34a9",
            "assign_ipv6_address_on_creation": false,
            "availability_zone": "us-east-1b",
            "availability_zone_id": "use1-az2",
            "cidr_block": "10.10.30.0/24",
            "customer_owned_ipv4_pool": "",
            "enable_dns64": false,
            "enable_lni_at_device_index": 0,
            "enable_resource_name_dns_a_record_on_launch": false,
            "enable_resource_name_dns_aaaa_record_on_launch": false,
            "id": "subnet-010b9682565cc34a9",
            "ipv4_ipam_pool_id": null,
            "ipv4_netmask_length": null,
            "ipv6_cidr_block": "",
            "ipv6_cidr_block_association_id": "",
            "ipv6_ipam_pool_id": null,
            "ipv6_native": false,
            "ipv6_netmask_length": null,
            "map_customer_owned_ip_on_launch": false,
            "map_public_ip_on_launch": false,
            "outpost_arn": "",
            "owner_id": "686255979099",
            "private_dns_hostname_type_on_launch": "ip-name",
            "region": "us-east-1",
            "tags": {
              "Application": "acme-commerce-web",
              "Company": "Acme Commerce Pvt. Ltd.",
              "Environment": "prod",
              "Name": "Private_subnet-2"
            },
            "tags_all": {
              "Application": "acme-commerce-web",
              "Company": "Acme Commerce Pvt. Ltd.",
              "Environment": "prod",
              "Name": "Private_subnet-2"
            },
            "timeouts": null,
            "vpc_id": "vpc-09c6bbd1f1d49fe74"
          },
          "sensitive_attributes": [],
          "identity_schema_version": 0,
          "identity": {
            "account_id": "686255979099",
            "id": "subnet-010b9682565cc34a9",
            "region": "us-east-1"
          },
          "private": "eyJlMmJmYjczMC1lY2FhLTExZTYtOGY4OC0zNDM2M2JjN2M0YzAiOnsiY3JlYXRlIjo2MDAwMDAwMDAwMDAsImRlbGV0ZSI6MTIwMDAwMDAwMDAwMH0sInNjaGVtYV92ZXJzaW9uIjoiMSJ9",
          "dependencies": [
            "aws_vpc.main",
            "data.aws_availability_zones.available"
          ]
        }
      ]
    },
    {
      "mode": "managed",
      "type": "aws_subnet",
      "name": "public_subnet",
      "provider": "provider[\"registry.terraform.io/hashicorp/aws\"]",
      "instances": [
        {
          "index_key": 0,
          "schema_version": 1,
          "attributes": {
            "arn": "arn:aws:ec2:us-east-1:686255979099:subnet/subnet-00448f15bdfcc75cc",
            "assign_ipv6_address_on_creation": false,
            "availability_zone": "us-east-1a",
            "availability_zone_id": "use1-az1",
            "cidr_block": "10.10.1.0/24",
            "customer_owned_ipv4_pool": "",
            "enable_dns64": false,
            "enable_lni_at_device_index": 0,
            "enable_resource_name_dns_a_record_on_launch": false,
            "enable_resource_name_dns_aaaa_record_on_launch": false,
            "id": "subnet-00448f15bdfcc75cc",
            "ipv4_ipam_pool_id": null,
            "ipv4_netmask_length": null,
            "ipv6_cidr_block": "",
            "ipv6_cidr_block_association_id": "",
            "ipv6_ipam_pool_id": null,
            "ipv6_native": false,
            "ipv6_netmask_length": null,
            "map_customer_owned_ip_on_launch": false,
            "map_public_ip_on_launch": true,
            "outpost_arn": "",
            "owner_id": "686255979099",
            "private_dns_hostname_type_on_launch": "ip-name",
            "region": "us-east-1",
            "tags": {
              "Application": "acme-commerce-web",
              "Company": "Acme Commerce Pvt. Ltd.",
              "Environment": "prod",
              "Name": "public_subnet-1"
            },
            "tags_all": {
              "Application": "acme-commerce-web",
              "Company": "Acme Commerce Pvt. Ltd.",
              "Environment": "prod",
              "Name": "public_subnet-1"
            },
            "timeouts": null,
            "vpc_id": "vpc-09c6bbd1f1d49fe74"
          },
          "sensitive_attributes": [],
          "identity_schema_version": 0,
          "identity": {
            "account_id": "686255979099",
            "id": "subnet-00448f15bdfcc75cc",
            "region": "us-east-1"
          },
          "private": "eyJlMmJmYjczMC1lY2FhLTExZTYtOGY4OC0zNDM2M2JjN2M0YzAiOnsiY3JlYXRlIjo2MDAwMDAwMDAwMDAsImRlbGV0ZSI6MTIwMDAwMDAwMDAwMH0sInNjaGVtYV92ZXJzaW9uIjoiMSJ9",
          "dependencies": [
            "aws_vpc.main",
            "data.aws_availability_zones.available"
          ]
        },
        {
          "index_key": 1,
          "schema_version": 1,
          "attributes": {
            "arn": "arn:aws:ec2:us-east-1:686255979099:subnet/subnet-022eaacfd42ccb987",
            "assign_ipv6_address_on_creation": false,
            "availability_zone": "us-east-1b",
            "availability_zone_id": "use1-az2",
            "cidr_block": "10.10.2.0/24",
            "customer_owned_ipv4_pool": "",
            "enable_dns64": false,
            "enable_lni_at_device_index": 0,
            "enable_resource_name_dns_a_record_on_launch": false,
            "enable_resource_name_dns_aaaa_record_on_launch": false,
            "id": "subnet-022eaacfd42ccb987",
            "ipv4_ipam_pool_id": null,
            "ipv4_netmask_length": null,
            "ipv6_cidr_block": "",
            "ipv6_cidr_block_association_id": "",
            "ipv6_ipam_pool_id": null,
            "ipv6_native": false,
            "ipv6_netmask_length": null,
            "map_customer_owned_ip_on_launch": false,
            "map_public_ip_on_launch": true,
            "outpost_arn": "",
            "owner_id": "686255979099",
            "private_dns_hostname_type_on_launch": "ip-name",
            "region": "us-east-1",
            "tags": {
              "Application": "acme-commerce-web",
              "Company": "Acme Commerce Pvt. Ltd.",
              "Environment": "prod",
              "Name": "public_subnet-2"
            },
            "tags_all": {
              "Application": "acme-commerce-web",
              "Company": "Acme Commerce Pvt. Ltd.",
              "Environment": "prod",
              "Name": "public_subnet-2"
            },
            "timeouts": null,
            "vpc_id": "vpc-09c6bbd1f1d49fe74"
          },
          "sensitive_attributes": [],
          "identity_schema_version": 0,
          "identity": {
            "account_id": "686255979099",
            "id": "subnet-022eaacfd42ccb987",
            "region": "us-east-1"
          },
          "private": "eyJlMmJmYjczMC1lY2FhLTExZTYtOGY4OC0zNDM2M2JjN2M0YzAiOnsiY3JlYXRlIjo2MDAwMDAwMDAwMDAsImRlbGV0ZSI6MTIwMDAwMDAwMDAwMH0sInNjaGVtYV92ZXJzaW9uIjoiMSJ9",
          "dependencies": [
            "aws_vpc.main",
            "data.aws_availability_zones.available"
          ]
        }
      ]
    },
    {
      "mode": "managed",
      "type": "aws_vpc",
      "name": "main",
      "provider": "provider[\"registry.terraform.io/hashicorp/aws\"]",
      "instances": [
        {
          "schema_version": 1,
          "attributes": {
            "arn": "arn:aws:ec2:us-east-1:686255979099:vpc/vpc-09c6bbd1f1d49fe74",
            "assign_generated_ipv6_cidr_block": false,
            "cidr_block": "10.10.0.0/16",
            "default_network_acl_id": "acl-0ac375e82b3fc4dd0",
            "default_route_table_id": "rtb-0db442e7761c9dd7b",
            "default_security_group_id": "sg-0d7b64b137627280c",
            "dhcp_options_id": "dopt-0cf65eb5f324a88ad",
            "enable_dns_hostnames": true,
            "enable_dns_support": true,
            "enable_network_address_usage_metrics": false,
            "id": "vpc-09c6bbd1f1d49fe74",
            "instance_tenancy": "default",
            "ipv4_ipam_pool_id": null,
            "ipv4_netmask_length": null,
            "ipv6_association_id": "",
            "ipv6_cidr_block": "",
            "ipv6_cidr_block_network_border_group": "",
            "ipv6_ipam_pool_id": "",
            "ipv6_netmask_length": 0,
            "main_route_table_id": "rtb-0db442e7761c9dd7b",
            "owner_id": "686255979099",
            "region": "us-east-1",
            "tags": {
              "Application": "acme-commerce-web",
              "Company": "Acme Commerce Pvt. Ltd.",
              "Environment": "prod",
              "Name": "Acme Commerce Pvt. Ltd.-vpc"
            },
            "tags_all": {
              "Application": "acme-commerce-web",
              "Company": "Acme Commerce Pvt. Ltd.",
              "Environment": "prod",
              "Name": "Acme Commerce Pvt. Ltd.-vpc"
            }
          },
          "sensitive_attributes": [],
          "identity_schema_version": 0,
          "identity": {
            "account_id": "686255979099",
            "id": "vpc-09c6bbd1f1d49fe74",
            "region": "us-east-1"
          },
          "private": "eyJzY2hlbWFfdmVyc2lvbiI6IjEifQ=="
        }
      ]
    },
    {
      "mode": "managed",
      "type": "local_sensitive_file",
      "name": "private_key",
      "provider": "provider[\"registry.terraform.io/hashicorp/local\"]",
      "instances": [
        {
          "schema_version": 0,
          "attributes": {
            "content": "-----BEGIN OPENSSH PRIVATE KEY-----\nb3BlbnNzaC1rZXktdjEAAAAABG5vbmUAAAAEbm9uZQAAAAAAAAABAAACFwAAAAdz\nc2gtcnNhAAAAAwEAAQAAAgEA6+URSr4Xt7vuGNaTdpe8yxmJ+a7GvRjgqDnEKvUW\ngIetFoZObMEpElTb1lKP+wUtTd1mjWCEzoTqoE+Wxnc7bfyTu0l6WVRxwJEgPPLz\nQ8eqBC9FteB18j2Mb1sUmc4Y/LlDEuLSTd+VKcMqJcinKwtukcPGzTNAY3Ce5q9y\nnJGf/Wwhze4yzihSwULvCnPbXY456uPhCgz75I6Pwg4XvyxtTIedlT51zLh4DZ2f\nW8+sK9Fs29b9QaSzNFxwRWpqCu6bvl8tzwxtYfwA2YS7UWneRCs6BHN2dBypmG4Q\nkdDKnjHY/h7uwKa213QYoc7qM1KgEfuakL+CterrwQ5H28JSnlb/25+vDzlSaWmc\nwOv00sR9prZSQjsKk+WzMjykZkPlA2BdZtR0YVtT8BtWwsWvC1hUdgPEOA3f8N3i\n/OTcAX2IQ8KFzlF1STKJYJQt/IyV+ARgzAQNIgxV7Tgqf0ZSvyjACVdaTcTlr5cj\n1lfTRX+biKCGx08TyVQFbqptDaAZxWk8lc7Qa9Iugz438j44pgSQMJ3KFqtkdQjS\n18r7TXH9uMvGshwFSMCY4ln7uEy4k1UnMeOb/C4quWS7Whqhe/iDs8gB2pKRKGpq\ntoOkLfBILz1f+ORFnYjVnooaE6qtA9suMZKgMBxeomsbDRT10pgmksl98V/JTtpT\ndV8AAAc4pStVQqUrVUIAAAAHc3NoLXJzYQAAAgEA6+URSr4Xt7vuGNaTdpe8yxmJ\n+a7GvRjgqDnEKvUWgIetFoZObMEpElTb1lKP+wUtTd1mjWCEzoTqoE+Wxnc7bfyT\nu0l6WVRxwJEgPPLzQ8eqBC9FteB18j2Mb1sUmc4Y/LlDEuLSTd+VKcMqJcinKwtu\nkcPGzTNAY3Ce5q9ynJGf/Wwhze4yzihSwULvCnPbXY456uPhCgz75I6Pwg4Xvyxt\nTIedlT51zLh4DZ2fW8+sK9Fs29b9QaSzNFxwRWpqCu6bvl8tzwxtYfwA2YS7UWne\nRCs6BHN2dBypmG4QkdDKnjHY/h7uwKa213QYoc7qM1KgEfuakL+CterrwQ5H28JS\nnlb/25+vDzlSaWmcwOv00sR9prZSQjsKk+WzMjykZkPlA2BdZtR0YVtT8BtWwsWv\nC1hUdgPEOA3f8N3i/OTcAX2IQ8KFzlF1STKJYJQt/IyV+ARgzAQNIgxV7Tgqf0ZS\nvyjACVdaTcTlr5cj1lfTRX+biKCGx08TyVQFbqptDaAZxWk8lc7Qa9Iugz438j44\npgSQMJ3KFqtkdQjS18r7TXH9uMvGshwFSMCY4ln7uEy4k1UnMeOb/C4quWS7Whqh\ne/iDs8gB2pKRKGpqtoOkLfBILz1f+ORFnYjVnooaE6qtA9suMZKgMBxeomsbDRT1\n0pgmksl98V/JTtpTdV8AAAADAQABAAACABjQeecw4/HR9RPrzotVHukGgLshJYrS\nyR8pJHeYXIucuhp6ell6YEWrY4zCFp9DRibAuX75vj6zQLMobCXoePny7d9vtU0c\nUvL80TVYITrqD/pstpqRSBb5XoKARESBp6M+Ic4kyhajBF/mRdK/rsYaZ8ExpQIE\n+Cr9t9lwb1AFCZ1w+IVfHz0MhNgLoHWrBlJrGbCZ1BxojT7XuEuji9/yXnUEdxEy\nBtZIOWjFQfQ4flYFq7vce7uiBa/mYXEL5qfLvdpizMDQ/9ik17oJ+mJwDo+BNJMv\nSjCgqz57pYaRPh8yAy+INXlSkD1N2yF6UKyhbnE11GaRnsBgO/iM9gX2S1Six4/H\nYmpCmp52V9WYyIcX87cVcGRJDfHRR9MLH6UJr5tWAc0esYy8s/EZ3gbdk+C0Z3h9\nFg3Iopnfn8PDfRxtzsrBZOpQgk8W87yoIcB7l4CPpDUsa5EQavHarHtTHbwTHsQ/\n1jBBzbFS8IfupOG5od3foCcq5mbbIDzEMcTunvp+QOpJ6c+ELgAFBYPmMoIp/69j\netFF7d88pBr5dCH+fIhymreDNF5rLH5WsJM9fQ3I7Dxa93dBMbOrSss/8k8nuW1E\n/ba8RICysp4PSB3BPTWZcSPVxzkCsNX3R+vUArYRuA0m+cMBHsP1uQP9Y/epharG\nZLCaC/nl/UChAAABAQDVc9cLoF50f57byYrv4R0TPWV+tnsOSRdtAXyQ78lM5xnK\nuZ/u8Prj7FZT3N5OFBEjhOKKCYP/DN5IX6wblIBSOuC3tWOjZ2wEu78vuIVDnlyM\n8osobKelM03SwcCASjOcUNi3jN5X9rD+wPqvyEL2KQfE+CkWmjZrxR8vNQkjHqzJ\na2WHQjb8F6wk1eRJ6r6U7yNr6XZD97AH9mpowJneGO+66MhjPYOdzUZYswAgSAnL\njI9fHe2MjoSh0oBx9AVz9dNg7GRwQ8TMtwdca+nf+Zwiw7RyQsyevSS6xP+EqvpH\n8KohYv4L63CZx3UIpzribNZwI1wJ9ZVcdCUhWP1+AAABAQD9adF1RQcOnCXDzaXW\nsJApz47flUJ/QeTLloZvZkocb166HEk5uJgGeGJNqFuCW87bPe1td5epVxlWbDrh\nhIEpNSPxJVktQglOvVszXfBb0X34FTAhr3DAAul4wH5UYqg0NXmL7XMOq+c+S0R+\nAdN3LZ0E9tL0Sm/90hhNtvJMUrxBTefrnEdTqPXKqkiW0ynPSKKpBrt2iT9p8RQ7\n3CAB9AP8W6KFus8T6oJ3i+UL3zLap4yoJzo6pK3g1RtfmRniQ4HHnRimSN8uapJX\nRh42/uSWdrEGVxCKg4goaiSpEgctObJr+C8VDsW23iDBNfoU3BHEZxOYk4+x7D8D\noWWnAAABAQDuTXj0lh8YmtWqg1AzZ1QDMwJfWEYrDVSLOIguRjXsRMSl6FPAHMhA\nLtD/iMGcWs4N1wBZN70ijpUSyWWLt/+V5Dainw1VVSiy7pr+P25LSMpueoliVH3s\n5Y1Q9yi4nmYf9ojK/FlJtGmlNAkwrlgqz2H66yIySZsCn5McxN9GnUiqoHOdIzhR\nj4ftnXkAKRyp0Qe4c39I44huHgBh5Pt1lcCixKk06/KOdXgZQ0wPGUGQD0VIvO5B\n9rQZKcR0JX+d+zwjqNpRXaSlwdf6zwK6exBpYPJYWnrrp4ps5whk3EOZWuGSVcOM\nPTJwuZP9VdKrb/BNklTIN+E+StTMG1mJAAAAAAEC\n-----END OPENSSH PRIVATE KEY-----\n",
            "content_base64": null,
            "content_base64sha256": "zkScs742rKZM+dS2m1waAXq5s48I1eVdqQP3VtGk2VM=",
            "content_base64sha512": "uVAXsoPPqCOQo/NjHE8I0Bn2FAiCQaCX9AQ1OfFCXxRGtkvR5A4hlfo+AvfW3cmZNalJwexnByJvlODwSYuw5g==",
            "content_md5": "19c9d83a758458f0bc616327561561e5",
            "content_sha1": "d51d8d3f40bf2e66f3bfc359bdbb118347c31ee6",
            "content_sha256": "ce449cb3be36aca64cf9d4b69b5c1a017ab9b38f08d5e55da903f756d1a4d953",
            "content_sha512": "b95017b283cfa82390a3f3631c4f08d019f614088241a097f4043539f1425f1446b64bd1e40e2195fa3e02f7d6ddc99935a949c1ec6707226f94e0f0498bb0e6",
            "directory_permission": "0700",
            "file_permission": "0600",
            "filename": "./acme-commerce-key.pem",
            "id": "d51d8d3f40bf2e66f3bfc359bdbb118347c31ee6",
            "source": null
          },
          "sensitive_attributes": [
            [
              {
                "type": "get_attr",
                "value": "content"
              }
            ],
            [
              {
                "type": "get_attr",
                "value": "content_base64"
              }
            ]
          ],
          "identity_schema_version": 0,
          "dependencies": [
            "tls_private_key.ec2_key"
          ]
        }
      ]
    },
    {
      "mode": "managed",
      "type": "tls_private_key",
      "name": "ec2_key",
      "provider": "provider[\"registry.terraform.io/hashicorp/tls\"]",
      "instances": [
        {
          "schema_version": 1,
          "attributes": {
            "algorithm": "RSA",
            "ecdsa_curve": "P224",
            "id": "738554422f9c42c2b6c9d43b055cd8b09a3d9062",
            "private_key_openssh": "-----BEGIN OPENSSH PRIVATE KEY-----\nb3BlbnNzaC1rZXktdjEAAAAABG5vbmUAAAAEbm9uZQAAAAAAAAABAAACFwAAAAdz\nc2gtcnNhAAAAAwEAAQAAAgEA6+URSr4Xt7vuGNaTdpe8yxmJ+a7GvRjgqDnEKvUW\ngIetFoZObMEpElTb1lKP+wUtTd1mjWCEzoTqoE+Wxnc7bfyTu0l6WVRxwJEgPPLz\nQ8eqBC9FteB18j2Mb1sUmc4Y/LlDEuLSTd+VKcMqJcinKwtukcPGzTNAY3Ce5q9y\nnJGf/Wwhze4yzihSwULvCnPbXY456uPhCgz75I6Pwg4XvyxtTIedlT51zLh4DZ2f\nW8+sK9Fs29b9QaSzNFxwRWpqCu6bvl8tzwxtYfwA2YS7UWneRCs6BHN2dBypmG4Q\nkdDKnjHY/h7uwKa213QYoc7qM1KgEfuakL+CterrwQ5H28JSnlb/25+vDzlSaWmc\nwOv00sR9prZSQjsKk+WzMjykZkPlA2BdZtR0YVtT8BtWwsWvC1hUdgPEOA3f8N3i\n/OTcAX2IQ8KFzlF1STKJYJQt/IyV+ARgzAQNIgxV7Tgqf0ZSvyjACVdaTcTlr5cj\n1lfTRX+biKCGx08TyVQFbqptDaAZxWk8lc7Qa9Iugz438j44pgSQMJ3KFqtkdQjS\n18r7TXH9uMvGshwFSMCY4ln7uEy4k1UnMeOb/C4quWS7Whqhe/iDs8gB2pKRKGpq\ntoOkLfBILz1f+ORFnYjVnooaE6qtA9suMZKgMBxeomsbDRT10pgmksl98V/JTtpT\ndV8AAAc4pStVQqUrVUIAAAAHc3NoLXJzYQAAAgEA6+URSr4Xt7vuGNaTdpe8yxmJ\n+a7GvRjgqDnEKvUWgIetFoZObMEpElTb1lKP+wUtTd1mjWCEzoTqoE+Wxnc7bfyT\nu0l6WVRxwJEgPPLzQ8eqBC9FteB18j2Mb1sUmc4Y/LlDEuLSTd+VKcMqJcinKwtu\nkcPGzTNAY3Ce5q9ynJGf/Wwhze4yzihSwULvCnPbXY456uPhCgz75I6Pwg4Xvyxt\nTIedlT51zLh4DZ2fW8+sK9Fs29b9QaSzNFxwRWpqCu6bvl8tzwxtYfwA2YS7UWne\nRCs6BHN2dBypmG4QkdDKnjHY/h7uwKa213QYoc7qM1KgEfuakL+CterrwQ5H28JS\nnlb/25+vDzlSaWmcwOv00sR9prZSQjsKk+WzMjykZkPlA2BdZtR0YVtT8BtWwsWv\nC1hUdgPEOA3f8N3i/OTcAX2IQ8KFzlF1STKJYJQt/IyV+ARgzAQNIgxV7Tgqf0ZS\nvyjACVdaTcTlr5cj1lfTRX+biKCGx08TyVQFbqptDaAZxWk8lc7Qa9Iugz438j44\npgSQMJ3KFqtkdQjS18r7TXH9uMvGshwFSMCY4ln7uEy4k1UnMeOb/C4quWS7Whqh\ne/iDs8gB2pKRKGpqtoOkLfBILz1f+ORFnYjVnooaE6qtA9suMZKgMBxeomsbDRT1\n0pgmksl98V/JTtpTdV8AAAADAQABAAACABjQeecw4/HR9RPrzotVHukGgLshJYrS\nyR8pJHeYXIucuhp6ell6YEWrY4zCFp9DRibAuX75vj6zQLMobCXoePny7d9vtU0c\nUvL80TVYITrqD/pstpqRSBb5XoKARESBp6M+Ic4kyhajBF/mRdK/rsYaZ8ExpQIE\n+Cr9t9lwb1AFCZ1w+IVfHz0MhNgLoHWrBlJrGbCZ1BxojT7XuEuji9/yXnUEdxEy\nBtZIOWjFQfQ4flYFq7vce7uiBa/mYXEL5qfLvdpizMDQ/9ik17oJ+mJwDo+BNJMv\nSjCgqz57pYaRPh8yAy+INXlSkD1N2yF6UKyhbnE11GaRnsBgO/iM9gX2S1Six4/H\nYmpCmp52V9WYyIcX87cVcGRJDfHRR9MLH6UJr5tWAc0esYy8s/EZ3gbdk+C0Z3h9\nFg3Iopnfn8PDfRxtzsrBZOpQgk8W87yoIcB7l4CPpDUsa5EQavHarHtTHbwTHsQ/\n1jBBzbFS8IfupOG5od3foCcq5mbbIDzEMcTunvp+QOpJ6c+ELgAFBYPmMoIp/69j\netFF7d88pBr5dCH+fIhymreDNF5rLH5WsJM9fQ3I7Dxa93dBMbOrSss/8k8nuW1E\n/ba8RICysp4PSB3BPTWZcSPVxzkCsNX3R+vUArYRuA0m+cMBHsP1uQP9Y/epharG\nZLCaC/nl/UChAAABAQDVc9cLoF50f57byYrv4R0TPWV+tnsOSRdtAXyQ78lM5xnK\nuZ/u8Prj7FZT3N5OFBEjhOKKCYP/DN5IX6wblIBSOuC3tWOjZ2wEu78vuIVDnlyM\n8osobKelM03SwcCASjOcUNi3jN5X9rD+wPqvyEL2KQfE+CkWmjZrxR8vNQkjHqzJ\na2WHQjb8F6wk1eRJ6r6U7yNr6XZD97AH9mpowJneGO+66MhjPYOdzUZYswAgSAnL\njI9fHe2MjoSh0oBx9AVz9dNg7GRwQ8TMtwdca+nf+Zwiw7RyQsyevSS6xP+EqvpH\n8KohYv4L63CZx3UIpzribNZwI1wJ9ZVcdCUhWP1+AAABAQD9adF1RQcOnCXDzaXW\nsJApz47flUJ/QeTLloZvZkocb166HEk5uJgGeGJNqFuCW87bPe1td5epVxlWbDrh\nhIEpNSPxJVktQglOvVszXfBb0X34FTAhr3DAAul4wH5UYqg0NXmL7XMOq+c+S0R+\nAdN3LZ0E9tL0Sm/90hhNtvJMUrxBTefrnEdTqPXKqkiW0ynPSKKpBrt2iT9p8RQ7\n3CAB9AP8W6KFus8T6oJ3i+UL3zLap4yoJzo6pK3g1RtfmRniQ4HHnRimSN8uapJX\nRh42/uSWdrEGVxCKg4goaiSpEgctObJr+C8VDsW23iDBNfoU3BHEZxOYk4+x7D8D\noWWnAAABAQDuTXj0lh8YmtWqg1AzZ1QDMwJfWEYrDVSLOIguRjXsRMSl6FPAHMhA\nLtD/iMGcWs4N1wBZN70ijpUSyWWLt/+V5Dainw1VVSiy7pr+P25LSMpueoliVH3s\n5Y1Q9yi4nmYf9ojK/FlJtGmlNAkwrlgqz2H66yIySZsCn5McxN9GnUiqoHOdIzhR\nj4ftnXkAKRyp0Qe4c39I44huHgBh5Pt1lcCixKk06/KOdXgZQ0wPGUGQD0VIvO5B\n9rQZKcR0JX+d+zwjqNpRXaSlwdf6zwK6exBpYPJYWnrrp4ps5whk3EOZWuGSVcOM\nPTJwuZP9VdKrb/BNklTIN+E+StTMG1mJAAAAAAEC\n-----END OPENSSH PRIVATE KEY-----\n",
            "private_key_pem": "-----BEGIN RSA PRIVATE KEY-----\nMIIJKQIBAAKCAgEA6+URSr4Xt7vuGNaTdpe8yxmJ+a7GvRjgqDnEKvUWgIetFoZO\nbMEpElTb1lKP+wUtTd1mjWCEzoTqoE+Wxnc7bfyTu0l6WVRxwJEgPPLzQ8eqBC9F\nteB18j2Mb1sUmc4Y/LlDEuLSTd+VKcMqJcinKwtukcPGzTNAY3Ce5q9ynJGf/Wwh\nze4yzihSwULvCnPbXY456uPhCgz75I6Pwg4XvyxtTIedlT51zLh4DZ2fW8+sK9Fs\n29b9QaSzNFxwRWpqCu6bvl8tzwxtYfwA2YS7UWneRCs6BHN2dBypmG4QkdDKnjHY\n/h7uwKa213QYoc7qM1KgEfuakL+CterrwQ5H28JSnlb/25+vDzlSaWmcwOv00sR9\nprZSQjsKk+WzMjykZkPlA2BdZtR0YVtT8BtWwsWvC1hUdgPEOA3f8N3i/OTcAX2I\nQ8KFzlF1STKJYJQt/IyV+ARgzAQNIgxV7Tgqf0ZSvyjACVdaTcTlr5cj1lfTRX+b\niKCGx08TyVQFbqptDaAZxWk8lc7Qa9Iugz438j44pgSQMJ3KFqtkdQjS18r7TXH9\nuMvGshwFSMCY4ln7uEy4k1UnMeOb/C4quWS7Whqhe/iDs8gB2pKRKGpqtoOkLfBI\nLz1f+ORFnYjVnooaE6qtA9suMZKgMBxeomsbDRT10pgmksl98V/JTtpTdV8CAwEA\nAQKCAgAY0HnnMOPx0fUT686LVR7pBoC7ISWK0skfKSR3mFyLnLoaenpZemBFq2OM\nwhafQ0YmwLl++b4+s0CzKGwl6Hj58u3fb7VNHFLy/NE1WCE66g/6bLaakUgW+V6C\ngEREgaejPiHOJMoWowRf5kXSv67GGmfBMaUCBPgq/bfZcG9QBQmdcPiFXx89DITY\nC6B1qwZSaxmwmdQcaI0+17hLo4vf8l51BHcRMgbWSDloxUH0OH5WBau73Hu7ogWv\n5mFxC+any73aYszA0P/YpNe6CfpicA6PgTSTL0owoKs+e6WGkT4fMgMviDV5UpA9\nTdshelCsoW5xNdRmkZ7AYDv4jPYF9ktUosePx2JqQpqedlfVmMiHF/O3FXBkSQ3x\n0UfTCx+lCa+bVgHNHrGMvLPxGd4G3ZPgtGd4fRYNyKKZ35/Dw30cbc7KwWTqUIJP\nFvO8qCHAe5eAj6Q1LGuREGrx2qx7Ux28Ex7EP9YwQc2xUvCH7qThuaHd36AnKuZm\n2yA8xDHE7p76fkDqSenPhC4ABQWD5jKCKf+vY3rRRe3fPKQa+XQh/nyIcpq3gzRe\nayx+VrCTPX0NyOw8Wvd3QTGzq0rLP/JPJ7ltRP22vESAsrKeD0gdwT01mXEj1cc5\nArDV90fr1AK2EbgNJvnDAR7D9bkD/WP3qYWqxmSwmgv55f1AoQKCAQEA/WnRdUUH\nDpwlw82l1rCQKc+O35VCf0Hky5aGb2ZKHG9euhxJObiYBnhiTahbglvO2z3tbXeX\nqVcZVmw64YSBKTUj8SVZLUIJTr1bM13wW9F9+BUwIa9wwALpeMB+VGKoNDV5i+1z\nDqvnPktEfgHTdy2dBPbS9Epv/dIYTbbyTFK8QU3n65xHU6j1yqpIltMpz0iiqQa7\ndok/afEUO9wgAfQD/FuihbrPE+qCd4vlC98y2qeMqCc6OqSt4NUbX5kZ4kOBx50Y\npkjfLmqSV0YeNv7klnaxBlcQioOIKGokqRIHLTmya/gvFQ7Ftt4gwTX6FNwRxGcT\nmJOPsew/A6FlpwKCAQEA7k149JYfGJrVqoNQM2dUAzMCX1hGKw1UiziILkY17ETE\npehTwBzIQC7Q/4jBnFrODdcAWTe9Io6VEslli7f/leQ2op8NVVUosu6a/j9uS0jK\nbnqJYlR97OWNUPcouJ5mH/aIyvxZSbRppTQJMK5YKs9h+usiMkmbAp+THMTfRp1I\nqqBznSM4UY+H7Z15ACkcqdEHuHN/SOOIbh4AYeT7dZXAosSpNOvyjnV4GUNMDxlB\nkA9FSLzuQfa0GSnEdCV/nfs8I6jaUV2kpcHX+s8CunsQaWDyWFp666eKbOcIZNxD\nmVrhklXDjD0ycLmT/VXSq2/wTZJUyDfhPkrUzBtZiQKCAQAx0Z/QAiYFBUWXXNKB\nhmyRC7D2240bH4UvUQRU2jMvq+VfiTgMFPIuM3R/990ln47nIyGOJ7i1Hd5pUxWw\nSDBsPXo3ajRB5X2W8TsAujMKmgC9yMyRksADv47OomkzhcGzod+nVqML+1eWs41f\niFReVaVM2IlYZVnm+Gq2vISd5JYF8J7rfum21LydfySOIi1SBuGTgTNRdmH1HePw\ncLIKMEKoVgt5ZuRW8f98KRB6aQLCYbYRSMT1ynI0hTDAdoTUKplU+Nljt2fI5EKo\nzawa+7lMq0DaEju6P2mBKHzUkCrBBVrCRyRaa3ELJlgiI85qU2laxzjfAgN54wvw\nVsZ5AoIBAQDnKUW81OcjQgckGa8xvfj0BYY2oPWoC41IY7VOVhM2ttqfKYgcYo8q\nG3/ncWyGVFtvd3FCGlyg6fjXuX+Ekh8e8rrA81LGxQ3uzKCTI0rFQr4Df2BHfziM\nFX0I3kilFhpwxQCbD0E5ywV0GM8VZvnlxTgBZBfO+jGg0NSu4pbH9AiqY2zjMGgQ\nThAIQmo+6qKAZGF93qPJO9Z7IyUx0SLQRE0SV3zf9kVbRb4Tm4FrYA+GRBnsXkEs\nwbigdDC6jimGQVBsMv5cUV9G34u4Ixk9deVMo5tSc6qrb+FKlK5C0JvOZidMgV9o\naXDFgm95Hsh2Pua3CMyvT+1yNLrJp3opAoIBAQDVc9cLoF50f57byYrv4R0TPWV+\ntnsOSRdtAXyQ78lM5xnKuZ/u8Prj7FZT3N5OFBEjhOKKCYP/DN5IX6wblIBSOuC3\ntWOjZ2wEu78vuIVDnlyM8osobKelM03SwcCASjOcUNi3jN5X9rD+wPqvyEL2KQfE\n+CkWmjZrxR8vNQkjHqzJa2WHQjb8F6wk1eRJ6r6U7yNr6XZD97AH9mpowJneGO+6\n6MhjPYOdzUZYswAgSAnLjI9fHe2MjoSh0oBx9AVz9dNg7GRwQ8TMtwdca+nf+Zwi\nw7RyQsyevSS6xP+EqvpH8KohYv4L63CZx3UIpzribNZwI1wJ9ZVcdCUhWP1+\n-----END RSA PRIVATE KEY-----\n",
            "private_key_pem_pkcs8": "-----BEGIN PRIVATE KEY-----\nMIIJQwIBADANBgkqhkiG9w0BAQEFAASCCS0wggkpAgEAAoICAQDr5RFKvhe3u+4Y\n1pN2l7zLGYn5rsa9GOCoOcQq9RaAh60Whk5swSkSVNvWUo/7BS1N3WaNYITOhOqg\nT5bGdztt/JO7SXpZVHHAkSA88vNDx6oEL0W14HXyPYxvWxSZzhj8uUMS4tJN35Up\nwyolyKcrC26Rw8bNM0BjcJ7mr3KckZ/9bCHN7jLOKFLBQu8Kc9tdjjnq4+EKDPvk\njo/CDhe/LG1Mh52VPnXMuHgNnZ9bz6wr0Wzb1v1BpLM0XHBFamoK7pu+Xy3PDG1h\n/ADZhLtRad5EKzoEc3Z0HKmYbhCR0MqeMdj+Hu7AprbXdBihzuozUqAR+5qQv4K1\n6uvBDkfbwlKeVv/bn68POVJpaZzA6/TSxH2mtlJCOwqT5bMyPKRmQ+UDYF1m1HRh\nW1PwG1bCxa8LWFR2A8Q4Dd/w3eL85NwBfYhDwoXOUXVJMolglC38jJX4BGDMBA0i\nDFXtOCp/RlK/KMAJV1pNxOWvlyPWV9NFf5uIoIbHTxPJVAVuqm0NoBnFaTyVztBr\n0i6DPjfyPjimBJAwncoWq2R1CNLXyvtNcf24y8ayHAVIwJjiWfu4TLiTVScx45v8\nLiq5ZLtaGqF7+IOzyAHakpEoamq2g6Qt8EgvPV/45EWdiNWeihoTqq0D2y4xkqAw\nHF6iaxsNFPXSmCaSyX3xX8lO2lN1XwIDAQABAoICABjQeecw4/HR9RPrzotVHukG\ngLshJYrSyR8pJHeYXIucuhp6ell6YEWrY4zCFp9DRibAuX75vj6zQLMobCXoePny\n7d9vtU0cUvL80TVYITrqD/pstpqRSBb5XoKARESBp6M+Ic4kyhajBF/mRdK/rsYa\nZ8ExpQIE+Cr9t9lwb1AFCZ1w+IVfHz0MhNgLoHWrBlJrGbCZ1BxojT7XuEuji9/y\nXnUEdxEyBtZIOWjFQfQ4flYFq7vce7uiBa/mYXEL5qfLvdpizMDQ/9ik17oJ+mJw\nDo+BNJMvSjCgqz57pYaRPh8yAy+INXlSkD1N2yF6UKyhbnE11GaRnsBgO/iM9gX2\nS1Six4/HYmpCmp52V9WYyIcX87cVcGRJDfHRR9MLH6UJr5tWAc0esYy8s/EZ3gbd\nk+C0Z3h9Fg3Iopnfn8PDfRxtzsrBZOpQgk8W87yoIcB7l4CPpDUsa5EQavHarHtT\nHbwTHsQ/1jBBzbFS8IfupOG5od3foCcq5mbbIDzEMcTunvp+QOpJ6c+ELgAFBYPm\nMoIp/69jetFF7d88pBr5dCH+fIhymreDNF5rLH5WsJM9fQ3I7Dxa93dBMbOrSss/\n8k8nuW1E/ba8RICysp4PSB3BPTWZcSPVxzkCsNX3R+vUArYRuA0m+cMBHsP1uQP9\nY/epharGZLCaC/nl/UChAoIBAQD9adF1RQcOnCXDzaXWsJApz47flUJ/QeTLloZv\nZkocb166HEk5uJgGeGJNqFuCW87bPe1td5epVxlWbDrhhIEpNSPxJVktQglOvVsz\nXfBb0X34FTAhr3DAAul4wH5UYqg0NXmL7XMOq+c+S0R+AdN3LZ0E9tL0Sm/90hhN\ntvJMUrxBTefrnEdTqPXKqkiW0ynPSKKpBrt2iT9p8RQ73CAB9AP8W6KFus8T6oJ3\ni+UL3zLap4yoJzo6pK3g1RtfmRniQ4HHnRimSN8uapJXRh42/uSWdrEGVxCKg4go\naiSpEgctObJr+C8VDsW23iDBNfoU3BHEZxOYk4+x7D8DoWWnAoIBAQDuTXj0lh8Y\nmtWqg1AzZ1QDMwJfWEYrDVSLOIguRjXsRMSl6FPAHMhALtD/iMGcWs4N1wBZN70i\njpUSyWWLt/+V5Dainw1VVSiy7pr+P25LSMpueoliVH3s5Y1Q9yi4nmYf9ojK/FlJ\ntGmlNAkwrlgqz2H66yIySZsCn5McxN9GnUiqoHOdIzhRj4ftnXkAKRyp0Qe4c39I\n44huHgBh5Pt1lcCixKk06/KOdXgZQ0wPGUGQD0VIvO5B9rQZKcR0JX+d+zwjqNpR\nXaSlwdf6zwK6exBpYPJYWnrrp4ps5whk3EOZWuGSVcOMPTJwuZP9VdKrb/BNklTI\nN+E+StTMG1mJAoIBADHRn9ACJgUFRZdc0oGGbJELsPbbjRsfhS9RBFTaMy+r5V+J\nOAwU8i4zdH/33SWfjucjIY4nuLUd3mlTFbBIMGw9ejdqNEHlfZbxOwC6MwqaAL3I\nzJGSwAO/js6iaTOFwbOh36dWowv7V5azjV+IVF5VpUzYiVhlWeb4ara8hJ3klgXw\nnut+6bbUvJ1/JI4iLVIG4ZOBM1F2YfUd4/BwsgowQqhWC3lm5Fbx/3wpEHppAsJh\nthFIxPXKcjSFMMB2hNQqmVT42WO3Z8jkQqjNrBr7uUyrQNoSO7o/aYEofNSQKsEF\nWsJHJFprcQsmWCIjzmpTaVrHON8CA3njC/BWxnkCggEBAOcpRbzU5yNCByQZrzG9\n+PQFhjag9agLjUhjtU5WEza22p8piBxijyobf+dxbIZUW293cUIaXKDp+Ne5f4SS\nHx7yusDzUsbFDe7MoJMjSsVCvgN/YEd/OIwVfQjeSKUWGnDFAJsPQTnLBXQYzxVm\n+eXFOAFkF876MaDQ1K7ilsf0CKpjbOMwaBBOEAhCaj7qooBkYX3eo8k71nsjJTHR\nItBETRJXfN/2RVtFvhObgWtgD4ZEGexeQSzBuKB0MLqOKYZBUGwy/lxRX0bfi7gj\nGT115Uyjm1Jzqqtv4UqUrkLQm85mJ0yBX2hpcMWCb3keyHY+5rcIzK9P7XI0usmn\neikCggEBANVz1wugXnR/ntvJiu/hHRM9ZX62ew5JF20BfJDvyUznGcq5n+7w+uPs\nVlPc3k4UESOE4ooJg/8M3khfrBuUgFI64Le1Y6NnbAS7vy+4hUOeXIzyiyhsp6Uz\nTdLBwIBKM5xQ2LeM3lf2sP7A+q/IQvYpB8T4KRaaNmvFHy81CSMerMlrZYdCNvwX\nrCTV5EnqvpTvI2vpdkP3sAf2amjAmd4Y77royGM9g53NRlizACBICcuMj18d7YyO\nhKHSgHH0BXP102DsZHBDxMy3B1xr6d/5nCLDtHJCzJ69JLrE/4Sq+kfwqiFi/gvr\ncJnHdQinOuJs1nAjXAn1lVx0JSFY/X4=\n-----END PRIVATE KEY-----\n",
            "public_key_fingerprint_md5": "41:36:e9:de:b2:36:b4:fb:2a:53:9f:56:79:f9:63:8a",
            "public_key_fingerprint_sha256": "SHA256:JLtFfx1lJZQit+Qhz1x6FjCzZXjIApAh/CsDCWAVZVU",
            "public_key_openssh": "ssh-rsa AAAAB3NzaC1yc2EAAAADAQABAAACAQDr5RFKvhe3u+4Y1pN2l7zLGYn5rsa9GOCoOcQq9RaAh60Whk5swSkSVNvWUo/7BS1N3WaNYITOhOqgT5bGdztt/JO7SXpZVHHAkSA88vNDx6oEL0W14HXyPYxvWxSZzhj8uUMS4tJN35UpwyolyKcrC26Rw8bNM0BjcJ7mr3KckZ/9bCHN7jLOKFLBQu8Kc9tdjjnq4+EKDPvkjo/CDhe/LG1Mh52VPnXMuHgNnZ9bz6wr0Wzb1v1BpLM0XHBFamoK7pu+Xy3PDG1h/ADZhLtRad5EKzoEc3Z0HKmYbhCR0MqeMdj+Hu7AprbXdBihzuozUqAR+5qQv4K16uvBDkfbwlKeVv/bn68POVJpaZzA6/TSxH2mtlJCOwqT5bMyPKRmQ+UDYF1m1HRhW1PwG1bCxa8LWFR2A8Q4Dd/w3eL85NwBfYhDwoXOUXVJMolglC38jJX4BGDMBA0iDFXtOCp/RlK/KMAJV1pNxOWvlyPWV9NFf5uIoIbHTxPJVAVuqm0NoBnFaTyVztBr0i6DPjfyPjimBJAwncoWq2R1CNLXyvtNcf24y8ayHAVIwJjiWfu4TLiTVScx45v8Liq5ZLtaGqF7+IOzyAHakpEoamq2g6Qt8EgvPV/45EWdiNWeihoTqq0D2y4xkqAwHF6iaxsNFPXSmCaSyX3xX8lO2lN1Xw==\n",
            "public_key_pem": "-----BEGIN PUBLIC KEY-----\nMIICIjANBgkqhkiG9w0BAQEFAAOCAg8AMIICCgKCAgEA6+URSr4Xt7vuGNaTdpe8\nyxmJ+a7GvRjgqDnEKvUWgIetFoZObMEpElTb1lKP+wUtTd1mjWCEzoTqoE+Wxnc7\nbfyTu0l6WVRxwJEgPPLzQ8eqBC9FteB18j2Mb1sUmc4Y/LlDEuLSTd+VKcMqJcin\nKwtukcPGzTNAY3Ce5q9ynJGf/Wwhze4yzihSwULvCnPbXY456uPhCgz75I6Pwg4X\nvyxtTIedlT51zLh4DZ2fW8+sK9Fs29b9QaSzNFxwRWpqCu6bvl8tzwxtYfwA2YS7\nUWneRCs6BHN2dBypmG4QkdDKnjHY/h7uwKa213QYoc7qM1KgEfuakL+CterrwQ5H\n28JSnlb/25+vDzlSaWmcwOv00sR9prZSQjsKk+WzMjykZkPlA2BdZtR0YVtT8BtW\nwsWvC1hUdgPEOA3f8N3i/OTcAX2IQ8KFzlF1STKJYJQt/IyV+ARgzAQNIgxV7Tgq\nf0ZSvyjACVdaTcTlr5cj1lfTRX+biKCGx08TyVQFbqptDaAZxWk8lc7Qa9Iugz43\n8j44pgSQMJ3KFqtkdQjS18r7TXH9uMvGshwFSMCY4ln7uEy4k1UnMeOb/C4quWS7\nWhqhe/iDs8gB2pKRKGpqtoOkLfBILz1f+ORFnYjVnooaE6qtA9suMZKgMBxeomsb\nDRT10pgmksl98V/JTtpTdV8CAwEAAQ==\n-----END PUBLIC KEY-----\n",
            "rsa_bits": 4096
          },
          "sensitive_attributes": [
            [
              {
                "type": "get_attr",
                "value": "private_key_openssh"
              }
            ],
            [
              {
                "type": "get_attr",
                "value": "private_key_pem"
              }
            ],
            [
              {
                "type": "get_attr",
                "value": "private_key_pem_pkcs8"
              }
            ]
          ],
          "identity_schema_version": 0
        }
      ]
    }
  ],
  "check_results": null
}
