{
  "version": 4,
  "terraform_version": "1.15.8",
  "serial": 54,
  "lineage": "fda22fe7-393f-f8c3-1f00-41a2f979c4db",
  "outputs": {
    "available_azs": {
      "value": [
        "us-east-1a",
        "us-east-1b",
        "us-east-1c"
      ],
      "type": [
        "list",
        "string"
      ]
    },
    "private_key": {
      "value": "-----BEGIN OPENSSH PRIVATE KEY-----\nb3BlbnNzaC1rZXktdjEAAAAABG5vbmUAAAAEbm9uZQAAAAAAAAABAAACFwAAAAdz\nc2gtcnNhAAAAAwEAAQAAAgEAxvpxakxqbSijKSGCuKAEtytleXX1uMEx4c7QbrGN\nar40I56So/TtQkPrgH/8eISGQVCTQqabTdi3bI8FrKgdn6b2Z5MxC+J44hdEXaiJ\nmxLeTkr8iuuAXrrHXzKVrCk+1RmxlPnm4YzaD8oDBptTq6ebdQiayQ9c2+pcKYSf\nY79iuheSV5YlnVFSFx5oBBluxmo+7kdvxpxjOO2YDCBbobK4HkE8H+R+JLAgkKyM\nGkJmi+xXw++bVrDENxS8+Vf/nCo3xAUMbji/m1EDA+g0x/0cihlFviBJ4PNmJcKF\nfGBhvoMldjmgpTzPFFVhNAP7/SEUq8hIHd7jxni/fmY4EfXFS8W9RyJ9TJHB4I4X\n+jXcQqxuydWcz1dAjSP6rTsXT2VdLxhba4BscuyWkRWQF4SEFMhkCwW9YfZtG31O\nonXxe/ALLe3EwC91rigdsHFBNA/ZJ3sWdTIuEQMns1lKnST06xKYFf3ddIpf4cI6\ntXOyH0iWCkWwSurSubJaigiRPu3YReI0Fqmk0LUBc5MJCakKnZ2HyTyv4mfaLgDR\npUQw3Guh1vHu1sL1cP2p+fpkvhvG7NDbhqDffRYdEiD79ncVH+/7PSBYGri+D0n0\nrK19g5WrRRtqLChf2JXhxlpcxtkunvQ4ldT/z8RzAswuNLP8d/vI17mmvovk9SoC\nhGEAAAc4/33IvP99yLwAAAAHc3NoLXJzYQAAAgEAxvpxakxqbSijKSGCuKAEtytl\neXX1uMEx4c7QbrGNar40I56So/TtQkPrgH/8eISGQVCTQqabTdi3bI8FrKgdn6b2\nZ5MxC+J44hdEXaiJmxLeTkr8iuuAXrrHXzKVrCk+1RmxlPnm4YzaD8oDBptTq6eb\ndQiayQ9c2+pcKYSfY79iuheSV5YlnVFSFx5oBBluxmo+7kdvxpxjOO2YDCBbobK4\nHkE8H+R+JLAgkKyMGkJmi+xXw++bVrDENxS8+Vf/nCo3xAUMbji/m1EDA+g0x/0c\nihlFviBJ4PNmJcKFfGBhvoMldjmgpTzPFFVhNAP7/SEUq8hIHd7jxni/fmY4EfXF\nS8W9RyJ9TJHB4I4X+jXcQqxuydWcz1dAjSP6rTsXT2VdLxhba4BscuyWkRWQF4SE\nFMhkCwW9YfZtG31OonXxe/ALLe3EwC91rigdsHFBNA/ZJ3sWdTIuEQMns1lKnST0\n6xKYFf3ddIpf4cI6tXOyH0iWCkWwSurSubJaigiRPu3YReI0Fqmk0LUBc5MJCakK\nnZ2HyTyv4mfaLgDRpUQw3Guh1vHu1sL1cP2p+fpkvhvG7NDbhqDffRYdEiD79ncV\nH+/7PSBYGri+D0n0rK19g5WrRRtqLChf2JXhxlpcxtkunvQ4ldT/z8RzAswuNLP8\nd/vI17mmvovk9SoChGEAAAADAQABAAACAAc0qpwe3aZ2V5z1tGDbP/siJy/u2vyF\n1+NFihF4J0GRAcezG7xe8k35XQiaRJpYskP17F9NiUeYbDa84d0OztkpQrhy1s6H\nX7lQU7l7O6snU8WiEY3hBBUUzoOJYWzf/Cvbclg4Hz8BICR85v8mQNwb2xVclRO9\nlVn2yBT40zeEMXRrxhubObbTaxWglEO8aAvnbRVT9khLAYzeOH4NQ0Q9JKMehFQ4\nrMNyCBE1LnME/zxcoruwbFUHXGkM5zW1v3FNq2yogiVmXgn8imS/KVTUuw6FO8as\nL1YQz8eDnoc9Nkz1PYtlKtwmXO7E6MWUH1wGBqmckdVYbQc9otxWTKbJgZJLUfpv\nJVjNscfQNoqWtoXlNRIjc32hzOAOz1mDCa7wxonbDzMsqqJuN1XWO6KfesEWWl24\nJbReXi+Z2mGrnio7n3EsyWgpK01gY1Y7MI/TcpDUUs1wBFWs0tOWBDUnqquWcfVy\nq76xOLvAEl9vreE/Lg0SdKE3wtizk8bvxAWoUBRdDd6POuLkpHd+vQSMcyyGDed3\neyeibyTdirb/db/bIYRtUoqxt7GW++mZMKyMSsofktjLPjwu3u/8WxCSae5BEPHk\n7GXmYmIG/rnJoVgWyW9a9hzeNni/S+w+OEBuDkz1GboSIIOsNejA4Pq1RlqthhEG\n2FgRl3miD+bBAAABAQDKgf0UNPj4XlO4budG/p/TweUYAWnb7ceFfTdLpECcJnsE\n4pcADS8HdL6qCuD3JQYVbLeAmK+DmQraMOqaSQbi1iboYUOQe4E9mee+V0Y4JilQ\n3BkdYUQDRQmOnOz0xLcqif6UL7u74iZljEVAdvY1ShaYMSO7n5XNLEC4zj/C01En\nuPIGTTJBjs/0QZ3BAArEA/fT8kF+g2jkiwlrdxuQy5NBowvivDGGhY+GDoDXUFq6\nZwTDJgzSi7KqpmLoRftk+hfbczAr122qfjV26LoxDnsFocTo1HthsecryCXUWhX3\ntggvFzlRpqfWSAHQRxNOqVhn7QVqeqvtfoCHlfdUAAABAQDgv1x3BzCN/JxBfAKH\npSIjBBsq5YYYEp1oVAAubGcaIxRIh5dTli6t2uqqUcaqXW/G+p18EJM4nx2Jq9br\n/VBVhohv+FeQBfXT9CU7jKNqtnZb8REcCkH42Q7YDs/KnNKAF4vloHrbXtjkcgMJ\nVAe0VuLZy/dg63WzXalTSFfDg/WCvdxFlC4MAKn+Ioq670rUhvYGggVi0Ef9FLxf\ng8fevGB+bCEuSOnOYD8LBktmg1oa7o4pMa9msRcyTQJvA7+BxudeIS5lAFm9pHCF\nAOZJSBvAzaZag/q4DJQwDPHZ4SIChd4msWsXM8zRmsGn278viVNQx+ysOZcdw9sG\nClhrAAABAQDipb2X4uophijLZFaegA+Yw89fj/NuscXI+QGhoO+UPadJsMdYN1Vu\nIXMrWsobEzXJU1QWKi8LdFwluEhNgiCUpGxncYdiW074LyOQcdjVfFJEnpC9AIEo\ndS99mI6cy6bYqKuRVKtRifdx7Z8RHxv65lqqHngWon69DzB4MCChELqRmnvBM6dY\nvTwM8bwzqKLFTJw9TfFK68eMjpSBIjqlFjY4/65pJxMKL5bDvFsv0vcG9QReWrMw\nyzlUhNKl2OfXaJyiC8mj8ML7W3IJVFZ1/f5A2qgPH3O0bGdxaJVHC5wareStveh0\nvrrRBSqMjHaRkRAdZ3l63pn9bGdZl7ljAAAAAAEC\n-----END OPENSSH PRIVATE KEY-----\n",
      "type": "string",
      "sensitive": true
    },
    "public_key": {
      "value": "ssh-rsa AAAAB3NzaC1yc2EAAAADAQABAAACAQDG+nFqTGptKKMpIYK4oAS3K2V5dfW4wTHhztBusY1qvjQjnpKj9O1CQ+uAf/x4hIZBUJNCpptN2LdsjwWsqB2fpvZnkzEL4njiF0RdqImbEt5OSvyK64BeusdfMpWsKT7VGbGU+ebhjNoPygMGm1Orp5t1CJrJD1zb6lwphJ9jv2K6F5JXliWdUVIXHmgEGW7Gaj7uR2/GnGM47ZgMIFuhsrgeQTwf5H4ksCCQrIwaQmaL7FfD75tWsMQ3FLz5V/+cKjfEBQxuOL+bUQMD6DTH/RyKGUW+IEng82YlwoV8YGG+gyV2OaClPM8UVWE0A/v9IRSryEgd3uPGeL9+ZjgR9cVLxb1HIn1MkcHgjhf6NdxCrG7J1ZzPV0CNI/qtOxdPZV0vGFtrgGxy7JaRFZAXhIQUyGQLBb1h9m0bfU6idfF78Ast7cTAL3WuKB2wcUE0D9knexZ1Mi4RAyezWUqdJPTrEpgV/d10il/hwjq1c7IfSJYKRbBK6tK5slqKCJE+7dhF4jQWqaTQtQFzkwkJqQqdnYfJPK/iZ9ouANGlRDDca6HW8e7WwvVw/an5+mS+G8bs0NuGoN99Fh0SIPv2dxUf7/s9IFgauL4PSfSsrX2DlatFG2osKF/YleHGWlzG2S6e9DiV1P/PxHMCzC40s/x3+8jXuaa+i+T1KgKEYQ==\n",
      "type": "string",
      "sensitive": true
    }
  },
  "resources": [
    {
      "mode": "data",
      "type": "aws_ami",
      "name": "ubuntu",
      "provider": "provider[\"registry.terraform.io/hashicorp/aws\"]",
      "instances": [
        {
          "schema_version": 0,
          "attributes": {
            "allow_unsafe_filter": null,
            "architecture": "x86_64",
            "arn": "arn:aws:ec2:us-east-1::image/ami-025d99823a4caad37",
            "block_device_mappings": [
              {
                "device_name": "/dev/sda1",
                "ebs": {
                  "delete_on_termination": "true",
                  "encrypted": "false",
                  "iops": "0",
                  "snapshot_id": "snap-061b4b6a8efb44d83",
                  "throughput": "0",
                  "volume_initialization_rate": "0",
                  "volume_size": "8",
                  "volume_type": "gp3"
                },
                "no_device": "",
                "virtual_name": ""
              },
              {
                "device_name": "/dev/sdb",
                "ebs": {},
                "no_device": "",
                "virtual_name": "ephemeral0"
              },
              {
                "device_name": "/dev/sdc",
                "ebs": {},
                "no_device": "",
                "virtual_name": "ephemeral1"
              }
            ],
            "boot_mode": "uefi-preferred",
            "creation_date": "2026-09-04T11:46:14.000Z",
            "deprecation_time": "2028-09-04T11:46:14.000Z",
            "description": "Canonical, Ubuntu, 24.04, amd64 noble image",
            "ena_support": true,
            "executable_users": null,
            "filter": [
              {
                "name": "name",
                "values": [
                  "ubuntu/images/hvm-ssd-gp3/ubuntu-noble-24.04-amd64-server-*"
                ]
              },
              {
                "name": "root-device-type",
                "values": [
                  "ebs"
                ]
              },
              {
                "name": "virtualization-type",
                "values": [
                  "hvm"
                ]
              }
            ],
            "hypervisor": "xen",
            "id": "ami-025d99823a4caad37",
            "image_id": "ami-025d99823a4caad37",
            "image_location": "amazon/ubuntu/images/hvm-ssd-gp3/ubuntu-noble-24.04-amd64-server-20260904",
            "image_owner_alias": "amazon",
            "image_type": "machine",
            "imds_support": "v2.0",
            "include_deprecated": false,
            "kernel_id": "",
            "last_launched_time": "",
            "most_recent": true,
            "name": "ubuntu/images/hvm-ssd-gp3/ubuntu-noble-24.04-amd64-server-20260904",
            "name_regex": null,
            "owner_id": "099720109477",
            "owners": [
              "099720109477"
            ],
            "platform": "",
            "platform_details": "Linux/UNIX",
            "product_codes": [],
            "public": true,
            "ramdisk_id": "",
            "region": "us-east-1",
            "root_device_name": "/dev/sda1",
            "root_device_type": "ebs",
            "root_snapshot_id": "snap-061b4b6a8efb44d83",
            "sriov_net_support": "simple",
            "state": "available",
            "state_reason": {
              "code": "UNSET",
              "message": "UNSET"
            },
            "tags": {},
            "timeouts": null,
            "tpm_support": "",
            "uefi_data": null,
            "usage_operation": "RunInstances",
            "virtualization_type": "hvm"
          },
          "sensitive_attributes": [],
          "identity_schema_version": 0
        }
      ]
    },
    {
      "mode": "data",
      "type": "aws_availability_zones",
      "name": "available",
      "provider": "provider[\"registry.terraform.io/hashicorp/aws\"]",
      "instances": [
        {
          "schema_version": 0,
          "attributes": {
            "all_availability_zones": null,
            "exclude_names": null,
            "exclude_zone_ids": null,
            "filter": null,
            "group_names": [
              "us-east-1-zg-1"
            ],
            "id": "us-east-1",
            "names": [
              "us-east-1a",
              "us-east-1b",
              "us-east-1c",
              "us-east-1d",
              "us-east-1e",
              "us-east-1f"
            ],
            "region": "us-east-1",
            "state": "available",
            "timeouts": null,
            "zone_ids": [
              "use1-az1",
              "use1-az2",
              "use1-az4",
              "use1-az6",
              "use1-az3",
              "use1-az5"
            ]
          },
          "sensitive_attributes": [],
          "identity_schema_version": 0
        }
      ]
    },
    {
      "mode": "managed",
      "type": "aws_eip",
      "name": "nat_gw_eip",
      "provider": "provider[\"registry.terraform.io/hashicorp/aws\"]",
      "instances": [
        {
          "schema_version": 0,
          "attributes": {
            "address": null,
            "allocation_id": "eipalloc-04a20777099e4f592",
            "arn": "arn:aws:ec2:us-east-1:686255979099:elastic-ip/eipalloc-04a20777099e4f592",
            "associate_with_private_ip": null,
            "association_id": "eipassoc-0d8aff1dbafc4f4e5",
            "carrier_ip": "",
            "customer_owned_ip": "",
            "customer_owned_ipv4_pool": "",
            "domain": "vpc",
            "id": "eipalloc-04a20777099e4f592",
            "instance": "",
            "ipam_pool_id": "",
            "network_border_group": "us-east-1",
            "network_interface": "eni-09684e431bb54a047",
            "private_dns": "ip-10-10-1-11.ec2.internal",
            "private_ip": "10.10.1.11",
            "ptr_record": "",
            "public_dns": "ec2-34-197-233-200.compute-1.amazonaws.com",
            "public_ip": "34.197.233.200",
            "public_ipv4_pool": "amazon",
            "region": "us-east-1",
            "tags": {
              "Application": "acme-commerce-web",
              "Company": "Acme Commerce Pvt. Ltd.",
              "Environment": "prod",
              "Name": "aws_nat_gateway_eip"
            },
            "tags_all": {
              "Application": "acme-commerce-web",
              "Company": "Acme Commerce Pvt. Ltd.",
              "Environment": "prod",
              "Name": "aws_nat_gateway_eip"
            },
            "timeouts": null
          },
          "sensitive_attributes": [],
          "identity_schema_version": 0,
          "identity": {
            "account_id": "686255979099",
            "id": "eipalloc-04a20777099e4f592",
            "region": "us-east-1"
          },
          "private": "eyJlMmJmYjczMC1lY2FhLTExZTYtOGY4OC0zNDM2M2JjN2M0YzAiOnsiZGVsZXRlIjoxODAwMDAwMDAwMDAsInJlYWQiOjkwMDAwMDAwMDAwMCwidXBkYXRlIjozMDAwMDAwMDAwMDB9fQ=="
        }
      ]
    },
    {
      "mode": "managed",
      "type": "aws_instance",
      "name": "web-1-ec2",
      "provider": "provider[\"registry.terraform.io/hashicorp/aws\"]",
      "instances": [
        {
          "index_key": 0,
          "schema_version": 2,
          "attributes": {
            "ami": "ami-025d99823a4caad37",
            "arn": "arn:aws:ec2:us-east-1:686255979099:instance/i-055b9772a951fc797",
            "associate_public_ip_address": false,
            "availability_zone": "us-east-1a",
            "capacity_reservation_specification": [
              {
                "capacity_reservation_preference": "open",
                "capacity_reservation_target": []
              }
            ],
            "cpu_options": [
              {
                "amd_sev_snp": "",
                "core_count": 1,
                "nested_virtualization": "",
                "threads_per_core": 1
              }
            ],
            "credit_specification": [
              {
                "cpu_credits": "standard"
              }
            ],
            "disable_api_stop": false,
            "disable_api_termination": false,
            "ebs_block_device": [],
            "ebs_optimized": false,
            "enable_primary_ipv6": null,
            "enclave_options": [
              {
                "enabled": false
              }
            ],
            "ephemeral_block_device": [],
            "force_destroy": false,
            "get_password_data": false,
            "hibernation": false,
            "host_id": "",
            "host_resource_group_arn": null,
            "iam_instance_profile": "",
            "id": "i-055b9772a951fc797",
            "instance_initiated_shutdown_behavior": "stop",
            "instance_lifecycle": "",
            "instance_market_options": [],
            "instance_state": "running",
            "instance_type": "t2.micro",
            "ipv6_address_count": 0,
            "ipv6_addresses": [],
            "key_name": "acme-commerce-key",
            "launch_template": [],
            "maintenance_options": [
              {
                "auto_recovery": "default"
              }
            ],
            "metadata_options": [
              {
                "http_endpoint": "enabled",
                "http_protocol_ipv6": "disabled",
                "http_put_response_hop_limit": 2,
                "http_tokens": "required",
                "instance_metadata_tags": "disabled"
              }
            ],
            "monitoring": false,
            "network_interface": [],
            "outpost_arn": "",
            "password_data": "",
            "placement_group": "",
            "placement_group_id": "",
            "placement_partition_number": 0,
            "primary_network_interface": [
              {
                "delete_on_termination": true,
                "network_interface_id": "eni-0fe30028f8523af00"
              }
            ],
            "primary_network_interface_id": "eni-0fe30028f8523af00",
            "private_dns": "ip-10-10-20-130.ec2.internal",
            "private_dns_name_options": [
              {
                "enable_resource_name_dns_a_record": false,
                "enable_resource_name_dns_aaaa_record": false,
                "hostname_type": "ip-name"
              }
            ],
            "private_ip": "10.10.20.130",
            "public_dns": "",
            "public_ip": "",
            "region": "us-east-1",
            "root_block_device": [
              {
                "delete_on_termination": true,
                "device_name": "/dev/sda1",
                "encrypted": false,
                "iops": 100,
                "kms_key_id": "",
                "tags": null,
                "tags_all": {},
                "throughput": 0,
                "volume_id": "vol-075ed1a810010b6a0",
                "volume_size": 8,
                "volume_type": "gp2"
              }
            ],
            "secondary_network_interface": [],
            "secondary_private_ips": [],
            "security_groups": [],
            "source_dest_check": true,
            "spot_instance_request_id": "",
            "subnet_id": "subnet-048d5d39d7655165e",
            "tags": {
              "Application": "acme-commerce-web",
              "Company": "Acme Commerce Pvt. Ltd.",
              "Environment": "prod",
              "Name": "web-ec2-1"
            },
            "tags_all": {
              "Application": "acme-commerce-web",
              "Company": "Acme Commerce Pvt. Ltd.",
              "Environment": "prod",
              "Name": "web-ec2-1"
            },
            "tenancy": "default",
            "timeouts": null,
            "user_data": null,
            "user_data_base64": null,
            "user_data_replace_on_change": false,
            "volume_tags": null,
            "vpc_security_group_ids": [
              "sg-0628facb9f8a63351"
            ]
          },
          "sensitive_attributes": [],
          "identity_schema_version": 0,
          "identity": {
            "account_id": "686255979099",
            "id": "i-055b9772a951fc797",
            "region": "us-east-1"
          },
          "private": "eyJlMmJmYjczMC1lY2FhLTExZTYtOGY4OC0zNDM2M2JjN2M0YzAiOnsiY3JlYXRlIjo2MDAwMDAwMDAwMDAsImRlbGV0ZSI6MTIwMDAwMDAwMDAwMCwicmVhZCI6OTAwMDAwMDAwMDAwLCJ1cGRhdGUiOjYwMDAwMDAwMDAwMH0sInNjaGVtYV92ZXJzaW9uIjoiMiJ9",
          "dependencies": [
            "aws_security_group.lb_sg",
            "aws_security_group.web_sg",
            "aws_subnet.private_subnets",
            "aws_vpc.main",
            "data.aws_ami.ubuntu",
            "data.aws_availability_zones.available"
          ]
        },
        {
          "index_key": 1,
          "schema_version": 2,
          "attributes": {
            "ami": "ami-025d99823a4caad37",
            "arn": "arn:aws:ec2:us-east-1:686255979099:instance/i-0ee814adbb60f4e9d",
            "associate_public_ip_address": false,
            "availability_zone": "us-east-1b",
            "capacity_reservation_specification": [
              {
                "capacity_reservation_preference": "open",
                "capacity_reservation_target": []
              }
            ],
            "cpu_options": [
              {
                "amd_sev_snp": "",
                "core_count": 1,
                "nested_virtualization": "",
                "threads_per_core": 1
              }
            ],
            "credit_specification": [
              {
                "cpu_credits": "standard"
              }
            ],
            "disable_api_stop": false,
            "disable_api_termination": false,
            "ebs_block_device": [],
            "ebs_optimized": false,
            "enable_primary_ipv6": null,
            "enclave_options": [
              {
                "enabled": false
              }
            ],
            "ephemeral_block_device": [],
            "force_destroy": false,
            "get_password_data": false,
            "hibernation": false,
            "host_id": "",
            "host_resource_group_arn": null,
            "iam_instance_profile": "",
            "id": "i-0ee814adbb60f4e9d",
            "instance_initiated_shutdown_behavior": "stop",
            "instance_lifecycle": "",
            "instance_market_options": [],
            "instance_state": "running",
            "instance_type": "t2.micro",
            "ipv6_address_count": 0,
            "ipv6_addresses": [],
            "key_name": "acme-commerce-key",
            "launch_template": [],
            "maintenance_options": [
              {
                "auto_recovery": "default"
              }
            ],
            "metadata_options": [
              {
                "http_endpoint": "enabled",
                "http_protocol_ipv6": "disabled",
                "http_put_response_hop_limit": 2,
                "http_tokens": "required",
                "instance_metadata_tags": "disabled"
              }
            ],
            "monitoring": false,
            "network_interface": [],
            "outpost_arn": "",
            "password_data": "",
            "placement_group": "",
            "placement_group_id": "",
            "placement_partition_number": 0,
            "primary_network_interface": [
              {
                "delete_on_termination": true,
                "network_interface_id": "eni-001904ee92a552e08"
              }
            ],
            "primary_network_interface_id": "eni-001904ee92a552e08",
            "private_dns": "ip-10-10-30-204.ec2.internal",
            "private_dns_name_options": [
              {
                "enable_resource_name_dns_a_record": false,
                "enable_resource_name_dns_aaaa_record": false,
                "hostname_type": "ip-name"
              }
            ],
            "private_ip": "10.10.30.204",
            "public_dns": "",
            "public_ip": "",
            "region": "us-east-1",
            "root_block_device": [
              {
                "delete_on_termination": true,
                "device_name": "/dev/sda1",
                "encrypted": false,
                "iops": 100,
                "kms_key_id": "",
                "tags": null,
                "tags_all": {},
                "throughput": 0,
                "volume_id": "vol-028ab5bd553db7851",
                "volume_size": 8,
                "volume_type": "gp2"
              }
            ],
            "secondary_network_interface": [],
            "secondary_private_ips": [],
            "security_groups": [],
            "source_dest_check": true,
            "spot_instance_request_id": "",
            "subnet_id": "subnet-01d91d54df33a2405",
            "tags": {
              "Application": "acme-commerce-web",
              "Company": "Acme Commerce Pvt. Ltd.",
              "Environment": "prod",
              "Name": "web-ec2-2"
            },
            "tags_all": {
              "Application": "acme-commerce-web",
              "Company": "Acme Commerce Pvt. Ltd.",
              "Environment": "prod",
              "Name": "web-ec2-2"
            },
            "tenancy": "default",
            "timeouts": null,
            "user_data": null,
            "user_data_base64": null,
            "user_data_replace_on_change": false,
            "volume_tags": null,
            "vpc_security_group_ids": [
              "sg-0628facb9f8a63351"
            ]
          },
          "sensitive_attributes": [],
          "identity_schema_version": 0,
          "identity": {
            "account_id": "686255979099",
            "id": "i-0ee814adbb60f4e9d",
            "region": "us-east-1"
          },
          "private": "eyJlMmJmYjczMC1lY2FhLTExZTYtOGY4OC0zNDM2M2JjN2M0YzAiOnsiY3JlYXRlIjo2MDAwMDAwMDAwMDAsImRlbGV0ZSI6MTIwMDAwMDAwMDAwMCwicmVhZCI6OTAwMDAwMDAwMDAwLCJ1cGRhdGUiOjYwMDAwMDAwMDAwMH0sInNjaGVtYV92ZXJzaW9uIjoiMiJ9",
          "dependencies": [
            "aws_security_group.lb_sg",
            "aws_security_group.web_sg",
            "aws_subnet.private_subnets",
            "aws_vpc.main",
            "data.aws_ami.ubuntu",
            "data.aws_availability_zones.available"
          ]
        }
      ]
    },
    {
      "mode": "managed",
      "type": "aws_internet_gateway",
      "name": "igw",
      "provider": "provider[\"registry.terraform.io/hashicorp/aws\"]",
      "instances": [
        {
          "schema_version": 0,
          "attributes": {
            "arn": "arn:aws:ec2:us-east-1:686255979099:internet-gateway/igw-0e1df425c3e2aeef4",
            "id": "igw-0e1df425c3e2aeef4",
            "owner_id": "686255979099",
            "region": "us-east-1",
            "tags": {
              "Application": "acme-commerce-web",
              "Company": "Acme Commerce Pvt. Ltd.",
              "Environment": "prod",
              "Name": "Acme Commerce Pvt. Ltd.-igw"
            },
            "tags_all": {
              "Application": "acme-commerce-web",
              "Company": "Acme Commerce Pvt. Ltd.",
              "Environment": "prod",
              "Name": "Acme Commerce Pvt. Ltd.-igw"
            },
            "timeouts": null,
            "vpc_id": "vpc-07a5088818e352274"
          },
          "sensitive_attributes": [],
          "identity_schema_version": 0,
          "identity": {
            "account_id": "686255979099",
            "id": "igw-0e1df425c3e2aeef4",
            "region": "us-east-1"
          },
          "private": "eyJlMmJmYjczMC1lY2FhLTExZTYtOGY4OC0zNDM2M2JjN2M0YzAiOnsiY3JlYXRlIjoxMjAwMDAwMDAwMDAwLCJkZWxldGUiOjEyMDAwMDAwMDAwMDAsInVwZGF0ZSI6MTIwMDAwMDAwMDAwMH19",
          "dependencies": [
            "aws_vpc.main"
          ]
        }
      ]
    },
    {
      "mode": "managed",
      "type": "aws_key_pair",
      "name": "ec2_key_pair",
      "provider": "provider[\"registry.terraform.io/hashicorp/aws\"]",
      "instances": [
        {
          "schema_version": 1,
          "attributes": {
            "arn": "arn:aws:ec2:us-east-1:686255979099:key-pair/acme-commerce-key",
            "fingerprint": "3a:43:ce:f2:71:98:6e:fa:af:82:1c:89:9b:13:b0:c9",
            "id": "acme-commerce-key",
            "key_name": "acme-commerce-key",
            "key_name_prefix": "",
            "key_pair_id": "key-0d1318c651cb0f51c",
            "key_type": "rsa",
            "public_key": "ssh-rsa AAAAB3NzaC1yc2EAAAADAQABAAACAQDG+nFqTGptKKMpIYK4oAS3K2V5dfW4wTHhztBusY1qvjQjnpKj9O1CQ+uAf/x4hIZBUJNCpptN2LdsjwWsqB2fpvZnkzEL4njiF0RdqImbEt5OSvyK64BeusdfMpWsKT7VGbGU+ebhjNoPygMGm1Orp5t1CJrJD1zb6lwphJ9jv2K6F5JXliWdUVIXHmgEGW7Gaj7uR2/GnGM47ZgMIFuhsrgeQTwf5H4ksCCQrIwaQmaL7FfD75tWsMQ3FLz5V/+cKjfEBQxuOL+bUQMD6DTH/RyKGUW+IEng82YlwoV8YGG+gyV2OaClPM8UVWE0A/v9IRSryEgd3uPGeL9+ZjgR9cVLxb1HIn1MkcHgjhf6NdxCrG7J1ZzPV0CNI/qtOxdPZV0vGFtrgGxy7JaRFZAXhIQUyGQLBb1h9m0bfU6idfF78Ast7cTAL3WuKB2wcUE0D9knexZ1Mi4RAyezWUqdJPTrEpgV/d10il/hwjq1c7IfSJYKRbBK6tK5slqKCJE+7dhF4jQWqaTQtQFzkwkJqQqdnYfJPK/iZ9ouANGlRDDca6HW8e7WwvVw/an5+mS+G8bs0NuGoN99Fh0SIPv2dxUf7/s9IFgauL4PSfSsrX2DlatFG2osKF/YleHGWlzG2S6e9DiV1P/PxHMCzC40s/x3+8jXuaa+i+T1KgKEYQ==",
            "region": "us-east-1",
            "tags": {},
            "tags_all": {}
          },
          "sensitive_attributes": [],
          "identity_schema_version": 0,
          "private": "eyJzY2hlbWFfdmVyc2lvbiI6IjEifQ==",
          "dependencies": [
            "tls_private_key.ec2_key"
          ]
        }
      ]
    },
    {
      "mode": "managed",
      "type": "aws_nat_gateway",
      "name": "nat_gw",
      "provider": "provider[\"registry.terraform.io/hashicorp/aws\"]",
      "instances": [
        {
          "schema_version": 0,
          "attributes": {
            "allocation_id": "eipalloc-04a20777099e4f592",
            "association_id": "eipassoc-0d8aff1dbafc4f4e5",
            "auto_provision_zones": null,
            "auto_scaling_ips": null,
            "availability_mode": "zonal",
            "availability_zone_address": [],
            "connectivity_type": "public",
            "id": "nat-052659be367d628af",
            "network_interface_id": "eni-09684e431bb54a047",
            "private_ip": "10.10.1.11",
            "public_ip": "34.197.233.200",
            "region": "us-east-1",
            "regional_nat_gateway_address": [],
            "regional_nat_gateway_auto_mode": null,
            "route_table_id": null,
            "secondary_allocation_ids": [],
            "secondary_private_ip_address_count": 0,
            "secondary_private_ip_addresses": [],
            "subnet_id": "subnet-00894f5100ee1a3c9",
            "tags": {
              "Application": "acme-commerce-web",
              "Company": "Acme Commerce Pvt. Ltd.",
              "Environment": "prod",
              "Name": "aws_nat_gw"
            },
            "tags_all": {
              "Application": "acme-commerce-web",
              "Company": "Acme Commerce Pvt. Ltd.",
              "Environment": "prod",
              "Name": "aws_nat_gw"
            },
            "timeouts": null,
            "vpc_id": "vpc-07a5088818e352274"
          },
          "sensitive_attributes": [],
          "identity_schema_version": 0,
          "identity": {
            "account_id": "686255979099",
            "id": "nat-052659be367d628af",
            "region": "us-east-1"
          },
          "private": "eyJlMmJmYjczMC1lY2FhLTExZTYtOGY4OC0zNDM2M2JjN2M0YzAiOnsiY3JlYXRlIjo2MDAwMDAwMDAwMDAsImRlbGV0ZSI6MTgwMDAwMDAwMDAwMCwidXBkYXRlIjo2MDAwMDAwMDAwMDB9fQ==",
          "dependencies": [
            "aws_eip.nat_gw_eip",
            "aws_subnet.public_subnet",
            "aws_vpc.main",
            "data.aws_availability_zones.available"
          ]
        }
      ]
    },
    {
      "mode": "managed",
      "type": "aws_route_table",
      "name": "private_rt",
      "provider": "provider[\"registry.terraform.io/hashicorp/aws\"]",
      "instances": [
        {
          "schema_version": 0,
          "attributes": {
            "arn": "arn:aws:ec2:us-east-1:686255979099:route-table/rtb-0b4a22fca0673e05c",
            "id": "rtb-0b4a22fca0673e05c",
            "owner_id": "686255979099",
            "propagating_vgws": [],
            "region": "us-east-1",
            "route": [
              {
                "carrier_gateway_id": "",
                "cidr_block": "0.0.0.0/0",
                "core_network_arn": "",
                "destination_prefix_list_id": "",
                "egress_only_gateway_id": "",
                "gateway_id": "",
                "ipv6_cidr_block": "",
                "local_gateway_id": "",
                "nat_gateway_id": "nat-052659be367d628af",
                "network_interface_id": "",
                "odb_network_arn": "",
                "transit_gateway_id": "",
                "vpc_endpoint_id": "",
                "vpc_peering_connection_id": ""
              }
            ],
            "tags": {
              "Application": "acme-commerce-web",
              "Company": "Acme Commerce Pvt. Ltd.",
              "Environment": "prod",
              "Name": "private_route_table"
            },
            "tags_all": {
              "Application": "acme-commerce-web",
              "Company": "Acme Commerce Pvt. Ltd.",
              "Environment": "prod",
              "Name": "private_route_table"
            },
            "timeouts": null,
            "vpc_id": "vpc-07a5088818e352274"
          },
          "sensitive_attributes": [],
          "identity_schema_version": 0,
          "identity": {
            "account_id": "686255979099",
            "id": "rtb-0b4a22fca0673e05c",
            "region": "us-east-1"
          },
          "private": "eyJlMmJmYjczMC1lY2FhLTExZTYtOGY4OC0zNDM2M2JjN2M0YzAiOnsiY3JlYXRlIjozMDAwMDAwMDAwMDAsImRlbGV0ZSI6MzAwMDAwMDAwMDAwLCJ1cGRhdGUiOjEyMDAwMDAwMDAwMH19",
          "dependencies": [
            "aws_eip.nat_gw_eip",
            "aws_nat_gateway.nat_gw",
            "aws_subnet.public_subnet",
            "aws_vpc.main",
            "data.aws_availability_zones.available"
          ]
        }
      ]
    },
    {
      "mode": "managed",
      "type": "aws_route_table",
      "name": "public_rt",
      "provider": "provider[\"registry.terraform.io/hashicorp/aws\"]",
      "instances": [
        {
          "schema_version": 0,
          "attributes": {
            "arn": "arn:aws:ec2:us-east-1:686255979099:route-table/rtb-06dde357b10e44d15",
            "id": "rtb-06dde357b10e44d15",
            "owner_id": "686255979099",
            "propagating_vgws": [],
            "region": "us-east-1",
            "route": [
              {
                "carrier_gateway_id": "",
                "cidr_block": "0.0.0.0/0",
                "core_network_arn": "",
                "destination_prefix_list_id": "",
                "egress_only_gateway_id": "",
                "gateway_id": "igw-0e1df425c3e2aeef4",
                "ipv6_cidr_block": "",
                "local_gateway_id": "",
                "nat_gateway_id": "",
                "network_interface_id": "",
                "odb_network_arn": "",
                "transit_gateway_id": "",
                "vpc_endpoint_id": "",
                "vpc_peering_connection_id": ""
              }
            ],
            "tags": {
              "Application": "acme-commerce-web",
              "Company": "Acme Commerce Pvt. Ltd.",
              "Environment": "prod",
              "Name": "public_route_table"
            },
            "tags_all": {
              "Application": "acme-commerce-web",
              "Company": "Acme Commerce Pvt. Ltd.",
              "Environment": "prod",
              "Name": "public_route_table"
            },
            "timeouts": null,
            "vpc_id": "vpc-07a5088818e352274"
          },
          "sensitive_attributes": [],
          "identity_schema_version": 0,
          "identity": {
            "account_id": "686255979099",
            "id": "rtb-06dde357b10e44d15",
            "region": "us-east-1"
          },
          "private": "eyJlMmJmYjczMC1lY2FhLTExZTYtOGY4OC0zNDM2M2JjN2M0YzAiOnsiY3JlYXRlIjozMDAwMDAwMDAwMDAsImRlbGV0ZSI6MzAwMDAwMDAwMDAwLCJ1cGRhdGUiOjEyMDAwMDAwMDAwMH19",
          "dependencies": [
            "aws_internet_gateway.igw",
            "aws_vpc.main"
          ]
        }
      ]
    },
    {
      "mode": "managed",
      "type": "aws_route_table_association",
      "name": "private_rt_assoc",
      "provider": "provider[\"registry.terraform.io/hashicorp/aws\"]",
      "instances": [
        {
          "index_key": 0,
          "schema_version": 0,
          "attributes": {
            "gateway_id": "",
            "id": "rtbassoc-00ebc66f7d5b1d258",
            "region": "us-east-1",
            "route_table_id": "rtb-0b4a22fca0673e05c",
            "subnet_id": "subnet-048d5d39d7655165e",
            "timeouts": null
          },
          "sensitive_attributes": [],
          "identity_schema_version": 0,
          "identity": {
            "account_id": "686255979099",
            "id": "rtbassoc-00ebc66f7d5b1d258",
            "region": "us-east-1"
          },
          "private": "eyJlMmJmYjczMC1lY2FhLTExZTYtOGY4OC0zNDM2M2JjN2M0YzAiOnsiY3JlYXRlIjozMDAwMDAwMDAwMDAsImRlbGV0ZSI6MzAwMDAwMDAwMDAwLCJ1cGRhdGUiOjEyMDAwMDAwMDAwMH19",
          "dependencies": [
            "aws_eip.nat_gw_eip",
            "aws_nat_gateway.nat_gw",
            "aws_route_table.private_rt",
            "aws_subnet.private_subnets",
            "aws_subnet.public_subnet",
            "aws_vpc.main",
            "data.aws_availability_zones.available"
          ]
        },
        {
          "index_key": 1,
          "schema_version": 0,
          "attributes": {
            "gateway_id": "",
            "id": "rtbassoc-0ee7dec498f309c6d",
            "region": "us-east-1",
            "route_table_id": "rtb-0b4a22fca0673e05c",
            "subnet_id": "subnet-01d91d54df33a2405",
            "timeouts": null
          },
          "sensitive_attributes": [],
          "identity_schema_version": 0,
          "identity": {
            "account_id": "686255979099",
            "id": "rtbassoc-0ee7dec498f309c6d",
            "region": "us-east-1"
          },
          "private": "eyJlMmJmYjczMC1lY2FhLTExZTYtOGY4OC0zNDM2M2JjN2M0YzAiOnsiY3JlYXRlIjozMDAwMDAwMDAwMDAsImRlbGV0ZSI6MzAwMDAwMDAwMDAwLCJ1cGRhdGUiOjEyMDAwMDAwMDAwMH19",
          "dependencies": [
            "aws_eip.nat_gw_eip",
            "aws_nat_gateway.nat_gw",
            "aws_route_table.private_rt",
            "aws_subnet.private_subnets",
            "aws_subnet.public_subnet",
            "aws_vpc.main",
            "data.aws_availability_zones.available"
          ]
        }
      ]
    },
    {
      "mode": "managed",
      "type": "aws_route_table_association",
      "name": "public_rt_assoc",
      "provider": "provider[\"registry.terraform.io/hashicorp/aws\"]",
      "instances": [
        {
          "index_key": 0,
          "schema_version": 0,
          "attributes": {
            "gateway_id": "",
            "id": "rtbassoc-06e69e46cabf0faeb",
            "region": "us-east-1",
            "route_table_id": "rtb-06dde357b10e44d15",
            "subnet_id": "subnet-00894f5100ee1a3c9",
            "timeouts": null
          },
          "sensitive_attributes": [],
          "identity_schema_version": 0,
          "identity": {
            "account_id": "686255979099",
            "id": "rtbassoc-06e69e46cabf0faeb",
            "region": "us-east-1"
          },
          "private": "eyJlMmJmYjczMC1lY2FhLTExZTYtOGY4OC0zNDM2M2JjN2M0YzAiOnsiY3JlYXRlIjozMDAwMDAwMDAwMDAsImRlbGV0ZSI6MzAwMDAwMDAwMDAwLCJ1cGRhdGUiOjEyMDAwMDAwMDAwMH19",
          "dependencies": [
            "aws_internet_gateway.igw",
            "aws_route_table.public_rt",
            "aws_subnet.public_subnet",
            "aws_vpc.main",
            "data.aws_availability_zones.available"
          ]
        },
        {
          "index_key": 1,
          "schema_version": 0,
          "attributes": {
            "gateway_id": "",
            "id": "rtbassoc-09a4f7dcd6280ba52",
            "region": "us-east-1",
            "route_table_id": "rtb-06dde357b10e44d15",
            "subnet_id": "subnet-089000a99742dd76e",
            "timeouts": null
          },
          "sensitive_attributes": [],
          "identity_schema_version": 0,
          "identity": {
            "account_id": "686255979099",
            "id": "rtbassoc-09a4f7dcd6280ba52",
            "region": "us-east-1"
          },
          "private": "eyJlMmJmYjczMC1lY2FhLTExZTYtOGY4OC0zNDM2M2JjN2M0YzAiOnsiY3JlYXRlIjozMDAwMDAwMDAwMDAsImRlbGV0ZSI6MzAwMDAwMDAwMDAwLCJ1cGRhdGUiOjEyMDAwMDAwMDAwMH19",
          "dependencies": [
            "aws_internet_gateway.igw",
            "aws_route_table.public_rt",
            "aws_subnet.public_subnet",
            "aws_vpc.main",
            "data.aws_availability_zones.available"
          ]
        }
      ]
    },
    {
      "mode": "managed",
      "type": "aws_security_group",
      "name": "lb_sg",
      "provider": "provider[\"registry.terraform.io/hashicorp/aws\"]",
      "instances": [
        {
          "schema_version": 1,
          "attributes": {
            "arn": "arn:aws:ec2:us-east-1:686255979099:security-group/sg-00a440d9bf7463aa3",
            "description": "Security group for load balancer",
            "egress": [
              {
                "cidr_blocks": [
                  "0.0.0.0/0"
                ],
                "description": "",
                "from_port": 0,
                "ipv6_cidr_blocks": [],
                "prefix_list_ids": [],
                "protocol": "-1",
                "security_groups": [],
                "self": false,
                "to_port": 0
              }
            ],
            "id": "sg-00a440d9bf7463aa3",
            "ingress": [
              {
                "cidr_blocks": [
                  "0.0.0.0/0"
                ],
                "description": "",
                "from_port": 80,
                "ipv6_cidr_blocks": [],
                "prefix_list_ids": [],
                "protocol": "tcp",
                "security_groups": [],
                "self": false,
                "to_port": 80
              }
            ],
            "name": "acme-commerce-lb-sg",
            "name_prefix": "",
            "owner_id": "686255979099",
            "region": "us-east-1",
            "revoke_rules_on_delete": false,
            "tags": {},
            "tags_all": {},
            "timeouts": null,
            "vpc_id": "vpc-07a5088818e352274"
          },
          "sensitive_attributes": [],
          "identity_schema_version": 0,
          "identity": {
            "account_id": "686255979099",
            "id": "sg-00a440d9bf7463aa3",
            "region": "us-east-1"
          },
          "private": "eyJlMmJmYjczMC1lY2FhLTExZTYtOGY4OC0zNDM2M2JjN2M0YzAiOnsiY3JlYXRlIjo2MDAwMDAwMDAwMDAsImRlbGV0ZSI6OTAwMDAwMDAwMDAwfSwic2NoZW1hX3ZlcnNpb24iOiIxIn0=",
          "dependencies": [
            "aws_vpc.main"
          ]
        }
      ]
    },
    {
      "mode": "managed",
      "type": "aws_security_group",
      "name": "web_sg",
      "provider": "provider[\"registry.terraform.io/hashicorp/aws\"]",
      "instances": [
        {
          "schema_version": 1,
          "attributes": {
            "arn": "arn:aws:ec2:us-east-1:686255979099:security-group/sg-0628facb9f8a63351",
            "description": "Security group for web servers",
            "egress": [
              {
                "cidr_blocks": [
                  "0.0.0.0/0"
                ],
                "description": "",
                "from_port": 0,
                "ipv6_cidr_blocks": [],
                "prefix_list_ids": [],
                "protocol": "-1",
                "security_groups": [],
                "self": false,
                "to_port": 0
              }
            ],
            "id": "sg-0628facb9f8a63351",
            "ingress": [
              {
                "cidr_blocks": [],
                "description": "",
                "from_port": 80,
                "ipv6_cidr_blocks": [],
                "prefix_list_ids": [],
                "protocol": "tcp",
                "security_groups": [
                  "sg-00a440d9bf7463aa3"
                ],
                "self": false,
                "to_port": 80
              }
            ],
            "name": "acme-commerce-web-sg",
            "name_prefix": "",
            "owner_id": "686255979099",
            "region": "us-east-1",
            "revoke_rules_on_delete": false,
            "tags": {},
            "tags_all": {},
            "timeouts": null,
            "vpc_id": "vpc-07a5088818e352274"
          },
          "sensitive_attributes": [],
          "identity_schema_version": 0,
          "identity": {
            "account_id": "686255979099",
            "id": "sg-0628facb9f8a63351",
            "region": "us-east-1"
          },
          "private": "eyJlMmJmYjczMC1lY2FhLTExZTYtOGY4OC0zNDM2M2JjN2M0YzAiOnsiY3JlYXRlIjo2MDAwMDAwMDAwMDAsImRlbGV0ZSI6OTAwMDAwMDAwMDAwfSwic2NoZW1hX3ZlcnNpb24iOiIxIn0=",
          "dependencies": [
            "aws_security_group.lb_sg",
            "aws_vpc.main"
          ]
        }
      ]
    },
    {
      "mode": "managed",
      "type": "aws_subnet",
      "name": "private_subnets",
      "provider": "provider[\"registry.terraform.io/hashicorp/aws\"]",
      "instances": [
        {
          "index_key": 0,
          "schema_version": 1,
          "attributes": {
            "arn": "arn:aws:ec2:us-east-1:686255979099:subnet/subnet-048d5d39d7655165e",
            "assign_ipv6_address_on_creation": false,
            "availability_zone": "us-east-1a",
            "availability_zone_id": "use1-az1",
            "cidr_block": "10.10.20.0/24",
            "customer_owned_ipv4_pool": "",
            "enable_dns64": false,
            "enable_lni_at_device_index": 0,
            "enable_resource_name_dns_a_record_on_launch": false,
            "enable_resource_name_dns_aaaa_record_on_launch": false,
            "id": "subnet-048d5d39d7655165e",
            "ipv4_ipam_pool_id": null,
            "ipv4_netmask_length": null,
            "ipv6_cidr_block": "",
            "ipv6_cidr_block_association_id": "",
            "ipv6_ipam_pool_id": null,
            "ipv6_native": false,
            "ipv6_netmask_length": null,
            "map_customer_owned_ip_on_launch": false,
            "map_public_ip_on_launch": false,
            "outpost_arn": "",
            "owner_id": "686255979099",
            "private_dns_hostname_type_on_launch": "ip-name",
            "region": "us-east-1",
            "tags": {
              "Application": "acme-commerce-web",
              "Company": "Acme Commerce Pvt. Ltd.",
              "Environment": "prod",
              "Name": "Private_subnet-1"
            },
            "tags_all": {
              "Application": "acme-commerce-web",
              "Company": "Acme Commerce Pvt. Ltd.",
              "Environment": "prod",
              "Name": "Private_subnet-1"
            },
            "timeouts": null,
            "vpc_id": "vpc-07a5088818e352274"
          },
          "sensitive_attributes": [],
          "identity_schema_version": 0,
          "identity": {
            "account_id": "686255979099",
            "id": "subnet-048d5d39d7655165e",
            "region": "us-east-1"
          },
          "private": "eyJlMmJmYjczMC1lY2FhLTExZTYtOGY4OC0zNDM2M2JjN2M0YzAiOnsiY3JlYXRlIjo2MDAwMDAwMDAwMDAsImRlbGV0ZSI6MTIwMDAwMDAwMDAwMH0sInNjaGVtYV92ZXJzaW9uIjoiMSJ9",
          "dependencies": [
            "aws_vpc.main",
            "data.aws_availability_zones.available"
          ]
        },
        {
          "index_key": 1,
          "schema_version": 1,
          "attributes": {
            "arn": "arn:aws:ec2:us-east-1:686255979099:subnet/subnet-01d91d54df33a2405",
            "assign_ipv6_address_on_creation": false,
            "availability_zone": "us-east-1b",
            "availability_zone_id": "use1-az2",
            "cidr_block": "10.10.30.0/24",
            "customer_owned_ipv4_pool": "",
            "enable_dns64": false,
            "enable_lni_at_device_index": 0,
            "enable_resource_name_dns_a_record_on_launch": false,
            "enable_resource_name_dns_aaaa_record_on_launch": false,
            "id": "subnet-01d91d54df33a2405",
            "ipv4_ipam_pool_id": null,
            "ipv4_netmask_length": null,
            "ipv6_cidr_block": "",
            "ipv6_cidr_block_association_id": "",
            "ipv6_ipam_pool_id": null,
            "ipv6_native": false,
            "ipv6_netmask_length": null,
            "map_customer_owned_ip_on_launch": false,
            "map_public_ip_on_launch": false,
            "outpost_arn": "",
            "owner_id": "686255979099",
            "private_dns_hostname_type_on_launch": "ip-name",
            "region": "us-east-1",
            "tags": {
              "Application": "acme-commerce-web",
              "Company": "Acme Commerce Pvt. Ltd.",
              "Environment": "prod",
              "Name": "Private_subnet-2"
            },
            "tags_all": {
              "Application": "acme-commerce-web",
              "Company": "Acme Commerce Pvt. Ltd.",
              "Environment": "prod",
              "Name": "Private_subnet-2"
            },
            "timeouts": null,
            "vpc_id": "vpc-07a5088818e352274"
          },
          "sensitive_attributes": [],
          "identity_schema_version": 0,
          "identity": {
            "account_id": "686255979099",
            "id": "subnet-01d91d54df33a2405",
            "region": "us-east-1"
          },
          "private": "eyJlMmJmYjczMC1lY2FhLTExZTYtOGY4OC0zNDM2M2JjN2M0YzAiOnsiY3JlYXRlIjo2MDAwMDAwMDAwMDAsImRlbGV0ZSI6MTIwMDAwMDAwMDAwMH0sInNjaGVtYV92ZXJzaW9uIjoiMSJ9",
          "dependencies": [
            "aws_vpc.main",
            "data.aws_availability_zones.available"
          ]
        }
      ]
    },
    {
      "mode": "managed",
      "type": "aws_subnet",
      "name": "public_subnet",
      "provider": "provider[\"registry.terraform.io/hashicorp/aws\"]",
      "instances": [
        {
          "index_key": 0,
          "schema_version": 1,
          "attributes": {
            "arn": "arn:aws:ec2:us-east-1:686255979099:subnet/subnet-00894f5100ee1a3c9",
            "assign_ipv6_address_on_creation": false,
            "availability_zone": "us-east-1a",
            "availability_zone_id": "use1-az1",
            "cidr_block": "10.10.1.0/24",
            "customer_owned_ipv4_pool": "",
            "enable_dns64": false,
            "enable_lni_at_device_index": 0,
            "enable_resource_name_dns_a_record_on_launch": false,
            "enable_resource_name_dns_aaaa_record_on_launch": false,
            "id": "subnet-00894f5100ee1a3c9",
            "ipv4_ipam_pool_id": null,
            "ipv4_netmask_length": null,
            "ipv6_cidr_block": "",
            "ipv6_cidr_block_association_id": "",
            "ipv6_ipam_pool_id": null,
            "ipv6_native": false,
            "ipv6_netmask_length": null,
            "map_customer_owned_ip_on_launch": false,
            "map_public_ip_on_launch": true,
            "outpost_arn": "",
            "owner_id": "686255979099",
            "private_dns_hostname_type_on_launch": "ip-name",
            "region": "us-east-1",
            "tags": {
              "Application": "acme-commerce-web",
              "Company": "Acme Commerce Pvt. Ltd.",
              "Environment": "prod",
              "Name": "public_subnet-1"
            },
            "tags_all": {
              "Application": "acme-commerce-web",
              "Company": "Acme Commerce Pvt. Ltd.",
              "Environment": "prod",
              "Name": "public_subnet-1"
            },
            "timeouts": null,
            "vpc_id": "vpc-07a5088818e352274"
          },
          "sensitive_attributes": [],
          "identity_schema_version": 0,
          "identity": {
            "account_id": "686255979099",
            "id": "subnet-00894f5100ee1a3c9",
            "region": "us-east-1"
          },
          "private": "eyJlMmJmYjczMC1lY2FhLTExZTYtOGY4OC0zNDM2M2JjN2M0YzAiOnsiY3JlYXRlIjo2MDAwMDAwMDAwMDAsImRlbGV0ZSI6MTIwMDAwMDAwMDAwMH0sInNjaGVtYV92ZXJzaW9uIjoiMSJ9",
          "dependencies": [
            "aws_vpc.main",
            "data.aws_availability_zones.available"
          ]
        },
        {
          "index_key": 1,
          "schema_version": 1,
          "attributes": {
            "arn": "arn:aws:ec2:us-east-1:686255979099:subnet/subnet-089000a99742dd76e",
            "assign_ipv6_address_on_creation": false,
            "availability_zone": "us-east-1b",
            "availability_zone_id": "use1-az2",
            "cidr_block": "10.10.2.0/24",
            "customer_owned_ipv4_pool": "",
            "enable_dns64": false,
            "enable_lni_at_device_index": 0,
            "enable_resource_name_dns_a_record_on_launch": false,
            "enable_resource_name_dns_aaaa_record_on_launch": false,
            "id": "subnet-089000a99742dd76e",
            "ipv4_ipam_pool_id": null,
            "ipv4_netmask_length": null,
            "ipv6_cidr_block": "",
            "ipv6_cidr_block_association_id": "",
            "ipv6_ipam_pool_id": null,
            "ipv6_native": false,
            "ipv6_netmask_length": null,
            "map_customer_owned_ip_on_launch": false,
            "map_public_ip_on_launch": true,
            "outpost_arn": "",
            "owner_id": "686255979099",
            "private_dns_hostname_type_on_launch": "ip-name",
            "region": "us-east-1",
            "tags": {
              "Application": "acme-commerce-web",
              "Company": "Acme Commerce Pvt. Ltd.",
              "Environment": "prod",
              "Name": "public_subnet-2"
            },
            "tags_all": {
              "Application": "acme-commerce-web",
              "Company": "Acme Commerce Pvt. Ltd.",
              "Environment": "prod",
              "Name": "public_subnet-2"
            },
            "timeouts": null,
            "vpc_id": "vpc-07a5088818e352274"
          },
          "sensitive_attributes": [],
          "identity_schema_version": 0,
          "identity": {
            "account_id": "686255979099",
            "id": "subnet-089000a99742dd76e",
            "region": "us-east-1"
          },
          "private": "eyJlMmJmYjczMC1lY2FhLTExZTYtOGY4OC0zNDM2M2JjN2M0YzAiOnsiY3JlYXRlIjo2MDAwMDAwMDAwMDAsImRlbGV0ZSI6MTIwMDAwMDAwMDAwMH0sInNjaGVtYV92ZXJzaW9uIjoiMSJ9",
          "dependencies": [
            "aws_vpc.main",
            "data.aws_availability_zones.available"
          ]
        }
      ]
    },
    {
      "mode": "managed",
      "type": "aws_vpc",
      "name": "main",
      "provider": "provider[\"registry.terraform.io/hashicorp/aws\"]",
      "instances": [
        {
          "schema_version": 1,
          "attributes": {
            "arn": "arn:aws:ec2:us-east-1:686255979099:vpc/vpc-07a5088818e352274",
            "assign_generated_ipv6_cidr_block": false,
            "cidr_block": "10.10.0.0/16",
            "default_network_acl_id": "acl-06806257e0233dce2",
            "default_route_table_id": "rtb-03f1f015d8b71a096",
            "default_security_group_id": "sg-020f9ee3eab2b968f",
            "dhcp_options_id": "dopt-0cf65eb5f324a88ad",
            "enable_dns_hostnames": true,
            "enable_dns_support": true,
            "enable_network_address_usage_metrics": false,
            "id": "vpc-07a5088818e352274",
            "instance_tenancy": "default",
            "ipv4_ipam_pool_id": null,
            "ipv4_netmask_length": null,
            "ipv6_association_id": "",
            "ipv6_cidr_block": "",
            "ipv6_cidr_block_network_border_group": "",
            "ipv6_ipam_pool_id": "",
            "ipv6_netmask_length": 0,
            "main_route_table_id": "rtb-03f1f015d8b71a096",
            "owner_id": "686255979099",
            "region": "us-east-1",
            "tags": {
              "Application": "acme-commerce-web",
              "Company": "Acme Commerce Pvt. Ltd.",
              "Environment": "prod",
              "Name": "Acme Commerce Pvt. Ltd.-vpc"
            },
            "tags_all": {
              "Application": "acme-commerce-web",
              "Company": "Acme Commerce Pvt. Ltd.",
              "Environment": "prod",
              "Name": "Acme Commerce Pvt. Ltd.-vpc"
            }
          },
          "sensitive_attributes": [],
          "identity_schema_version": 0,
          "identity": {
            "account_id": "686255979099",
            "id": "vpc-07a5088818e352274",
            "region": "us-east-1"
          },
          "private": "eyJzY2hlbWFfdmVyc2lvbiI6IjEifQ=="
        }
      ]
    },
    {
      "mode": "managed",
      "type": "local_sensitive_file",
      "name": "private_key",
      "provider": "provider[\"registry.terraform.io/hashicorp/local\"]",
      "instances": [
        {
          "schema_version": 0,
          "attributes": {
            "content": "-----BEGIN OPENSSH PRIVATE KEY-----\nb3BlbnNzaC1rZXktdjEAAAAABG5vbmUAAAAEbm9uZQAAAAAAAAABAAACFwAAAAdz\nc2gtcnNhAAAAAwEAAQAAAgEAxvpxakxqbSijKSGCuKAEtytleXX1uMEx4c7QbrGN\nar40I56So/TtQkPrgH/8eISGQVCTQqabTdi3bI8FrKgdn6b2Z5MxC+J44hdEXaiJ\nmxLeTkr8iuuAXrrHXzKVrCk+1RmxlPnm4YzaD8oDBptTq6ebdQiayQ9c2+pcKYSf\nY79iuheSV5YlnVFSFx5oBBluxmo+7kdvxpxjOO2YDCBbobK4HkE8H+R+JLAgkKyM\nGkJmi+xXw++bVrDENxS8+Vf/nCo3xAUMbji/m1EDA+g0x/0cihlFviBJ4PNmJcKF\nfGBhvoMldjmgpTzPFFVhNAP7/SEUq8hIHd7jxni/fmY4EfXFS8W9RyJ9TJHB4I4X\n+jXcQqxuydWcz1dAjSP6rTsXT2VdLxhba4BscuyWkRWQF4SEFMhkCwW9YfZtG31O\nonXxe/ALLe3EwC91rigdsHFBNA/ZJ3sWdTIuEQMns1lKnST06xKYFf3ddIpf4cI6\ntXOyH0iWCkWwSurSubJaigiRPu3YReI0Fqmk0LUBc5MJCakKnZ2HyTyv4mfaLgDR\npUQw3Guh1vHu1sL1cP2p+fpkvhvG7NDbhqDffRYdEiD79ncVH+/7PSBYGri+D0n0\nrK19g5WrRRtqLChf2JXhxlpcxtkunvQ4ldT/z8RzAswuNLP8d/vI17mmvovk9SoC\nhGEAAAc4/33IvP99yLwAAAAHc3NoLXJzYQAAAgEAxvpxakxqbSijKSGCuKAEtytl\neXX1uMEx4c7QbrGNar40I56So/TtQkPrgH/8eISGQVCTQqabTdi3bI8FrKgdn6b2\nZ5MxC+J44hdEXaiJmxLeTkr8iuuAXrrHXzKVrCk+1RmxlPnm4YzaD8oDBptTq6eb\ndQiayQ9c2+pcKYSfY79iuheSV5YlnVFSFx5oBBluxmo+7kdvxpxjOO2YDCBbobK4\nHkE8H+R+JLAgkKyMGkJmi+xXw++bVrDENxS8+Vf/nCo3xAUMbji/m1EDA+g0x/0c\nihlFviBJ4PNmJcKFfGBhvoMldjmgpTzPFFVhNAP7/SEUq8hIHd7jxni/fmY4EfXF\nS8W9RyJ9TJHB4I4X+jXcQqxuydWcz1dAjSP6rTsXT2VdLxhba4BscuyWkRWQF4SE\nFMhkCwW9YfZtG31OonXxe/ALLe3EwC91rigdsHFBNA/ZJ3sWdTIuEQMns1lKnST0\n6xKYFf3ddIpf4cI6tXOyH0iWCkWwSurSubJaigiRPu3YReI0Fqmk0LUBc5MJCakK\nnZ2HyTyv4mfaLgDRpUQw3Guh1vHu1sL1cP2p+fpkvhvG7NDbhqDffRYdEiD79ncV\nH+/7PSBYGri+D0n0rK19g5WrRRtqLChf2JXhxlpcxtkunvQ4ldT/z8RzAswuNLP8\nd/vI17mmvovk9SoChGEAAAADAQABAAACAAc0qpwe3aZ2V5z1tGDbP/siJy/u2vyF\n1+NFihF4J0GRAcezG7xe8k35XQiaRJpYskP17F9NiUeYbDa84d0OztkpQrhy1s6H\nX7lQU7l7O6snU8WiEY3hBBUUzoOJYWzf/Cvbclg4Hz8BICR85v8mQNwb2xVclRO9\nlVn2yBT40zeEMXRrxhubObbTaxWglEO8aAvnbRVT9khLAYzeOH4NQ0Q9JKMehFQ4\nrMNyCBE1LnME/zxcoruwbFUHXGkM5zW1v3FNq2yogiVmXgn8imS/KVTUuw6FO8as\nL1YQz8eDnoc9Nkz1PYtlKtwmXO7E6MWUH1wGBqmckdVYbQc9otxWTKbJgZJLUfpv\nJVjNscfQNoqWtoXlNRIjc32hzOAOz1mDCa7wxonbDzMsqqJuN1XWO6KfesEWWl24\nJbReXi+Z2mGrnio7n3EsyWgpK01gY1Y7MI/TcpDUUs1wBFWs0tOWBDUnqquWcfVy\nq76xOLvAEl9vreE/Lg0SdKE3wtizk8bvxAWoUBRdDd6POuLkpHd+vQSMcyyGDed3\neyeibyTdirb/db/bIYRtUoqxt7GW++mZMKyMSsofktjLPjwu3u/8WxCSae5BEPHk\n7GXmYmIG/rnJoVgWyW9a9hzeNni/S+w+OEBuDkz1GboSIIOsNejA4Pq1RlqthhEG\n2FgRl3miD+bBAAABAQDKgf0UNPj4XlO4budG/p/TweUYAWnb7ceFfTdLpECcJnsE\n4pcADS8HdL6qCuD3JQYVbLeAmK+DmQraMOqaSQbi1iboYUOQe4E9mee+V0Y4JilQ\n3BkdYUQDRQmOnOz0xLcqif6UL7u74iZljEVAdvY1ShaYMSO7n5XNLEC4zj/C01En\nuPIGTTJBjs/0QZ3BAArEA/fT8kF+g2jkiwlrdxuQy5NBowvivDGGhY+GDoDXUFq6\nZwTDJgzSi7KqpmLoRftk+hfbczAr122qfjV26LoxDnsFocTo1HthsecryCXUWhX3\ntggvFzlRpqfWSAHQRxNOqVhn7QVqeqvtfoCHlfdUAAABAQDgv1x3BzCN/JxBfAKH\npSIjBBsq5YYYEp1oVAAubGcaIxRIh5dTli6t2uqqUcaqXW/G+p18EJM4nx2Jq9br\n/VBVhohv+FeQBfXT9CU7jKNqtnZb8REcCkH42Q7YDs/KnNKAF4vloHrbXtjkcgMJ\nVAe0VuLZy/dg63WzXalTSFfDg/WCvdxFlC4MAKn+Ioq670rUhvYGggVi0Ef9FLxf\ng8fevGB+bCEuSOnOYD8LBktmg1oa7o4pMa9msRcyTQJvA7+BxudeIS5lAFm9pHCF\nAOZJSBvAzaZag/q4DJQwDPHZ4SIChd4msWsXM8zRmsGn278viVNQx+ysOZcdw9sG\nClhrAAABAQDipb2X4uophijLZFaegA+Yw89fj/NuscXI+QGhoO+UPadJsMdYN1Vu\nIXMrWsobEzXJU1QWKi8LdFwluEhNgiCUpGxncYdiW074LyOQcdjVfFJEnpC9AIEo\ndS99mI6cy6bYqKuRVKtRifdx7Z8RHxv65lqqHngWon69DzB4MCChELqRmnvBM6dY\nvTwM8bwzqKLFTJw9TfFK68eMjpSBIjqlFjY4/65pJxMKL5bDvFsv0vcG9QReWrMw\nyzlUhNKl2OfXaJyiC8mj8ML7W3IJVFZ1/f5A2qgPH3O0bGdxaJVHC5wareStveh0\nvrrRBSqMjHaRkRAdZ3l63pn9bGdZl7ljAAAAAAEC\n-----END OPENSSH PRIVATE KEY-----\n",
            "content_base64": null,
            "content_base64sha256": "U2WKa3muHt7JWqQpqJYoWItyNDwyhySTX2tdXQ9DkOA=",
            "content_base64sha512": "0aa2pfde/j6/bzFF3rE+quWd+z3CqpyMEUNM61gaxThUkSa8o0OmjgzegKjK5xZsIv1VEQEpFnxg2S4UAfAHUQ==",
            "content_md5": "9daaa0f9832bfbc156c7d4a776e0475a",
            "content_sha1": "ac5ad5f74eb82925bd398c216f5c18b35dcfd8b4",
            "content_sha256": "53658a6b79ae1edec95aa429a89628588b72343c328724935f6b5d5d0f4390e0",
            "content_sha512": "d1a6b6a5f75efe3ebf6f3145deb13eaae59dfb3dc2aa9c8c11434ceb581ac538549126bca343a68e0cde80a8cae7166c22fd55110129167c60d92e1401f00751",
            "directory_permission": "0700",
            "file_permission": "0600",
            "filename": "./acme-commerce-key.pem",
            "id": "ac5ad5f74eb82925bd398c216f5c18b35dcfd8b4",
            "source": null
          },
          "sensitive_attributes": [
            [
              {
                "type": "get_attr",
                "value": "content"
              }
            ],
            [
              {
                "type": "get_attr",
                "value": "content_base64"
              }
            ]
          ],
          "identity_schema_version": 0,
          "dependencies": [
            "tls_private_key.ec2_key"
          ]
        }
      ]
    },
    {
      "mode": "managed",
      "type": "tls_private_key",
      "name": "ec2_key",
      "provider": "provider[\"registry.terraform.io/hashicorp/tls\"]",
      "instances": [
        {
          "schema_version": 1,
          "attributes": {
            "algorithm": "RSA",
            "ecdsa_curve": "P224",
            "id": "91c1c132e5c139902ff524780e1ad04a1e773b56",
            "private_key_openssh": "-----BEGIN OPENSSH PRIVATE KEY-----\nb3BlbnNzaC1rZXktdjEAAAAABG5vbmUAAAAEbm9uZQAAAAAAAAABAAACFwAAAAdz\nc2gtcnNhAAAAAwEAAQAAAgEAxvpxakxqbSijKSGCuKAEtytleXX1uMEx4c7QbrGN\nar40I56So/TtQkPrgH/8eISGQVCTQqabTdi3bI8FrKgdn6b2Z5MxC+J44hdEXaiJ\nmxLeTkr8iuuAXrrHXzKVrCk+1RmxlPnm4YzaD8oDBptTq6ebdQiayQ9c2+pcKYSf\nY79iuheSV5YlnVFSFx5oBBluxmo+7kdvxpxjOO2YDCBbobK4HkE8H+R+JLAgkKyM\nGkJmi+xXw++bVrDENxS8+Vf/nCo3xAUMbji/m1EDA+g0x/0cihlFviBJ4PNmJcKF\nfGBhvoMldjmgpTzPFFVhNAP7/SEUq8hIHd7jxni/fmY4EfXFS8W9RyJ9TJHB4I4X\n+jXcQqxuydWcz1dAjSP6rTsXT2VdLxhba4BscuyWkRWQF4SEFMhkCwW9YfZtG31O\nonXxe/ALLe3EwC91rigdsHFBNA/ZJ3sWdTIuEQMns1lKnST06xKYFf3ddIpf4cI6\ntXOyH0iWCkWwSurSubJaigiRPu3YReI0Fqmk0LUBc5MJCakKnZ2HyTyv4mfaLgDR\npUQw3Guh1vHu1sL1cP2p+fpkvhvG7NDbhqDffRYdEiD79ncVH+/7PSBYGri+D0n0\nrK19g5WrRRtqLChf2JXhxlpcxtkunvQ4ldT/z8RzAswuNLP8d/vI17mmvovk9SoC\nhGEAAAc4/33IvP99yLwAAAAHc3NoLXJzYQAAAgEAxvpxakxqbSijKSGCuKAEtytl\neXX1uMEx4c7QbrGNar40I56So/TtQkPrgH/8eISGQVCTQqabTdi3bI8FrKgdn6b2\nZ5MxC+J44hdEXaiJmxLeTkr8iuuAXrrHXzKVrCk+1RmxlPnm4YzaD8oDBptTq6eb\ndQiayQ9c2+pcKYSfY79iuheSV5YlnVFSFx5oBBluxmo+7kdvxpxjOO2YDCBbobK4\nHkE8H+R+JLAgkKyMGkJmi+xXw++bVrDENxS8+Vf/nCo3xAUMbji/m1EDA+g0x/0c\nihlFviBJ4PNmJcKFfGBhvoMldjmgpTzPFFVhNAP7/SEUq8hIHd7jxni/fmY4EfXF\nS8W9RyJ9TJHB4I4X+jXcQqxuydWcz1dAjSP6rTsXT2VdLxhba4BscuyWkRWQF4SE\nFMhkCwW9YfZtG31OonXxe/ALLe3EwC91rigdsHFBNA/ZJ3sWdTIuEQMns1lKnST0\n6xKYFf3ddIpf4cI6tXOyH0iWCkWwSurSubJaigiRPu3YReI0Fqmk0LUBc5MJCakK\nnZ2HyTyv4mfaLgDRpUQw3Guh1vHu1sL1cP2p+fpkvhvG7NDbhqDffRYdEiD79ncV\nH+/7PSBYGri+D0n0rK19g5WrRRtqLChf2JXhxlpcxtkunvQ4ldT/z8RzAswuNLP8\nd/vI17mmvovk9SoChGEAAAADAQABAAACAAc0qpwe3aZ2V5z1tGDbP/siJy/u2vyF\n1+NFihF4J0GRAcezG7xe8k35XQiaRJpYskP17F9NiUeYbDa84d0OztkpQrhy1s6H\nX7lQU7l7O6snU8WiEY3hBBUUzoOJYWzf/Cvbclg4Hz8BICR85v8mQNwb2xVclRO9\nlVn2yBT40zeEMXRrxhubObbTaxWglEO8aAvnbRVT9khLAYzeOH4NQ0Q9JKMehFQ4\nrMNyCBE1LnME/zxcoruwbFUHXGkM5zW1v3FNq2yogiVmXgn8imS/KVTUuw6FO8as\nL1YQz8eDnoc9Nkz1PYtlKtwmXO7E6MWUH1wGBqmckdVYbQc9otxWTKbJgZJLUfpv\nJVjNscfQNoqWtoXlNRIjc32hzOAOz1mDCa7wxonbDzMsqqJuN1XWO6KfesEWWl24\nJbReXi+Z2mGrnio7n3EsyWgpK01gY1Y7MI/TcpDUUs1wBFWs0tOWBDUnqquWcfVy\nq76xOLvAEl9vreE/Lg0SdKE3wtizk8bvxAWoUBRdDd6POuLkpHd+vQSMcyyGDed3\neyeibyTdirb/db/bIYRtUoqxt7GW++mZMKyMSsofktjLPjwu3u/8WxCSae5BEPHk\n7GXmYmIG/rnJoVgWyW9a9hzeNni/S+w+OEBuDkz1GboSIIOsNejA4Pq1RlqthhEG\n2FgRl3miD+bBAAABAQDKgf0UNPj4XlO4budG/p/TweUYAWnb7ceFfTdLpECcJnsE\n4pcADS8HdL6qCuD3JQYVbLeAmK+DmQraMOqaSQbi1iboYUOQe4E9mee+V0Y4JilQ\n3BkdYUQDRQmOnOz0xLcqif6UL7u74iZljEVAdvY1ShaYMSO7n5XNLEC4zj/C01En\nuPIGTTJBjs/0QZ3BAArEA/fT8kF+g2jkiwlrdxuQy5NBowvivDGGhY+GDoDXUFq6\nZwTDJgzSi7KqpmLoRftk+hfbczAr122qfjV26LoxDnsFocTo1HthsecryCXUWhX3\ntggvFzlRpqfWSAHQRxNOqVhn7QVqeqvtfoCHlfdUAAABAQDgv1x3BzCN/JxBfAKH\npSIjBBsq5YYYEp1oVAAubGcaIxRIh5dTli6t2uqqUcaqXW/G+p18EJM4nx2Jq9br\n/VBVhohv+FeQBfXT9CU7jKNqtnZb8REcCkH42Q7YDs/KnNKAF4vloHrbXtjkcgMJ\nVAe0VuLZy/dg63WzXalTSFfDg/WCvdxFlC4MAKn+Ioq670rUhvYGggVi0Ef9FLxf\ng8fevGB+bCEuSOnOYD8LBktmg1oa7o4pMa9msRcyTQJvA7+BxudeIS5lAFm9pHCF\nAOZJSBvAzaZag/q4DJQwDPHZ4SIChd4msWsXM8zRmsGn278viVNQx+ysOZcdw9sG\nClhrAAABAQDipb2X4uophijLZFaegA+Yw89fj/NuscXI+QGhoO+UPadJsMdYN1Vu\nIXMrWsobEzXJU1QWKi8LdFwluEhNgiCUpGxncYdiW074LyOQcdjVfFJEnpC9AIEo\ndS99mI6cy6bYqKuRVKtRifdx7Z8RHxv65lqqHngWon69DzB4MCChELqRmnvBM6dY\nvTwM8bwzqKLFTJw9TfFK68eMjpSBIjqlFjY4/65pJxMKL5bDvFsv0vcG9QReWrMw\nyzlUhNKl2OfXaJyiC8mj8ML7W3IJVFZ1/f5A2qgPH3O0bGdxaJVHC5wareStveh0\nvrrRBSqMjHaRkRAdZ3l63pn9bGdZl7ljAAAAAAEC\n-----END OPENSSH PRIVATE KEY-----\n",
            "private_key_pem": "-----BEGIN RSA PRIVATE KEY-----\nMIIJKQIBAAKCAgEAxvpxakxqbSijKSGCuKAEtytleXX1uMEx4c7QbrGNar40I56S\no/TtQkPrgH/8eISGQVCTQqabTdi3bI8FrKgdn6b2Z5MxC+J44hdEXaiJmxLeTkr8\niuuAXrrHXzKVrCk+1RmxlPnm4YzaD8oDBptTq6ebdQiayQ9c2+pcKYSfY79iuheS\nV5YlnVFSFx5oBBluxmo+7kdvxpxjOO2YDCBbobK4HkE8H+R+JLAgkKyMGkJmi+xX\nw++bVrDENxS8+Vf/nCo3xAUMbji/m1EDA+g0x/0cihlFviBJ4PNmJcKFfGBhvoMl\ndjmgpTzPFFVhNAP7/SEUq8hIHd7jxni/fmY4EfXFS8W9RyJ9TJHB4I4X+jXcQqxu\nydWcz1dAjSP6rTsXT2VdLxhba4BscuyWkRWQF4SEFMhkCwW9YfZtG31OonXxe/AL\nLe3EwC91rigdsHFBNA/ZJ3sWdTIuEQMns1lKnST06xKYFf3ddIpf4cI6tXOyH0iW\nCkWwSurSubJaigiRPu3YReI0Fqmk0LUBc5MJCakKnZ2HyTyv4mfaLgDRpUQw3Guh\n1vHu1sL1cP2p+fpkvhvG7NDbhqDffRYdEiD79ncVH+/7PSBYGri+D0n0rK19g5Wr\nRRtqLChf2JXhxlpcxtkunvQ4ldT/z8RzAswuNLP8d/vI17mmvovk9SoChGECAwEA\nAQKCAgAHNKqcHt2mdlec9bRg2z/7Iicv7tr8hdfjRYoReCdBkQHHsxu8XvJN+V0I\nmkSaWLJD9exfTYlHmGw2vOHdDs7ZKUK4ctbOh1+5UFO5ezurJ1PFohGN4QQVFM6D\niWFs3/wr23JYOB8/ASAkfOb/JkDcG9sVXJUTvZVZ9sgU+NM3hDF0a8Ybmzm202sV\noJRDvGgL520VU/ZISwGM3jh+DUNEPSSjHoRUOKzDcggRNS5zBP88XKK7sGxVB1xp\nDOc1tb9xTatsqIIlZl4J/IpkvylU1LsOhTvGrC9WEM/Hg56HPTZM9T2LZSrcJlzu\nxOjFlB9cBgapnJHVWG0HPaLcVkymyYGSS1H6byVYzbHH0DaKlraF5TUSI3N9oczg\nDs9Zgwmu8MaJ2w8zLKqibjdV1juin3rBFlpduCW0Xl4vmdphq54qO59xLMloKStN\nYGNWOzCP03KQ1FLNcARVrNLTlgQ1J6qrlnH1cqu+sTi7wBJfb63hPy4NEnShN8LY\ns5PG78QFqFAUXQ3ejzri5KR3fr0EjHMshg3nd3snom8k3Yq2/3W/2yGEbVKKsbex\nlvvpmTCsjErKH5LYyz48Lt7v/FsQkmnuQRDx5Oxl5mJiBv65yaFYFslvWvYc3jZ4\nv0vsPjhAbg5M9Rm6EiCDrDXowOD6tUZarYYRBthYEZd5og/mwQKCAQEA4L9cdwcw\njfycQXwCh6UiIwQbKuWGGBKdaFQALmxnGiMUSIeXU5YurdrqqlHGql1vxvqdfBCT\nOJ8diavW6/1QVYaIb/hXkAX10/QlO4yjarZ2W/ERHApB+NkO2A7PypzSgBeL5aB6\n217Y5HIDCVQHtFbi2cv3YOt1s12pU0hXw4P1gr3cRZQuDACp/iKKuu9K1Ib2BoIF\nYtBH/RS8X4PH3rxgfmwhLkjpzmA/CwZLZoNaGu6OKTGvZrEXMk0CbwO/gcbnXiEu\nZQBZvaRwhQDmSUgbwM2mWoP6uAyUMAzx2eEiAoXeJrFrFzPM0ZrBp9u/L4lTUMfs\nrDmXHcPbBgpYawKCAQEA4qW9l+LqKYYoy2RWnoAPmMPPX4/zbrHFyPkBoaDvlD2n\nSbDHWDdVbiFzK1rKGxM1yVNUFiovC3RcJbhITYIglKRsZ3GHYltO+C8jkHHY1XxS\nRJ6QvQCBKHUvfZiOnMum2KirkVSrUYn3ce2fER8b+uZaqh54FqJ+vQ8weDAgoRC6\nkZp7wTOnWL08DPG8M6iixUycPU3xSuvHjI6UgSI6pRY2OP+uaScTCi+Ww7xbL9L3\nBvUEXlqzMMs5VITSpdjn12icogvJo/DC+1tyCVRWdf3+QNqoDx9ztGxncWiVRwuc\nGq3krb3odL660QUqjIx2kZEQHWd5et6Z/WxnWZe5YwKCAQEApKpwQ+FnqNBJaA1F\nCT9rOH6crRxH2EFjRPouu9S+4b6L8OwvapWhk83Om4WY6l/VMtOSKUE3rIegK6tU\np8kMX+1W77rj5OkJCQdbdDsBzIDtTUXdxE6bsYjPQGvxwMCP1jvqSw7+lNX0UcRb\nBy2jC3WRdgPkNwWtUgKwug1KCD0Z13Xl+rCr4C1oX4PNY1NJ31cW0QPYkGKMLBhS\nQCUcfsxEYrw0v2W6sHOCHUC6Y9yfWxYn4HS/z5y2oysbOl1jpeEmyafEB0pvdewS\naNCU6WJEu0mxtaX3P3wv4tjJJlq2AWU1s+HP1cslKPmbI7J0bI7QFWK1vCXh23QR\neGaCCwKCAQBvbUSU076Dw61ysVXUfuksFbhyJvdrSIMQlzsyF0kx/E2ucPbQbAPY\nLSHOAsiyHvOmkw0YCI0weHiFIuCJGpyh92RERxBkTre4VJSLgy0zZ/eaPMqz4Pee\nyF4cxU/3zjes9N/Eh3fiko3QuR4m8MB0zaNtV6V6m1Dr6ffOXvrrtKnEw8pr5dU0\nT3SieIYqb5H2pf96NEOYrephNAfWpNloKE9oHmvEzq0RqOvaN1QtYu6HwRXwvW6z\nYnZBEzvsxYLV6Fx5Xoo3yzpREVgzNf976u+BOv680J216kXA/8XEM/T/ONbghCkw\nnESEVqHgj34LeuINUr3qpl3WteDpryo5AoIBAQDKgf0UNPj4XlO4budG/p/TweUY\nAWnb7ceFfTdLpECcJnsE4pcADS8HdL6qCuD3JQYVbLeAmK+DmQraMOqaSQbi1ibo\nYUOQe4E9mee+V0Y4JilQ3BkdYUQDRQmOnOz0xLcqif6UL7u74iZljEVAdvY1ShaY\nMSO7n5XNLEC4zj/C01EnuPIGTTJBjs/0QZ3BAArEA/fT8kF+g2jkiwlrdxuQy5NB\nowvivDGGhY+GDoDXUFq6ZwTDJgzSi7KqpmLoRftk+hfbczAr122qfjV26LoxDnsF\nocTo1HthsecryCXUWhX3tggvFzlRpqfWSAHQRxNOqVhn7QVqeqvtfoCHlfdU\n-----END RSA PRIVATE KEY-----\n",
            "private_key_pem_pkcs8": "-----BEGIN PRIVATE KEY-----\nMIIJQwIBADANBgkqhkiG9w0BAQEFAASCCS0wggkpAgEAAoICAQDG+nFqTGptKKMp\nIYK4oAS3K2V5dfW4wTHhztBusY1qvjQjnpKj9O1CQ+uAf/x4hIZBUJNCpptN2Lds\njwWsqB2fpvZnkzEL4njiF0RdqImbEt5OSvyK64BeusdfMpWsKT7VGbGU+ebhjNoP\nygMGm1Orp5t1CJrJD1zb6lwphJ9jv2K6F5JXliWdUVIXHmgEGW7Gaj7uR2/GnGM4\n7ZgMIFuhsrgeQTwf5H4ksCCQrIwaQmaL7FfD75tWsMQ3FLz5V/+cKjfEBQxuOL+b\nUQMD6DTH/RyKGUW+IEng82YlwoV8YGG+gyV2OaClPM8UVWE0A/v9IRSryEgd3uPG\neL9+ZjgR9cVLxb1HIn1MkcHgjhf6NdxCrG7J1ZzPV0CNI/qtOxdPZV0vGFtrgGxy\n7JaRFZAXhIQUyGQLBb1h9m0bfU6idfF78Ast7cTAL3WuKB2wcUE0D9knexZ1Mi4R\nAyezWUqdJPTrEpgV/d10il/hwjq1c7IfSJYKRbBK6tK5slqKCJE+7dhF4jQWqaTQ\ntQFzkwkJqQqdnYfJPK/iZ9ouANGlRDDca6HW8e7WwvVw/an5+mS+G8bs0NuGoN99\nFh0SIPv2dxUf7/s9IFgauL4PSfSsrX2DlatFG2osKF/YleHGWlzG2S6e9DiV1P/P\nxHMCzC40s/x3+8jXuaa+i+T1KgKEYQIDAQABAoICAAc0qpwe3aZ2V5z1tGDbP/si\nJy/u2vyF1+NFihF4J0GRAcezG7xe8k35XQiaRJpYskP17F9NiUeYbDa84d0Oztkp\nQrhy1s6HX7lQU7l7O6snU8WiEY3hBBUUzoOJYWzf/Cvbclg4Hz8BICR85v8mQNwb\n2xVclRO9lVn2yBT40zeEMXRrxhubObbTaxWglEO8aAvnbRVT9khLAYzeOH4NQ0Q9\nJKMehFQ4rMNyCBE1LnME/zxcoruwbFUHXGkM5zW1v3FNq2yogiVmXgn8imS/KVTU\nuw6FO8asL1YQz8eDnoc9Nkz1PYtlKtwmXO7E6MWUH1wGBqmckdVYbQc9otxWTKbJ\ngZJLUfpvJVjNscfQNoqWtoXlNRIjc32hzOAOz1mDCa7wxonbDzMsqqJuN1XWO6Kf\nesEWWl24JbReXi+Z2mGrnio7n3EsyWgpK01gY1Y7MI/TcpDUUs1wBFWs0tOWBDUn\nqquWcfVyq76xOLvAEl9vreE/Lg0SdKE3wtizk8bvxAWoUBRdDd6POuLkpHd+vQSM\ncyyGDed3eyeibyTdirb/db/bIYRtUoqxt7GW++mZMKyMSsofktjLPjwu3u/8WxCS\nae5BEPHk7GXmYmIG/rnJoVgWyW9a9hzeNni/S+w+OEBuDkz1GboSIIOsNejA4Pq1\nRlqthhEG2FgRl3miD+bBAoIBAQDgv1x3BzCN/JxBfAKHpSIjBBsq5YYYEp1oVAAu\nbGcaIxRIh5dTli6t2uqqUcaqXW/G+p18EJM4nx2Jq9br/VBVhohv+FeQBfXT9CU7\njKNqtnZb8REcCkH42Q7YDs/KnNKAF4vloHrbXtjkcgMJVAe0VuLZy/dg63WzXalT\nSFfDg/WCvdxFlC4MAKn+Ioq670rUhvYGggVi0Ef9FLxfg8fevGB+bCEuSOnOYD8L\nBktmg1oa7o4pMa9msRcyTQJvA7+BxudeIS5lAFm9pHCFAOZJSBvAzaZag/q4DJQw\nDPHZ4SIChd4msWsXM8zRmsGn278viVNQx+ysOZcdw9sGClhrAoIBAQDipb2X4uop\nhijLZFaegA+Yw89fj/NuscXI+QGhoO+UPadJsMdYN1VuIXMrWsobEzXJU1QWKi8L\ndFwluEhNgiCUpGxncYdiW074LyOQcdjVfFJEnpC9AIEodS99mI6cy6bYqKuRVKtR\nifdx7Z8RHxv65lqqHngWon69DzB4MCChELqRmnvBM6dYvTwM8bwzqKLFTJw9TfFK\n68eMjpSBIjqlFjY4/65pJxMKL5bDvFsv0vcG9QReWrMwyzlUhNKl2OfXaJyiC8mj\n8ML7W3IJVFZ1/f5A2qgPH3O0bGdxaJVHC5wareStveh0vrrRBSqMjHaRkRAdZ3l6\n3pn9bGdZl7ljAoIBAQCkqnBD4Weo0EloDUUJP2s4fpytHEfYQWNE+i671L7hvovw\n7C9qlaGTzc6bhZjqX9Uy05IpQTesh6Arq1SnyQxf7VbvuuPk6QkJB1t0OwHMgO1N\nRd3ETpuxiM9Aa/HAwI/WO+pLDv6U1fRRxFsHLaMLdZF2A+Q3Ba1SArC6DUoIPRnX\ndeX6sKvgLWhfg81jU0nfVxbRA9iQYowsGFJAJRx+zERivDS/Zbqwc4IdQLpj3J9b\nFifgdL/PnLajKxs6XWOl4SbJp8QHSm917BJo0JTpYkS7SbG1pfc/fC/i2MkmWrYB\nZTWz4c/VyyUo+ZsjsnRsjtAVYrW8JeHbdBF4ZoILAoIBAG9tRJTTvoPDrXKxVdR+\n6SwVuHIm92tIgxCXOzIXSTH8Ta5w9tBsA9gtIc4CyLIe86aTDRgIjTB4eIUi4Ika\nnKH3ZERHEGROt7hUlIuDLTNn95o8yrPg957IXhzFT/fON6z038SHd+KSjdC5Hibw\nwHTNo21XpXqbUOvp985e+uu0qcTDymvl1TRPdKJ4hipvkfal/3o0Q5it6mE0B9ak\n2WgoT2gea8TOrRGo69o3VC1i7ofBFfC9brNidkETO+zFgtXoXHleijfLOlERWDM1\n/3vq74E6/rzQnbXqRcD/xcQz9P841uCEKTCcRIRWoeCPfgt64g1SveqmXda14Omv\nKjkCggEBAMqB/RQ0+PheU7hu50b+n9PB5RgBadvtx4V9N0ukQJwmewTilwANLwd0\nvqoK4PclBhVst4CYr4OZCtow6ppJBuLWJuhhQ5B7gT2Z575XRjgmKVDcGR1hRANF\nCY6c7PTEtyqJ/pQvu7viJmWMRUB29jVKFpgxI7uflc0sQLjOP8LTUSe48gZNMkGO\nz/RBncEACsQD99PyQX6DaOSLCWt3G5DLk0GjC+K8MYaFj4YOgNdQWrpnBMMmDNKL\nsqqmYuhF+2T6F9tzMCvXbap+NXboujEOewWhxOjUe2Gx5yvIJdRaFfe2CC8XOVGm\np9ZIAdBHE06pWGftBWp6q+1+gIeV91Q=\n-----END PRIVATE KEY-----\n",
            "public_key_fingerprint_md5": "66:48:99:bd:30:ab:fb:10:6b:87:08:6f:0b:89:0a:d2",
            "public_key_fingerprint_sha256": "SHA256:Jt3YtWHSC6K4HD1t/k5/cPRhwQXh0UBxCUCe9otMwgE",
            "public_key_openssh": "ssh-rsa AAAAB3NzaC1yc2EAAAADAQABAAACAQDG+nFqTGptKKMpIYK4oAS3K2V5dfW4wTHhztBusY1qvjQjnpKj9O1CQ+uAf/x4hIZBUJNCpptN2LdsjwWsqB2fpvZnkzEL4njiF0RdqImbEt5OSvyK64BeusdfMpWsKT7VGbGU+ebhjNoPygMGm1Orp5t1CJrJD1zb6lwphJ9jv2K6F5JXliWdUVIXHmgEGW7Gaj7uR2/GnGM47ZgMIFuhsrgeQTwf5H4ksCCQrIwaQmaL7FfD75tWsMQ3FLz5V/+cKjfEBQxuOL+bUQMD6DTH/RyKGUW+IEng82YlwoV8YGG+gyV2OaClPM8UVWE0A/v9IRSryEgd3uPGeL9+ZjgR9cVLxb1HIn1MkcHgjhf6NdxCrG7J1ZzPV0CNI/qtOxdPZV0vGFtrgGxy7JaRFZAXhIQUyGQLBb1h9m0bfU6idfF78Ast7cTAL3WuKB2wcUE0D9knexZ1Mi4RAyezWUqdJPTrEpgV/d10il/hwjq1c7IfSJYKRbBK6tK5slqKCJE+7dhF4jQWqaTQtQFzkwkJqQqdnYfJPK/iZ9ouANGlRDDca6HW8e7WwvVw/an5+mS+G8bs0NuGoN99Fh0SIPv2dxUf7/s9IFgauL4PSfSsrX2DlatFG2osKF/YleHGWlzG2S6e9DiV1P/PxHMCzC40s/x3+8jXuaa+i+T1KgKEYQ==\n",
            "public_key_pem": "-----BEGIN PUBLIC KEY-----\nMIICIjANBgkqhkiG9w0BAQEFAAOCAg8AMIICCgKCAgEAxvpxakxqbSijKSGCuKAE\ntytleXX1uMEx4c7QbrGNar40I56So/TtQkPrgH/8eISGQVCTQqabTdi3bI8FrKgd\nn6b2Z5MxC+J44hdEXaiJmxLeTkr8iuuAXrrHXzKVrCk+1RmxlPnm4YzaD8oDBptT\nq6ebdQiayQ9c2+pcKYSfY79iuheSV5YlnVFSFx5oBBluxmo+7kdvxpxjOO2YDCBb\nobK4HkE8H+R+JLAgkKyMGkJmi+xXw++bVrDENxS8+Vf/nCo3xAUMbji/m1EDA+g0\nx/0cihlFviBJ4PNmJcKFfGBhvoMldjmgpTzPFFVhNAP7/SEUq8hIHd7jxni/fmY4\nEfXFS8W9RyJ9TJHB4I4X+jXcQqxuydWcz1dAjSP6rTsXT2VdLxhba4BscuyWkRWQ\nF4SEFMhkCwW9YfZtG31OonXxe/ALLe3EwC91rigdsHFBNA/ZJ3sWdTIuEQMns1lK\nnST06xKYFf3ddIpf4cI6tXOyH0iWCkWwSurSubJaigiRPu3YReI0Fqmk0LUBc5MJ\nCakKnZ2HyTyv4mfaLgDRpUQw3Guh1vHu1sL1cP2p+fpkvhvG7NDbhqDffRYdEiD7\n9ncVH+/7PSBYGri+D0n0rK19g5WrRRtqLChf2JXhxlpcxtkunvQ4ldT/z8RzAswu\nNLP8d/vI17mmvovk9SoChGECAwEAAQ==\n-----END PUBLIC KEY-----\n",
            "rsa_bits": 4096
          },
          "sensitive_attributes": [
            [
              {
                "type": "get_attr",
                "value": "private_key_openssh"
              }
            ],
            [
              {
                "type": "get_attr",
                "value": "private_key_pem"
              }
            ],
            [
              {
                "type": "get_attr",
                "value": "private_key_pem_pkcs8"
              }
            ]
          ],
          "identity_schema_version": 0
        }
      ]
    }
  ],
  "check_results": null
}
